{
  "version": 4,
  "terraform_version": "0.12.28",
  "serial": 84,
  "lineage": "6ca53314-7066-e757-4fb0-dac8643d5a64",
  "outputs": {
    "twilreapi_db": {
      "value": {
        "enhanced_monitoring_iam_role_arn": "",
        "enhanced_monitoring_iam_role_name": "",
        "this_db_instance_address": "somleng-twilreapi.clrslmbm6627.ap-southeast-1.rds.amazonaws.com",
        "this_db_instance_arn": "arn:aws:rds:ap-southeast-1:324279636507:db:somleng-twilreapi",
        "this_db_instance_availability_zone": "ap-southeast-1b",
        "this_db_instance_ca_cert_identifier": "rds-ca-2019",
        "this_db_instance_endpoint": "somleng-twilreapi.clrslmbm6627.ap-southeast-1.rds.amazonaws.com:5432",
        "this_db_instance_hosted_zone_id": "Z2G0U3KFCY8NZ5",
        "this_db_instance_id": "somleng-twilreapi",
        "this_db_instance_name": "somleng_twilreapi",
        "this_db_instance_password": "TZiBpkYAgnQghZWcUaUhj7wJxMTxA8uk",
        "this_db_instance_port": 5432,
        "this_db_instance_resource_id": "db-4VJCPZPDFWNZAMUOXZLNEJ2PQ4",
        "this_db_instance_status": "available",
        "this_db_instance_username": "somleng",
        "this_db_option_group_arn": "arn:aws:rds:ap-southeast-1:324279636507:og:somleng-twilreapi-20200308055348111200000001",
        "this_db_option_group_id": "somleng-twilreapi-20200308055348111200000001",
        "this_db_parameter_group_arn": "",
        "this_db_parameter_group_id": "",
        "this_db_subnet_group_arn": "",
        "this_db_subnet_group_id": ""
      },
      "type": [
        "object",
        {
          "enhanced_monitoring_iam_role_arn": "string",
          "enhanced_monitoring_iam_role_name": "string",
          "this_db_instance_address": "string",
          "this_db_instance_arn": "string",
          "this_db_instance_availability_zone": "string",
          "this_db_instance_ca_cert_identifier": "string",
          "this_db_instance_endpoint": "string",
          "this_db_instance_hosted_zone_id": "string",
          "this_db_instance_id": "string",
          "this_db_instance_name": "string",
          "this_db_instance_password": "string",
          "this_db_instance_port": "number",
          "this_db_instance_resource_id": "string",
          "this_db_instance_status": "string",
          "this_db_instance_username": "string",
          "this_db_option_group_arn": "string",
          "this_db_option_group_id": "string",
          "this_db_parameter_group_arn": "string",
          "this_db_parameter_group_id": "string",
          "this_db_subnet_group_arn": "string",
          "this_db_subnet_group_id": "string"
        }
      ]
    },
    "twilreapi_db_security_group": {
      "value": {
        "arn": "arn:aws:ec2:ap-southeast-1:324279636507:security-group/sg-002ca538120a72513",
        "description": "Managed by Terraform",
        "egress": [],
        "id": "sg-002ca538120a72513",
        "ingress": [
          {
            "cidr_blocks": [],
            "description": "",
            "from_port": 5432,
            "ipv6_cidr_blocks": [],
            "prefix_list_ids": [],
            "protocol": "tcp",
            "security_groups": [],
            "self": true,
            "to_port": 5432
          }
        ],
        "name": "somleng-twilreapi-rds",
        "name_prefix": null,
        "owner_id": "324279636507",
        "revoke_rules_on_delete": false,
        "tags": {
          "Name": "Twilreapi RDS Security Group"
        },
        "timeouts": {
          "create": null,
          "delete": null
        },
        "vpc_id": "vpc-0d36f2f60f3773315"
      },
      "type": [
        "object",
        {
          "arn": "string",
          "description": "string",
          "egress": [
            "set",
            [
              "object",
              {
                "cidr_blocks": [
                  "list",
                  "string"
                ],
                "description": "string",
                "from_port": "number",
                "ipv6_cidr_blocks": [
                  "list",
                  "string"
                ],
                "prefix_list_ids": [
                  "list",
                  "string"
                ],
                "protocol": "string",
                "security_groups": [
                  "set",
                  "string"
                ],
                "self": "bool",
                "to_port": "number"
              }
            ]
          ],
          "id": "string",
          "ingress": [
            "set",
            [
              "object",
              {
                "cidr_blocks": [
                  "list",
                  "string"
                ],
                "description": "string",
                "from_port": "number",
                "ipv6_cidr_blocks": [
                  "list",
                  "string"
                ],
                "prefix_list_ids": [
                  "list",
                  "string"
                ],
                "protocol": "string",
                "security_groups": [
                  "set",
                  "string"
                ],
                "self": "bool",
                "to_port": "number"
              }
            ]
          ],
          "name": "string",
          "name_prefix": "string",
          "owner_id": "string",
          "revoke_rules_on_delete": "bool",
          "tags": [
            "map",
            "string"
          ],
          "timeouts": [
            "object",
            {
              "create": "string",
              "delete": "string"
            }
          ],
          "vpc_id": "string"
        }
      ]
    },
    "vpc": {
      "value": {
        "azs": [
          "ap-southeast-1a",
          "ap-southeast-1b",
          "ap-southeast-1c"
        ],
        "cgw_ids": [],
        "database_network_acl_id": "",
        "database_route_table_ids": [
          "rtb-089be931701813674"
        ],
        "database_subnet_arns": [
          "arn:aws:ec2:ap-southeast-1:324279636507:subnet/subnet-0a7bd98004777c021",
          "arn:aws:ec2:ap-southeast-1:324279636507:subnet/subnet-0822a344de70c7f3f",
          "arn:aws:ec2:ap-southeast-1:324279636507:subnet/subnet-0a1992e048261e13f"
        ],
        "database_subnet_group": "somleng",
        "database_subnets": [
          "subnet-0a7bd98004777c021",
          "subnet-0822a344de70c7f3f",
          "subnet-0a1992e048261e13f"
        ],
        "database_subnets_cidr_blocks": [
          "10.0.0.160/28",
          "10.0.0.176/28",
          "10.0.0.192/28"
        ],
        "database_subnets_ipv6_cidr_blocks": [
          "",
          "",
          ""
        ],
        "default_network_acl_id": "acl-05f266ae67550cba9",
        "default_route_table_id": "rtb-0fcd7064b2031af8d",
        "default_security_group_id": "sg-0b4217b76c01095a2",
        "default_vpc_cidr_block": "",
        "default_vpc_default_network_acl_id": "",
        "default_vpc_default_route_table_id": "",
        "default_vpc_default_security_group_id": "",
        "default_vpc_enable_dns_hostnames": "",
        "default_vpc_enable_dns_support": "",
        "default_vpc_id": "",
        "default_vpc_instance_tenancy": "",
        "default_vpc_main_route_table_id": "",
        "egress_only_internet_gateway_id": "",
        "elasticache_network_acl_id": "",
        "elasticache_route_table_ids": [
          "rtb-089be931701813674"
        ],
        "elasticache_subnet_arns": [],
        "elasticache_subnet_group": "",
        "elasticache_subnet_group_name": "",
        "elasticache_subnets": [],
        "elasticache_subnets_cidr_blocks": [],
        "elasticache_subnets_ipv6_cidr_blocks": [],
        "igw_id": "igw-025480cc74288f044",
        "intra_network_acl_id": "",
        "intra_route_table_ids": [
          "rtb-0650e5c507a14d20b"
        ],
        "intra_subnet_arns": [
          "arn:aws:ec2:ap-southeast-1:324279636507:subnet/subnet-0d6f48318bea1cb76",
          "arn:aws:ec2:ap-southeast-1:324279636507:subnet/subnet-0d72b10b9a8a68727",
          "arn:aws:ec2:ap-southeast-1:324279636507:subnet/subnet-03b901f8ca1564d80"
        ],
        "intra_subnets": [
          "subnet-0d6f48318bea1cb76",
          "subnet-0d72b10b9a8a68727",
          "subnet-03b901f8ca1564d80"
        ],
        "intra_subnets_cidr_blocks": [
          "10.0.0.112/28",
          "10.0.0.128/28",
          "10.0.0.144/28"
        ],
        "intra_subnets_ipv6_cidr_blocks": [
          "",
          "",
          ""
        ],
        "name": "somleng",
        "nat_ids": [
          "eipalloc-0fea5c013d8d38651"
        ],
        "nat_public_ips": [
          "13.251.53.19"
        ],
        "natgw_ids": [
          "nat-0abe9c416e6c4bd39"
        ],
        "private_network_acl_id": "",
        "private_route_table_ids": [
          "rtb-089be931701813674"
        ],
        "private_subnet_arns": [
          "arn:aws:ec2:ap-southeast-1:324279636507:subnet/subnet-08e72d4cff61634c9",
          "arn:aws:ec2:ap-southeast-1:324279636507:subnet/subnet-0a678d53a174d6805",
          "arn:aws:ec2:ap-southeast-1:324279636507:subnet/subnet-05a73783c6e44430a"
        ],
        "private_subnets": [
          "subnet-08e72d4cff61634c9",
          "subnet-0a678d53a174d6805",
          "subnet-05a73783c6e44430a"
        ],
        "private_subnets_cidr_blocks": [
          "10.0.0.0/28",
          "10.0.0.16/28",
          "10.0.0.32/28"
        ],
        "private_subnets_ipv6_cidr_blocks": [
          "",
          "",
          ""
        ],
        "public_network_acl_id": "",
        "public_route_table_ids": [
          "rtb-011a8ea38d08fbc0b"
        ],
        "public_subnet_arns": [
          "arn:aws:ec2:ap-southeast-1:324279636507:subnet/subnet-08e834c100fe4e24d",
          "arn:aws:ec2:ap-southeast-1:324279636507:subnet/subnet-0f65055afb3d095d0",
          "arn:aws:ec2:ap-southeast-1:324279636507:subnet/subnet-08ff0796bbc564c04"
        ],
        "public_subnets": [
          "subnet-08e834c100fe4e24d",
          "subnet-0f65055afb3d095d0",
          "subnet-08ff0796bbc564c04"
        ],
        "public_subnets_cidr_blocks": [
          "10.0.0.208/28",
          "10.0.0.224/28",
          "10.0.0.240/28"
        ],
        "public_subnets_ipv6_cidr_blocks": [
          "",
          "",
          ""
        ],
        "redshift_network_acl_id": "",
        "redshift_route_table_ids": [
          "rtb-089be931701813674"
        ],
        "redshift_subnet_arns": [],
        "redshift_subnet_group": "",
        "redshift_subnets": [],
        "redshift_subnets_cidr_blocks": [],
        "redshift_subnets_ipv6_cidr_blocks": [],
        "this_customer_gateway": {},
        "vgw_id": "",
        "vpc_arn": "arn:aws:ec2:ap-southeast-1:324279636507:vpc/vpc-0d36f2f60f3773315",
        "vpc_cidr_block": "10.0.0.0/24",
        "vpc_enable_dns_hostnames": true,
        "vpc_enable_dns_support": true,
        "vpc_endpoint_apigw_dns_entry": [],
        "vpc_endpoint_apigw_id": "",
        "vpc_endpoint_apigw_network_interface_ids": [],
        "vpc_endpoint_appmesh_envoy_management_dns_entry": [],
        "vpc_endpoint_appmesh_envoy_management_id": "",
        "vpc_endpoint_appmesh_envoy_management_network_interface_ids": [],
        "vpc_endpoint_appstream_dns_entry": [],
        "vpc_endpoint_appstream_id": "",
        "vpc_endpoint_appstream_network_interface_ids": [],
        "vpc_endpoint_athena_dns_entry": [],
        "vpc_endpoint_athena_id": "",
        "vpc_endpoint_athena_network_interface_ids": [],
        "vpc_endpoint_cloud_directory_dns_entry": [],
        "vpc_endpoint_cloud_directory_id": "",
        "vpc_endpoint_cloud_directory_network_interface_ids": [],
        "vpc_endpoint_cloudformation_dns_entry": [],
        "vpc_endpoint_cloudformation_id": "",
        "vpc_endpoint_cloudformation_network_interface_ids": [],
        "vpc_endpoint_cloudtrail_dns_entry": [],
        "vpc_endpoint_cloudtrail_id": "",
        "vpc_endpoint_cloudtrail_network_interface_ids": [],
        "vpc_endpoint_codebuild_dns_entry": [],
        "vpc_endpoint_codebuild_id": "",
        "vpc_endpoint_codebuild_network_interface_ids": [],
        "vpc_endpoint_codecommit_dns_entry": [],
        "vpc_endpoint_codecommit_id": "",
        "vpc_endpoint_codecommit_network_interface_ids": [],
        "vpc_endpoint_codepipeline_dns_entry": [],
        "vpc_endpoint_codepipeline_id": "",
        "vpc_endpoint_codepipeline_network_interface_ids": [],
        "vpc_endpoint_config_dns_entry": [],
        "vpc_endpoint_config_id": "",
        "vpc_endpoint_config_network_interface_ids": [],
        "vpc_endpoint_dynamodb_id": "",
        "vpc_endpoint_dynamodb_pl_id": "",
        "vpc_endpoint_ec2_dns_entry": [],
        "vpc_endpoint_ec2_id": "",
        "vpc_endpoint_ec2_network_interface_ids": [],
        "vpc_endpoint_ec2messages_dns_entry": [],
        "vpc_endpoint_ec2messages_id": "",
        "vpc_endpoint_ec2messages_network_interface_ids": [],
        "vpc_endpoint_ecr_api_dns_entry": [],
        "vpc_endpoint_ecr_api_id": "",
        "vpc_endpoint_ecr_api_network_interface_ids": [],
        "vpc_endpoint_ecr_dkr_dns_entry": [],
        "vpc_endpoint_ecr_dkr_id": "",
        "vpc_endpoint_ecr_dkr_network_interface_ids": [],
        "vpc_endpoint_ecs_agent_dns_entry": [],
        "vpc_endpoint_ecs_agent_id": "",
        "vpc_endpoint_ecs_agent_network_interface_ids": [],
        "vpc_endpoint_ecs_dns_entry": [],
        "vpc_endpoint_ecs_id": "",
        "vpc_endpoint_ecs_network_interface_ids": [],
        "vpc_endpoint_ecs_telemetry_dns_entry": [],
        "vpc_endpoint_ecs_telemetry_id": "",
        "vpc_endpoint_ecs_telemetry_network_interface_ids": [],
        "vpc_endpoint_efs_dns_entry": [],
        "vpc_endpoint_efs_id": "",
        "vpc_endpoint_efs_network_interface_ids": [],
        "vpc_endpoint_elasticloadbalancing_dns_entry": [],
        "vpc_endpoint_elasticloadbalancing_id": "",
        "vpc_endpoint_elasticloadbalancing_network_interface_ids": [],
        "vpc_endpoint_events_dns_entry": [],
        "vpc_endpoint_events_id": "",
        "vpc_endpoint_events_network_interface_ids": [],
        "vpc_endpoint_git_codecommit_dns_entry": [],
        "vpc_endpoint_git_codecommit_id": "",
        "vpc_endpoint_git_codecommit_network_interface_ids": [],
        "vpc_endpoint_glue_dns_entry": [],
        "vpc_endpoint_glue_id": "",
        "vpc_endpoint_glue_network_interface_ids": [],
        "vpc_endpoint_kinesis_firehose_dns_entry": [],
        "vpc_endpoint_kinesis_firehose_id": "",
        "vpc_endpoint_kinesis_firehose_network_interface_ids": [],
        "vpc_endpoint_kinesis_streams_dns_entry": [],
        "vpc_endpoint_kinesis_streams_id": "",
        "vpc_endpoint_kinesis_streams_network_interface_ids": [],
        "vpc_endpoint_kms_dns_entry": [],
        "vpc_endpoint_kms_id": "",
        "vpc_endpoint_kms_network_interface_ids": [],
        "vpc_endpoint_logs_dns_entry": [],
        "vpc_endpoint_logs_id": "",
        "vpc_endpoint_logs_network_interface_ids": [],
        "vpc_endpoint_monitoring_dns_entry": [],
        "vpc_endpoint_monitoring_id": "",
        "vpc_endpoint_monitoring_network_interface_ids": [],
        "vpc_endpoint_rekognition_dns_entry": [],
        "vpc_endpoint_rekognition_id": "",
        "vpc_endpoint_rekognition_network_interface_ids": [],
        "vpc_endpoint_s3_id": "",
        "vpc_endpoint_s3_pl_id": "",
        "vpc_endpoint_sagemaker_api_dns_entry": [],
        "vpc_endpoint_sagemaker_api_id": "",
        "vpc_endpoint_sagemaker_api_network_interface_ids": [],
        "vpc_endpoint_sagemaker_runtime_dns_entry": [],
        "vpc_endpoint_sagemaker_runtime_id": "",
        "vpc_endpoint_sagemaker_runtime_network_interface_ids": [],
        "vpc_endpoint_secretsmanager_dns_entry": [],
        "vpc_endpoint_secretsmanager_id": "",
        "vpc_endpoint_secretsmanager_network_interface_ids": [],
        "vpc_endpoint_servicecatalog_dns_entry": [],
        "vpc_endpoint_servicecatalog_id": "",
        "vpc_endpoint_servicecatalog_network_interface_ids": [],
        "vpc_endpoint_sns_dns_entry": [],
        "vpc_endpoint_sns_id": "",
        "vpc_endpoint_sns_network_interface_ids": [],
        "vpc_endpoint_sqs_dns_entry": [],
        "vpc_endpoint_sqs_id": "",
        "vpc_endpoint_sqs_network_interface_ids": [],
        "vpc_endpoint_ssm_dns_entry": [],
        "vpc_endpoint_ssm_id": "",
        "vpc_endpoint_ssm_network_interface_ids": [],
        "vpc_endpoint_ssmmessages_dns_entry": [],
        "vpc_endpoint_ssmmessages_id": "",
        "vpc_endpoint_ssmmessages_network_interface_ids": [],
        "vpc_endpoint_storagegateway_dns_entry": [],
        "vpc_endpoint_storagegateway_id": "",
        "vpc_endpoint_storagegateway_network_interface_ids": [],
        "vpc_endpoint_sts_dns_entry": [],
        "vpc_endpoint_sts_id": "",
        "vpc_endpoint_sts_network_interface_ids": [],
        "vpc_endpoint_transfer_dns_entry": [],
        "vpc_endpoint_transfer_id": "",
        "vpc_endpoint_transfer_network_interface_ids": [],
        "vpc_endpoint_transferserver_dns_entry": [],
        "vpc_endpoint_transferserver_id": "",
        "vpc_endpoint_transferserver_network_interface_ids": [],
        "vpc_id": "vpc-0d36f2f60f3773315",
        "vpc_instance_tenancy": "default",
        "vpc_ipv6_association_id": "",
        "vpc_ipv6_cidr_block": "",
        "vpc_main_route_table_id": "rtb-0fcd7064b2031af8d",
        "vpc_secondary_cidr_blocks": []
      },
      "type": [
        "object",
        {
          "azs": [
            "list",
            "string"
          ],
          "cgw_ids": [
            "tuple",
            []
          ],
          "database_network_acl_id": "string",
          "database_route_table_ids": [
            "list",
            "string"
          ],
          "database_subnet_arns": [
            "tuple",
            [
              "string",
              "string",
              "string"
            ]
          ],
          "database_subnet_group": "string",
          "database_subnets": [
            "tuple",
            [
              "string",
              "string",
              "string"
            ]
          ],
          "database_subnets_cidr_blocks": [
            "tuple",
            [
              "string",
              "string",
              "string"
            ]
          ],
          "database_subnets_ipv6_cidr_blocks": [
            "tuple",
            [
              "string",
              "string",
              "string"
            ]
          ],
          "default_network_acl_id": "string",
          "default_route_table_id": "string",
          "default_security_group_id": "string",
          "default_vpc_cidr_block": "string",
          "default_vpc_default_network_acl_id": "string",
          "default_vpc_default_route_table_id": "string",
          "default_vpc_default_security_group_id": "string",
          "default_vpc_enable_dns_hostnames": "string",
          "default_vpc_enable_dns_support": "string",
          "default_vpc_id": "string",
          "default_vpc_instance_tenancy": "string",
          "default_vpc_main_route_table_id": "string",
          "egress_only_internet_gateway_id": "string",
          "elasticache_network_acl_id": "string",
          "elasticache_route_table_ids": [
            "list",
            "string"
          ],
          "elasticache_subnet_arns": [
            "tuple",
            []
          ],
          "elasticache_subnet_group": "string",
          "elasticache_subnet_group_name": "string",
          "elasticache_subnets": [
            "tuple",
            []
          ],
          "elasticache_subnets_cidr_blocks": [
            "tuple",
            []
          ],
          "elasticache_subnets_ipv6_cidr_blocks": [
            "tuple",
            []
          ],
          "igw_id": "string",
          "intra_network_acl_id": "string",
          "intra_route_table_ids": [
            "tuple",
            [
              "string"
            ]
          ],
          "intra_subnet_arns": [
            "tuple",
            [
              "string",
              "string",
              "string"
            ]
          ],
          "intra_subnets": [
            "tuple",
            [
              "string",
              "string",
              "string"
            ]
          ],
          "intra_subnets_cidr_blocks": [
            "tuple",
            [
              "string",
              "string",
              "string"
            ]
          ],
          "intra_subnets_ipv6_cidr_blocks": [
            "tuple",
            [
              "string",
              "string",
              "string"
            ]
          ],
          "name": "string",
          "nat_ids": [
            "tuple",
            [
              "string"
            ]
          ],
          "nat_public_ips": [
            "tuple",
            [
              "string"
            ]
          ],
          "natgw_ids": [
            "tuple",
            [
              "string"
            ]
          ],
          "private_network_acl_id": "string",
          "private_route_table_ids": [
            "tuple",
            [
              "string"
            ]
          ],
          "private_subnet_arns": [
            "tuple",
            [
              "string",
              "string",
              "string"
            ]
          ],
          "private_subnets": [
            "tuple",
            [
              "string",
              "string",
              "string"
            ]
          ],
          "private_subnets_cidr_blocks": [
            "tuple",
            [
              "string",
              "string",
              "string"
            ]
          ],
          "private_subnets_ipv6_cidr_blocks": [
            "tuple",
            [
              "string",
              "string",
              "string"
            ]
          ],
          "public_network_acl_id": "string",
          "public_route_table_ids": [
            "tuple",
            [
              "string"
            ]
          ],
          "public_subnet_arns": [
            "tuple",
            [
              "string",
              "string",
              "string"
            ]
          ],
          "public_subnets": [
            "tuple",
            [
              "string",
              "string",
              "string"
            ]
          ],
          "public_subnets_cidr_blocks": [
            "tuple",
            [
              "string",
              "string",
              "string"
            ]
          ],
          "public_subnets_ipv6_cidr_blocks": [
            "tuple",
            [
              "string",
              "string",
              "string"
            ]
          ],
          "redshift_network_acl_id": "string",
          "redshift_route_table_ids": [
            "list",
            "string"
          ],
          "redshift_subnet_arns": [
            "tuple",
            []
          ],
          "redshift_subnet_group": "string",
          "redshift_subnets": [
            "tuple",
            []
          ],
          "redshift_subnets_cidr_blocks": [
            "tuple",
            []
          ],
          "redshift_subnets_ipv6_cidr_blocks": [
            "tuple",
            []
          ],
          "this_customer_gateway": [
            "object",
            {}
          ],
          "vgw_id": "string",
          "vpc_arn": "string",
          "vpc_cidr_block": "string",
          "vpc_enable_dns_hostnames": "bool",
          "vpc_enable_dns_support": "bool",
          "vpc_endpoint_apigw_dns_entry": [
            "tuple",
            []
          ],
          "vpc_endpoint_apigw_id": "string",
          "vpc_endpoint_apigw_network_interface_ids": [
            "tuple",
            []
          ],
          "vpc_endpoint_appmesh_envoy_management_dns_entry": [
            "tuple",
            []
          ],
          "vpc_endpoint_appmesh_envoy_management_id": "string",
          "vpc_endpoint_appmesh_envoy_management_network_interface_ids": [
            "tuple",
            []
          ],
          "vpc_endpoint_appstream_dns_entry": [
            "tuple",
            []
          ],
          "vpc_endpoint_appstream_id": "string",
          "vpc_endpoint_appstream_network_interface_ids": [
            "tuple",
            []
          ],
          "vpc_endpoint_athena_dns_entry": [
            "tuple",
            []
          ],
          "vpc_endpoint_athena_id": "string",
          "vpc_endpoint_athena_network_interface_ids": [
            "tuple",
            []
          ],
          "vpc_endpoint_cloud_directory_dns_entry": [
            "tuple",
            []
          ],
          "vpc_endpoint_cloud_directory_id": "string",
          "vpc_endpoint_cloud_directory_network_interface_ids": [
            "tuple",
            []
          ],
          "vpc_endpoint_cloudformation_dns_entry": [
            "tuple",
            []
          ],
          "vpc_endpoint_cloudformation_id": "string",
          "vpc_endpoint_cloudformation_network_interface_ids": [
            "tuple",
            []
          ],
          "vpc_endpoint_cloudtrail_dns_entry": [
            "tuple",
            []
          ],
          "vpc_endpoint_cloudtrail_id": "string",
          "vpc_endpoint_cloudtrail_network_interface_ids": [
            "tuple",
            []
          ],
          "vpc_endpoint_codebuild_dns_entry": [
            "tuple",
            []
          ],
          "vpc_endpoint_codebuild_id": "string",
          "vpc_endpoint_codebuild_network_interface_ids": [
            "tuple",
            []
          ],
          "vpc_endpoint_codecommit_dns_entry": [
            "tuple",
            []
          ],
          "vpc_endpoint_codecommit_id": "string",
          "vpc_endpoint_codecommit_network_interface_ids": [
            "tuple",
            []
          ],
          "vpc_endpoint_codepipeline_dns_entry": [
            "tuple",
            []
          ],
          "vpc_endpoint_codepipeline_id": "string",
          "vpc_endpoint_codepipeline_network_interface_ids": [
            "tuple",
            []
          ],
          "vpc_endpoint_config_dns_entry": [
            "tuple",
            []
          ],
          "vpc_endpoint_config_id": "string",
          "vpc_endpoint_config_network_interface_ids": [
            "tuple",
            []
          ],
          "vpc_endpoint_dynamodb_id": "string",
          "vpc_endpoint_dynamodb_pl_id": "string",
          "vpc_endpoint_ec2_dns_entry": [
            "tuple",
            []
          ],
          "vpc_endpoint_ec2_id": "string",
          "vpc_endpoint_ec2_network_interface_ids": [
            "tuple",
            []
          ],
          "vpc_endpoint_ec2messages_dns_entry": [
            "tuple",
            []
          ],
          "vpc_endpoint_ec2messages_id": "string",
          "vpc_endpoint_ec2messages_network_interface_ids": [
            "tuple",
            []
          ],
          "vpc_endpoint_ecr_api_dns_entry": [
            "tuple",
            []
          ],
          "vpc_endpoint_ecr_api_id": "string",
          "vpc_endpoint_ecr_api_network_interface_ids": [
            "tuple",
            []
          ],
          "vpc_endpoint_ecr_dkr_dns_entry": [
            "tuple",
            []
          ],
          "vpc_endpoint_ecr_dkr_id": "string",
          "vpc_endpoint_ecr_dkr_network_interface_ids": [
            "tuple",
            []
          ],
          "vpc_endpoint_ecs_agent_dns_entry": [
            "tuple",
            []
          ],
          "vpc_endpoint_ecs_agent_id": "string",
          "vpc_endpoint_ecs_agent_network_interface_ids": [
            "tuple",
            []
          ],
          "vpc_endpoint_ecs_dns_entry": [
            "tuple",
            []
          ],
          "vpc_endpoint_ecs_id": "string",
          "vpc_endpoint_ecs_network_interface_ids": [
            "tuple",
            []
          ],
          "vpc_endpoint_ecs_telemetry_dns_entry": [
            "tuple",
            []
          ],
          "vpc_endpoint_ecs_telemetry_id": "string",
          "vpc_endpoint_ecs_telemetry_network_interface_ids": [
            "tuple",
            []
          ],
          "vpc_endpoint_efs_dns_entry": [
            "tuple",
            []
          ],
          "vpc_endpoint_efs_id": "string",
          "vpc_endpoint_efs_network_interface_ids": [
            "tuple",
            []
          ],
          "vpc_endpoint_elasticloadbalancing_dns_entry": [
            "tuple",
            []
          ],
          "vpc_endpoint_elasticloadbalancing_id": "string",
          "vpc_endpoint_elasticloadbalancing_network_interface_ids": [
            "tuple",
            []
          ],
          "vpc_endpoint_events_dns_entry": [
            "tuple",
            []
          ],
          "vpc_endpoint_events_id": "string",
          "vpc_endpoint_events_network_interface_ids": [
            "tuple",
            []
          ],
          "vpc_endpoint_git_codecommit_dns_entry": [
            "tuple",
            []
          ],
          "vpc_endpoint_git_codecommit_id": "string",
          "vpc_endpoint_git_codecommit_network_interface_ids": [
            "tuple",
            []
          ],
          "vpc_endpoint_glue_dns_entry": [
            "tuple",
            []
          ],
          "vpc_endpoint_glue_id": "string",
          "vpc_endpoint_glue_network_interface_ids": [
            "tuple",
            []
          ],
          "vpc_endpoint_kinesis_firehose_dns_entry": [
            "tuple",
            []
          ],
          "vpc_endpoint_kinesis_firehose_id": "string",
          "vpc_endpoint_kinesis_firehose_network_interface_ids": [
            "tuple",
            []
          ],
          "vpc_endpoint_kinesis_streams_dns_entry": [
            "tuple",
            []
          ],
          "vpc_endpoint_kinesis_streams_id": "string",
          "vpc_endpoint_kinesis_streams_network_interface_ids": [
            "tuple",
            []
          ],
          "vpc_endpoint_kms_dns_entry": [
            "tuple",
            []
          ],
          "vpc_endpoint_kms_id": "string",
          "vpc_endpoint_kms_network_interface_ids": [
            "tuple",
            []
          ],
          "vpc_endpoint_logs_dns_entry": [
            "tuple",
            []
          ],
          "vpc_endpoint_logs_id": "string",
          "vpc_endpoint_logs_network_interface_ids": [
            "tuple",
            []
          ],
          "vpc_endpoint_monitoring_dns_entry": [
            "tuple",
            []
          ],
          "vpc_endpoint_monitoring_id": "string",
          "vpc_endpoint_monitoring_network_interface_ids": [
            "tuple",
            []
          ],
          "vpc_endpoint_rekognition_dns_entry": [
            "tuple",
            []
          ],
          "vpc_endpoint_rekognition_id": "string",
          "vpc_endpoint_rekognition_network_interface_ids": [
            "tuple",
            []
          ],
          "vpc_endpoint_s3_id": "string",
          "vpc_endpoint_s3_pl_id": "string",
          "vpc_endpoint_sagemaker_api_dns_entry": [
            "tuple",
            []
          ],
          "vpc_endpoint_sagemaker_api_id": "string",
          "vpc_endpoint_sagemaker_api_network_interface_ids": [
            "tuple",
            []
          ],
          "vpc_endpoint_sagemaker_runtime_dns_entry": [
            "tuple",
            []
          ],
          "vpc_endpoint_sagemaker_runtime_id": "string",
          "vpc_endpoint_sagemaker_runtime_network_interface_ids": [
            "tuple",
            []
          ],
          "vpc_endpoint_secretsmanager_dns_entry": [
            "tuple",
            []
          ],
          "vpc_endpoint_secretsmanager_id": "string",
          "vpc_endpoint_secretsmanager_network_interface_ids": [
            "tuple",
            []
          ],
          "vpc_endpoint_servicecatalog_dns_entry": [
            "tuple",
            []
          ],
          "vpc_endpoint_servicecatalog_id": "string",
          "vpc_endpoint_servicecatalog_network_interface_ids": [
            "tuple",
            []
          ],
          "vpc_endpoint_sns_dns_entry": [
            "tuple",
            []
          ],
          "vpc_endpoint_sns_id": "string",
          "vpc_endpoint_sns_network_interface_ids": [
            "tuple",
            []
          ],
          "vpc_endpoint_sqs_dns_entry": [
            "tuple",
            []
          ],
          "vpc_endpoint_sqs_id": "string",
          "vpc_endpoint_sqs_network_interface_ids": [
            "tuple",
            []
          ],
          "vpc_endpoint_ssm_dns_entry": [
            "tuple",
            []
          ],
          "vpc_endpoint_ssm_id": "string",
          "vpc_endpoint_ssm_network_interface_ids": [
            "tuple",
            []
          ],
          "vpc_endpoint_ssmmessages_dns_entry": [
            "tuple",
            []
          ],
          "vpc_endpoint_ssmmessages_id": "string",
          "vpc_endpoint_ssmmessages_network_interface_ids": [
            "tuple",
            []
          ],
          "vpc_endpoint_storagegateway_dns_entry": [
            "tuple",
            []
          ],
          "vpc_endpoint_storagegateway_id": "string",
          "vpc_endpoint_storagegateway_network_interface_ids": [
            "tuple",
            []
          ],
          "vpc_endpoint_sts_dns_entry": [
            "tuple",
            []
          ],
          "vpc_endpoint_sts_id": "string",
          "vpc_endpoint_sts_network_interface_ids": [
            "tuple",
            []
          ],
          "vpc_endpoint_transfer_dns_entry": [
            "tuple",
            []
          ],
          "vpc_endpoint_transfer_id": "string",
          "vpc_endpoint_transfer_network_interface_ids": [
            "tuple",
            []
          ],
          "vpc_endpoint_transferserver_dns_entry": [
            "tuple",
            []
          ],
          "vpc_endpoint_transferserver_id": "string",
          "vpc_endpoint_transferserver_network_interface_ids": [
            "tuple",
            []
          ],
          "vpc_id": "string",
          "vpc_instance_tenancy": "string",
          "vpc_ipv6_association_id": "string",
          "vpc_ipv6_cidr_block": "string",
          "vpc_main_route_table_id": "string",
          "vpc_secondary_cidr_blocks": [
            "tuple",
            []
          ]
        }
      ]
    }
  },
  "resources": [
    {
      "mode": "data",
      "type": "archive_file",
      "name": "associate_eip_source_code",
      "provider": "provider.archive",
      "instances": [
        {
          "schema_version": 0,
          "attributes": {
            "excludes": null,
            "id": "1345895fb0070b577ac3f393929f62d2b533785e",
            "output_base64sha256": "PMtzrM/CHzzQpSdR1jr14HtOO4fAy8stt9DT97TtrBc=",
            "output_md5": "4dede76eff0b591da4371e992457c649",
            "output_path": "./lambda/associate_eip.zip",
            "output_sha": "1345895fb0070b577ac3f393929f62d2b533785e",
            "output_size": 1184,
            "source": [],
            "source_content": null,
            "source_content_filename": null,
            "source_dir": null,
            "source_file": "./lambda/associate_eip.py",
            "type": "zip"
          }
        }
      ]
    },
    {
      "mode": "data",
      "type": "aws_availability_zones",
      "name": "azs",
      "provider": "provider.aws",
      "instances": [
        {
          "schema_version": 0,
          "attributes": {
            "blacklisted_names": null,
            "blacklisted_zone_ids": null,
            "id": "2020-08-03 05:42:40.596049 +0000 UTC",
            "names": [
              "ap-southeast-1a",
              "ap-southeast-1b",
              "ap-southeast-1c"
            ],
            "state": null,
            "zone_ids": [
              "apse1-az1",
              "apse1-az2",
              "apse1-az3"
            ]
          }
        }
      ]
    },
    {
      "mode": "data",
      "type": "aws_elastic_beanstalk_hosted_zone",
      "name": "current",
      "provider": "provider.aws",
      "instances": [
        {
          "schema_version": 0,
          "attributes": {
            "id": "Z16FZ9L249IFLT",
            "region": "ap-southeast-1"
          }
        }
      ]
    },
    {
      "mode": "data",
      "type": "aws_elastic_beanstalk_solution_stack",
      "name": "multi_container_docker",
      "provider": "provider.aws",
      "instances": [
        {
          "schema_version": 0,
          "attributes": {
            "id": "64bit Amazon Linux 2018.03 v2.20.4 running Multi-container Docker 19.03.6-ce (Generic)",
            "most_recent": true,
            "name": "64bit Amazon Linux 2018.03 v2.20.4 running Multi-container Docker 19.03.6-ce (Generic)",
            "name_regex": "^64bit Amazon Linux (.*) running Multi-container Docker (.*)$"
          }
        }
      ]
    },
    {
      "mode": "data",
      "type": "aws_elastic_beanstalk_solution_stack",
      "name": "twilreapi",
      "provider": "provider.aws",
      "instances": [
        {
          "schema_version": 0,
          "attributes": {
            "id": "64bit Amazon Linux 2018.03 v2.11.8 running Ruby 2.6 (Puma)",
            "most_recent": true,
            "name": "64bit Amazon Linux 2018.03 v2.11.8 running Ruby 2.6 (Puma)",
            "name_regex": "^64bit Amazon Linux (.*) running Ruby 2.6 \\(Puma\\)$"
          }
        }
      ]
    },
    {
      "module": "module.twilreapi_db.module.db_instance",
      "mode": "data",
      "type": "aws_iam_policy_document",
      "name": "enhanced_monitoring",
      "provider": "provider.aws",
      "instances": [
        {
          "schema_version": 0,
          "attributes": {
            "id": "1813475199",
            "json": "{\n  \"Version\": \"2012-10-17\",\n  \"Statement\": [\n    {\n      \"Sid\": \"\",\n      \"Effect\": \"Allow\",\n      \"Action\": \"sts:AssumeRole\",\n      \"Principal\": {\n        \"Service\": \"monitoring.rds.amazonaws.com\"\n      }\n    }\n  ]\n}",
            "override_json": null,
            "policy_id": null,
            "source_json": null,
            "statement": [
              {
                "actions": [
                  "sts:AssumeRole"
                ],
                "condition": [],
                "effect": "Allow",
                "not_actions": [],
                "not_principals": [],
                "not_resources": [],
                "principals": [
                  {
                    "identifiers": [
                      "monitoring.rds.amazonaws.com"
                    ],
                    "type": "Service"
                  }
                ],
                "resources": [],
                "sid": ""
              }
            ],
            "version": "2012-10-17"
          }
        }
      ]
    },
    {
      "mode": "data",
      "type": "aws_s3_bucket",
      "name": "audio",
      "provider": "provider.aws",
      "instances": [
        {
          "schema_version": 0,
          "attributes": {
            "arn": "arn:aws:s3:::audio.somleng.org",
            "bucket": "audio.somleng.org",
            "bucket_domain_name": "audio.somleng.org.s3.amazonaws.com",
            "bucket_regional_domain_name": "audio.somleng.org.s3.ap-southeast-1.amazonaws.com",
            "hosted_zone_id": "Z3O0J2DXBE1FTB",
            "id": "audio.somleng.org",
            "region": "ap-southeast-1",
            "website_domain": null,
            "website_endpoint": null
          }
        }
      ]
    },
    {
      "mode": "data",
      "type": "aws_s3_bucket",
      "name": "uploads",
      "provider": "provider.aws",
      "instances": [
        {
          "schema_version": 0,
          "attributes": {
            "arn": "arn:aws:s3:::uploads.somleng.org",
            "bucket": "uploads.somleng.org",
            "bucket_domain_name": "uploads.somleng.org.s3.amazonaws.com",
            "bucket_regional_domain_name": "uploads.somleng.org.s3.ap-southeast-1.amazonaws.com",
            "hosted_zone_id": "Z3O0J2DXBE1FTB",
            "id": "uploads.somleng.org",
            "region": "ap-southeast-1",
            "website_domain": null,
            "website_endpoint": null
          }
        }
      ]
    },
    {
      "module": "module.vpc",
      "mode": "data",
      "type": "aws_vpc_endpoint_service",
      "name": "apigw",
      "each": "list",
      "provider": "provider.aws",
      "instances": []
    },
    {
      "module": "module.vpc",
      "mode": "data",
      "type": "aws_vpc_endpoint_service",
      "name": "appmesh_envoy_management",
      "each": "list",
      "provider": "provider.aws",
      "instances": []
    },
    {
      "module": "module.vpc",
      "mode": "data",
      "type": "aws_vpc_endpoint_service",
      "name": "appstream",
      "each": "list",
      "provider": "provider.aws",
      "instances": []
    },
    {
      "module": "module.vpc",
      "mode": "data",
      "type": "aws_vpc_endpoint_service",
      "name": "athena",
      "each": "list",
      "provider": "provider.aws",
      "instances": []
    },
    {
      "module": "module.vpc",
      "mode": "data",
      "type": "aws_vpc_endpoint_service",
      "name": "cloud_directory",
      "each": "list",
      "provider": "provider.aws",
      "instances": []
    },
    {
      "module": "module.vpc",
      "mode": "data",
      "type": "aws_vpc_endpoint_service",
      "name": "cloudformation",
      "each": "list",
      "provider": "provider.aws",
      "instances": []
    },
    {
      "module": "module.vpc",
      "mode": "data",
      "type": "aws_vpc_endpoint_service",
      "name": "cloudtrail",
      "each": "list",
      "provider": "provider.aws",
      "instances": []
    },
    {
      "module": "module.vpc",
      "mode": "data",
      "type": "aws_vpc_endpoint_service",
      "name": "codebuild",
      "each": "list",
      "provider": "provider.aws",
      "instances": []
    },
    {
      "module": "module.vpc",
      "mode": "data",
      "type": "aws_vpc_endpoint_service",
      "name": "codecommit",
      "each": "list",
      "provider": "provider.aws",
      "instances": []
    },
    {
      "module": "module.vpc",
      "mode": "data",
      "type": "aws_vpc_endpoint_service",
      "name": "codepipeline",
      "each": "list",
      "provider": "provider.aws",
      "instances": []
    },
    {
      "module": "module.vpc",
      "mode": "data",
      "type": "aws_vpc_endpoint_service",
      "name": "config",
      "each": "list",
      "provider": "provider.aws",
      "instances": []
    },
    {
      "module": "module.vpc",
      "mode": "data",
      "type": "aws_vpc_endpoint_service",
      "name": "dynamodb",
      "each": "list",
      "provider": "provider.aws",
      "instances": []
    },
    {
      "module": "module.vpc",
      "mode": "data",
      "type": "aws_vpc_endpoint_service",
      "name": "ec2",
      "each": "list",
      "provider": "provider.aws",
      "instances": []
    },
    {
      "module": "module.vpc",
      "mode": "data",
      "type": "aws_vpc_endpoint_service",
      "name": "ec2messages",
      "each": "list",
      "provider": "provider.aws",
      "instances": []
    },
    {
      "module": "module.vpc",
      "mode": "data",
      "type": "aws_vpc_endpoint_service",
      "name": "ecr_api",
      "each": "list",
      "provider": "provider.aws",
      "instances": []
    },
    {
      "module": "module.vpc",
      "mode": "data",
      "type": "aws_vpc_endpoint_service",
      "name": "ecr_dkr",
      "each": "list",
      "provider": "provider.aws",
      "instances": []
    },
    {
      "module": "module.vpc",
      "mode": "data",
      "type": "aws_vpc_endpoint_service",
      "name": "ecs",
      "each": "list",
      "provider": "provider.aws",
      "instances": []
    },
    {
      "module": "module.vpc",
      "mode": "data",
      "type": "aws_vpc_endpoint_service",
      "name": "ecs_agent",
      "each": "list",
      "provider": "provider.aws",
      "instances": []
    },
    {
      "module": "module.vpc",
      "mode": "data",
      "type": "aws_vpc_endpoint_service",
      "name": "ecs_telemetry",
      "each": "list",
      "provider": "provider.aws",
      "instances": []
    },
    {
      "module": "module.vpc",
      "mode": "data",
      "type": "aws_vpc_endpoint_service",
      "name": "efs",
      "each": "list",
      "provider": "provider.aws",
      "instances": []
    },
    {
      "module": "module.vpc",
      "mode": "data",
      "type": "aws_vpc_endpoint_service",
      "name": "elasticloadbalancing",
      "each": "list",
      "provider": "provider.aws",
      "instances": []
    },
    {
      "module": "module.vpc",
      "mode": "data",
      "type": "aws_vpc_endpoint_service",
      "name": "events",
      "each": "list",
      "provider": "provider.aws",
      "instances": []
    },
    {
      "module": "module.vpc",
      "mode": "data",
      "type": "aws_vpc_endpoint_service",
      "name": "git_codecommit",
      "each": "list",
      "provider": "provider.aws",
      "instances": []
    },
    {
      "module": "module.vpc",
      "mode": "data",
      "type": "aws_vpc_endpoint_service",
      "name": "glue",
      "each": "list",
      "provider": "provider.aws",
      "instances": []
    },
    {
      "module": "module.vpc",
      "mode": "data",
      "type": "aws_vpc_endpoint_service",
      "name": "kinesis_firehose",
      "each": "list",
      "provider": "provider.aws",
      "instances": []
    },
    {
      "module": "module.vpc",
      "mode": "data",
      "type": "aws_vpc_endpoint_service",
      "name": "kinesis_streams",
      "each": "list",
      "provider": "provider.aws",
      "instances": []
    },
    {
      "module": "module.vpc",
      "mode": "data",
      "type": "aws_vpc_endpoint_service",
      "name": "kms",
      "each": "list",
      "provider": "provider.aws",
      "instances": []
    },
    {
      "module": "module.vpc",
      "mode": "data",
      "type": "aws_vpc_endpoint_service",
      "name": "logs",
      "each": "list",
      "provider": "provider.aws",
      "instances": []
    },
    {
      "module": "module.vpc",
      "mode": "data",
      "type": "aws_vpc_endpoint_service",
      "name": "monitoring",
      "each": "list",
      "provider": "provider.aws",
      "instances": []
    },
    {
      "module": "module.vpc",
      "mode": "data",
      "type": "aws_vpc_endpoint_service",
      "name": "rekognition",
      "each": "list",
      "provider": "provider.aws",
      "instances": []
    },
    {
      "module": "module.vpc",
      "mode": "data",
      "type": "aws_vpc_endpoint_service",
      "name": "s3",
      "each": "list",
      "provider": "provider.aws",
      "instances": []
    },
    {
      "module": "module.vpc",
      "mode": "data",
      "type": "aws_vpc_endpoint_service",
      "name": "sagemaker_api",
      "each": "list",
      "provider": "provider.aws",
      "instances": []
    },
    {
      "module": "module.vpc",
      "mode": "data",
      "type": "aws_vpc_endpoint_service",
      "name": "sagemaker_notebook",
      "each": "list",
      "provider": "provider.aws",
      "instances": []
    },
    {
      "module": "module.vpc",
      "mode": "data",
      "type": "aws_vpc_endpoint_service",
      "name": "sagemaker_runtime",
      "each": "list",
      "provider": "provider.aws",
      "instances": []
    },
    {
      "module": "module.vpc",
      "mode": "data",
      "type": "aws_vpc_endpoint_service",
      "name": "secretsmanager",
      "each": "list",
      "provider": "provider.aws",
      "instances": []
    },
    {
      "module": "module.vpc",
      "mode": "data",
      "type": "aws_vpc_endpoint_service",
      "name": "servicecatalog",
      "each": "list",
      "provider": "provider.aws",
      "instances": []
    },
    {
      "module": "module.vpc",
      "mode": "data",
      "type": "aws_vpc_endpoint_service",
      "name": "sns",
      "each": "list",
      "provider": "provider.aws",
      "instances": []
    },
    {
      "module": "module.vpc",
      "mode": "data",
      "type": "aws_vpc_endpoint_service",
      "name": "sqs",
      "each": "list",
      "provider": "provider.aws",
      "instances": []
    },
    {
      "module": "module.vpc",
      "mode": "data",
      "type": "aws_vpc_endpoint_service",
      "name": "ssm",
      "each": "list",
      "provider": "provider.aws",
      "instances": []
    },
    {
      "module": "module.vpc",
      "mode": "data",
      "type": "aws_vpc_endpoint_service",
      "name": "ssmmessages",
      "each": "list",
      "provider": "provider.aws",
      "instances": []
    },
    {
      "module": "module.vpc",
      "mode": "data",
      "type": "aws_vpc_endpoint_service",
      "name": "storagegateway",
      "each": "list",
      "provider": "provider.aws",
      "instances": []
    },
    {
      "module": "module.vpc",
      "mode": "data",
      "type": "aws_vpc_endpoint_service",
      "name": "sts",
      "each": "list",
      "provider": "provider.aws",
      "instances": []
    },
    {
      "module": "module.vpc",
      "mode": "data",
      "type": "aws_vpc_endpoint_service",
      "name": "transfer",
      "each": "list",
      "provider": "provider.aws",
      "instances": []
    },
    {
      "module": "module.vpc",
      "mode": "data",
      "type": "aws_vpc_endpoint_service",
      "name": "transferserver",
      "each": "list",
      "provider": "provider.aws",
      "instances": []
    },
    {
      "mode": "data",
      "type": "terraform_remote_state",
      "name": "core",
      "provider": "provider.terraform",
      "instances": [
        {
          "schema_version": 0,
          "attributes": {
            "backend": "s3",
            "config": {
              "value": {
                "bucket": "infrastructure.somleng.org",
                "key": "core.tfstate",
                "region": "ap-southeast-1"
              },
              "type": [
                "object",
                {
                  "bucket": "string",
                  "key": "string",
                  "region": "string"
                }
              ]
            },
            "defaults": null,
            "outputs": {
              "value": {
                "acm_certificate": {
                  "arn": "arn:aws:acm:ap-southeast-1:324279636507:certificate/e79f18ca-7fa1-40ff-a0c1-262aeb79571f",
                  "certificate_authority_arn": "",
                  "certificate_body": null,
                  "certificate_chain": null,
                  "domain_name": "*.somleng.org",
                  "domain_validation_options": [
                    {
                      "domain_name": "*.somleng.org",
                      "resource_record_name": "_36950b9316e5c8a1c5e575721f257ca7.somleng.org.",
                      "resource_record_type": "CNAME",
                      "resource_record_value": "_0a6af019811d9b64112c6478b1faa4c6.tljzshvwok.acm-validations.aws."
                    }
                  ],
                  "id": "arn:aws:acm:ap-southeast-1:324279636507:certificate/e79f18ca-7fa1-40ff-a0c1-262aeb79571f",
                  "options": [
                    {
                      "certificate_transparency_logging_preference": "ENABLED"
                    }
                  ],
                  "private_key": null,
                  "status": "ISSUED",
                  "subject_alternative_names": [],
                  "tags": {},
                  "validation_emails": [],
                  "validation_method": "DNS"
                },
                "application_load_balancer": {
                  "access_logs": [
                    {
                      "bucket": "logs.somleng.org",
                      "enabled": true,
                      "prefix": "somleng-application"
                    }
                  ],
                  "arn": "arn:aws:elasticloadbalancing:ap-southeast-1:324279636507:loadbalancer/app/somleng-application/209463d35951d2c8",
                  "arn_suffix": "app/somleng-application/209463d35951d2c8",
                  "dns_name": "somleng-application-571588943.ap-southeast-1.elb.amazonaws.com",
                  "drop_invalid_header_fields": false,
                  "enable_cross_zone_load_balancing": null,
                  "enable_deletion_protection": false,
                  "enable_http2": true,
                  "id": "arn:aws:elasticloadbalancing:ap-southeast-1:324279636507:loadbalancer/app/somleng-application/209463d35951d2c8",
                  "idle_timeout": 60,
                  "internal": false,
                  "ip_address_type": "ipv4",
                  "load_balancer_type": "application",
                  "name": "somleng-application",
                  "name_prefix": null,
                  "security_groups": [
                    "sg-06d9581c54a5df4c7"
                  ],
                  "subnet_mapping": [
                    {
                      "allocation_id": "",
                      "subnet_id": "subnet-01c5978003b561042"
                    },
                    {
                      "allocation_id": "",
                      "subnet_id": "subnet-037dab0f90bbbed32"
                    },
                    {
                      "allocation_id": "",
                      "subnet_id": "subnet-0a701dabcc88ab5ab"
                    }
                  ],
                  "subnets": [
                    "subnet-01c5978003b561042",
                    "subnet-037dab0f90bbbed32",
                    "subnet-0a701dabcc88ab5ab"
                  ],
                  "tags": {},
                  "timeouts": null,
                  "vpc_id": "vpc-03b0c4b647a7b4a48",
                  "zone_id": "Z1LMS91P8CMLE5"
                },
                "ci_deploy_key": {
                  "encrypted_secret": null,
                  "id": "AKIAUXAESSINXMUXIB6N",
                  "key_fingerprint": null,
                  "pgp_key": null,
                  "secret": "Yk43fpt/Kdl+IF66QPjzFcJKHm/r8SFyCLztpjuW",
                  "ses_smtp_password": "AjoiZbQGq7slmEnomHV1+LGM0WY3eUObV+/jI1Rx5NvJ",
                  "ses_smtp_password_v4": "BGVF+iSGKYfjfdi+/Ip8G4nq+ZOzch1xTC66ffVG4XZs",
                  "status": "Active",
                  "user": "ci-deploy"
                },
                "ci_deploy_role": {
                  "arn": "arn:aws:iam::324279636507:role/ci-deploy",
                  "assume_role_policy": "{\"Version\":\"2012-10-17\",\"Statement\":[{\"Effect\":\"Allow\",\"Principal\":{\"AWS\":\"arn:aws:iam::324279636507:user/ci-deploy\"},\"Action\":\"sts:AssumeRole\"}]}",
                  "create_date": "2019-08-31T05:01:57Z",
                  "description": "",
                  "force_detach_policies": false,
                  "id": "ci-deploy",
                  "max_session_duration": 3600,
                  "name": "ci-deploy",
                  "name_prefix": null,
                  "path": "/",
                  "permissions_boundary": null,
                  "tags": {},
                  "unique_id": "AROAUXAESSINZGLEKRVL3"
                },
                "codedeploy_role": {
                  "arn": "arn:aws:iam::324279636507:role/codedeploy",
                  "assume_role_policy": "{\"Version\":\"2012-10-17\",\"Statement\":[{\"Sid\":\"\",\"Effect\":\"Allow\",\"Principal\":{\"Service\":\"codedeploy.amazonaws.com\"},\"Action\":\"sts:AssumeRole\"}]}",
                  "create_date": "2020-03-28T10:58:29Z",
                  "description": "",
                  "force_detach_policies": false,
                  "id": "codedeploy",
                  "max_session_duration": 3600,
                  "name": "codedeploy",
                  "name_prefix": null,
                  "path": "/",
                  "permissions_boundary": null,
                  "tags": {},
                  "unique_id": "AROAUXAESSINW73ICCU2T"
                },
                "db": {
                  "this_rds_cluster_arn": "arn:aws:rds:ap-southeast-1:324279636507:cluster:somleng",
                  "this_rds_cluster_database_name": "",
                  "this_rds_cluster_endpoint": "somleng.cluster-clrslmbm6627.ap-southeast-1.rds.amazonaws.com",
                  "this_rds_cluster_id": "somleng",
                  "this_rds_cluster_instance_endpoints": [
                    "somleng-1.clrslmbm6627.ap-southeast-1.rds.amazonaws.com"
                  ],
                  "this_rds_cluster_instance_ids": [
                    "somleng-1"
                  ],
                  "this_rds_cluster_master_password": "wRhs3x7TRncwXpyszHcRMnT4vVqATCqi",
                  "this_rds_cluster_master_username": "somleng",
                  "this_rds_cluster_port": 5432,
                  "this_rds_cluster_reader_endpoint": "somleng.cluster-ro-clrslmbm6627.ap-southeast-1.rds.amazonaws.com",
                  "this_rds_cluster_resource_id": "cluster-C67YNSU7HBBVN35CWNWG23M2Z4",
                  "this_security_group_id": "sg-06692ccf85940cd64"
                },
                "db_master_password_parameter": {
                  "allowed_pattern": "",
                  "arn": "arn:aws:ssm:ap-southeast-1:324279636507:parameter/somleng.db_master_password",
                  "description": "",
                  "id": "somleng.db_master_password",
                  "key_id": "alias/aws/ssm",
                  "name": "somleng.db_master_password",
                  "overwrite": null,
                  "tags": {},
                  "tier": "Standard",
                  "type": "SecureString",
                  "value": "wRhs3x7TRncwXpyszHcRMnT4vVqATCqi",
                  "version": 2
                },
                "db_security_group": {
                  "arn": "arn:aws:ec2:ap-southeast-1:324279636507:security-group/sg-08616a886438cf5b2",
                  "description": "Managed by Terraform",
                  "egress": [],
                  "id": "sg-08616a886438cf5b2",
                  "ingress": [
                    {
                      "cidr_blocks": [],
                      "description": "",
                      "from_port": 5432,
                      "ipv6_cidr_blocks": [],
                      "prefix_list_ids": [],
                      "protocol": "tcp",
                      "security_groups": [],
                      "self": true,
                      "to_port": 5432
                    }
                  ],
                  "name": "somleng",
                  "name_prefix": null,
                  "owner_id": "324279636507",
                  "revoke_rules_on_delete": false,
                  "tags": {},
                  "timeouts": null,
                  "vpc_id": "vpc-03b0c4b647a7b4a48"
                },
                "ecs_cluster": {
                  "arn": "arn:aws:ecs:ap-southeast-1:324279636507:cluster/somleng",
                  "capacity_providers": [],
                  "default_capacity_provider_strategy": [],
                  "id": "arn:aws:ecs:ap-southeast-1:324279636507:cluster/somleng",
                  "name": "somleng",
                  "setting": [
                    {
                      "name": "containerInsights",
                      "value": "disabled"
                    }
                  ],
                  "tags": {}
                },
                "https_listener": {
                  "arn": "arn:aws:elasticloadbalancing:ap-southeast-1:324279636507:listener/app/somleng-application/209463d35951d2c8/36da5162dfcd7eb3",
                  "certificate_arn": "arn:aws:acm:ap-southeast-1:324279636507:certificate/e79f18ca-7fa1-40ff-a0c1-262aeb79571f",
                  "default_action": [
                    {
                      "authenticate_cognito": [],
                      "authenticate_oidc": [],
                      "fixed_response": [
                        {
                          "content_type": "text/plain",
                          "message_body": "Not Found",
                          "status_code": "404"
                        }
                      ],
                      "forward": [],
                      "order": 1,
                      "redirect": [],
                      "target_group_arn": "",
                      "type": "fixed-response"
                    }
                  ],
                  "id": "arn:aws:elasticloadbalancing:ap-southeast-1:324279636507:listener/app/somleng-application/209463d35951d2c8/36da5162dfcd7eb3",
                  "load_balancer_arn": "arn:aws:elasticloadbalancing:ap-southeast-1:324279636507:loadbalancer/app/somleng-application/209463d35951d2c8",
                  "port": 443,
                  "protocol": "HTTPS",
                  "ssl_policy": "ELBSecurityPolicy-FS-1-2-Res-2019-08",
                  "timeouts": null
                },
                "logs_bucket": {
                  "acceleration_status": "",
                  "acl": "private",
                  "arn": "arn:aws:s3:::logs.somleng.org",
                  "bucket": "logs.somleng.org",
                  "bucket_domain_name": "logs.somleng.org.s3.amazonaws.com",
                  "bucket_prefix": null,
                  "bucket_regional_domain_name": "logs.somleng.org.s3.ap-southeast-1.amazonaws.com",
                  "cors_rule": [],
                  "force_destroy": false,
                  "grant": [],
                  "hosted_zone_id": "Z3O0J2DXBE1FTB",
                  "id": "logs.somleng.org",
                  "lifecycle_rule": [],
                  "logging": [],
                  "object_lock_configuration": [],
                  "policy": null,
                  "region": "ap-southeast-1",
                  "replication_configuration": [],
                  "request_payer": "BucketOwner",
                  "server_side_encryption_configuration": [],
                  "tags": {},
                  "versioning": [
                    {
                      "enabled": false,
                      "mfa_delete": false
                    }
                  ],
                  "website": [],
                  "website_domain": null,
                  "website_endpoint": null
                },
                "ses_credentials": {
                  "encrypted_secret": null,
                  "id": "AKIAUXAESSINU5PAG4YV",
                  "key_fingerprint": null,
                  "pgp_key": null,
                  "secret": "pRSqzA9upy9/RcPQw0M3SqHO4pXPp3l3ZmkKgNe6",
                  "ses_smtp_password": "AqwaWlUkXwD1m5I1DDZ38wNqugW37ZLWjmbXICvsm7Gi",
                  "ses_smtp_password_v4": "BMdtsJ2R3eHCNRMVw6pRmTrzlDD2oF7W/pbUPqNY4byE",
                  "status": "Active",
                  "user": "ses_sender"
                },
                "somleng_internal_zone": {
                  "comment": "Managed by Terraform",
                  "delegation_set_id": "",
                  "force_destroy": null,
                  "id": "Z1PLRD6QO9XES",
                  "name": "internal.somleng.org.",
                  "name_servers": [
                    "ns-0.awsdns-00.com.",
                    "ns-1024.awsdns-00.org.",
                    "ns-1536.awsdns-00.co.uk.",
                    "ns-512.awsdns-00.net."
                  ],
                  "tags": {},
                  "vpc": [
                    {
                      "vpc_id": "vpc-0d36f2f60f3773315",
                      "vpc_region": "ap-southeast-1"
                    }
                  ],
                  "vpc_id": null,
                  "vpc_region": null,
                  "zone_id": "Z1PLRD6QO9XES"
                },
                "somleng_zone": {
                  "comment": "Managed by Terraform",
                  "delegation_set_id": "",
                  "force_destroy": null,
                  "id": "Z3N9IAVOBIQ3KL",
                  "name": "somleng.org.",
                  "name_servers": [
                    "ns-1451.awsdns-53.org",
                    "ns-1608.awsdns-09.co.uk",
                    "ns-336.awsdns-42.com",
                    "ns-916.awsdns-50.net"
                  ],
                  "tags": {},
                  "vpc": [],
                  "vpc_id": null,
                  "vpc_region": null,
                  "zone_id": "Z3N9IAVOBIQ3KL"
                },
                "vpc": {
                  "azs": [
                    "ap-southeast-1a",
                    "ap-southeast-1b",
                    "ap-southeast-1c"
                  ],
                  "cgw_ids": [],
                  "database_internet_gateway_route_id": "",
                  "database_ipv6_egress_route_id": "",
                  "database_nat_gateway_route_ids": [],
                  "database_network_acl_id": "",
                  "database_route_table_association_ids": [
                    "rtbassoc-074b6a03b481a3dcd",
                    "rtbassoc-00d648177e3daddb6",
                    "rtbassoc-06a667812b38327d6"
                  ],
                  "database_route_table_ids": [
                    "rtb-00a119957a921cf0f"
                  ],
                  "database_subnet_arns": [
                    "arn:aws:ec2:ap-southeast-1:324279636507:subnet/subnet-092243b99084e66ff",
                    "arn:aws:ec2:ap-southeast-1:324279636507:subnet/subnet-0c207be414ed2fbcc",
                    "arn:aws:ec2:ap-southeast-1:324279636507:subnet/subnet-03e1ef0dee9b7b526"
                  ],
                  "database_subnet_group": "",
                  "database_subnets": [
                    "subnet-092243b99084e66ff",
                    "subnet-0c207be414ed2fbcc",
                    "subnet-03e1ef0dee9b7b526"
                  ],
                  "database_subnets_cidr_blocks": [
                    "10.10.1.192/26",
                    "10.10.2.0/26",
                    "10.10.2.64/26"
                  ],
                  "database_subnets_ipv6_cidr_blocks": [
                    "",
                    "",
                    ""
                  ],
                  "default_network_acl_id": "acl-03f46e4aa49240fec",
                  "default_route_table_id": "rtb-0ea0c07c8a678b5e1",
                  "default_security_group_id": "sg-0f8b711c13a1f62cc",
                  "default_vpc_cidr_block": "",
                  "default_vpc_default_network_acl_id": "",
                  "default_vpc_default_route_table_id": "",
                  "default_vpc_default_security_group_id": "",
                  "default_vpc_enable_dns_hostnames": "",
                  "default_vpc_enable_dns_support": "",
                  "default_vpc_id": "",
                  "default_vpc_instance_tenancy": "",
                  "default_vpc_main_route_table_id": "",
                  "egress_only_internet_gateway_id": "",
                  "elasticache_network_acl_id": "",
                  "elasticache_route_table_association_ids": [],
                  "elasticache_route_table_ids": [
                    "rtb-00a119957a921cf0f"
                  ],
                  "elasticache_subnet_arns": [],
                  "elasticache_subnet_group": "",
                  "elasticache_subnet_group_name": "",
                  "elasticache_subnets": [],
                  "elasticache_subnets_cidr_blocks": [],
                  "elasticache_subnets_ipv6_cidr_blocks": [],
                  "igw_id": "igw-04debc1385e59f6c5",
                  "intra_network_acl_id": "",
                  "intra_route_table_association_ids": [
                    "rtbassoc-0472e1ffa11cd163a",
                    "rtbassoc-0458dae954e286e1d",
                    "rtbassoc-0716c55b3b75aaec3"
                  ],
                  "intra_route_table_ids": [
                    "rtb-00f48b1ee82cb0b92"
                  ],
                  "intra_subnet_arns": [
                    "arn:aws:ec2:ap-southeast-1:324279636507:subnet/subnet-09c50328a9506a98c",
                    "arn:aws:ec2:ap-southeast-1:324279636507:subnet/subnet-0c0e2d83793bdb58e",
                    "arn:aws:ec2:ap-southeast-1:324279636507:subnet/subnet-03ee22eacd121039e"
                  ],
                  "intra_subnets": [
                    "subnet-09c50328a9506a98c",
                    "subnet-0c0e2d83793bdb58e",
                    "subnet-03ee22eacd121039e"
                  ],
                  "intra_subnets_cidr_blocks": [
                    "10.10.2.128/26",
                    "10.10.2.192/26",
                    "10.10.3.0/26"
                  ],
                  "intra_subnets_ipv6_cidr_blocks": [
                    "",
                    "",
                    ""
                  ],
                  "name": "somleng",
                  "nat_ids": [
                    "eipalloc-0713f50fd023f78d9"
                  ],
                  "nat_public_ips": [
                    "13.250.230.15"
                  ],
                  "natgw_ids": [
                    "nat-09a068f207096e635"
                  ],
                  "private_ipv6_egress_route_ids": [],
                  "private_nat_gateway_route_ids": [
                    "r-rtb-00a119957a921cf0f1080289494"
                  ],
                  "private_network_acl_id": "",
                  "private_route_table_association_ids": [
                    "rtbassoc-03f54921e9fef5dda",
                    "rtbassoc-0ffcd54057288ba9e",
                    "rtbassoc-05a176b6123cde969"
                  ],
                  "private_route_table_ids": [
                    "rtb-00a119957a921cf0f"
                  ],
                  "private_subnet_arns": [
                    "arn:aws:ec2:ap-southeast-1:324279636507:subnet/subnet-07863a438b916523b",
                    "arn:aws:ec2:ap-southeast-1:324279636507:subnet/subnet-098e16f5a2806654e",
                    "arn:aws:ec2:ap-southeast-1:324279636507:subnet/subnet-09b2c9a7ed47dbaa2"
                  ],
                  "private_subnets": [
                    "subnet-07863a438b916523b",
                    "subnet-098e16f5a2806654e",
                    "subnet-09b2c9a7ed47dbaa2"
                  ],
                  "private_subnets_cidr_blocks": [
                    "10.10.1.0/26",
                    "10.10.1.64/26",
                    "10.10.1.128/26"
                  ],
                  "private_subnets_ipv6_cidr_blocks": [
                    "",
                    "",
                    ""
                  ],
                  "public_internet_gateway_ipv6_route_id": "",
                  "public_internet_gateway_route_id": "r-rtb-0f6ea751de86206611080289494",
                  "public_network_acl_id": "",
                  "public_route_table_association_ids": [
                    "rtbassoc-0c41adeef820edc55",
                    "rtbassoc-04f18f78f7d844d6a",
                    "rtbassoc-05f7793e5e1f4dc2c"
                  ],
                  "public_route_table_ids": [
                    "rtb-0f6ea751de8620661"
                  ],
                  "public_subnet_arns": [
                    "arn:aws:ec2:ap-southeast-1:324279636507:subnet/subnet-037dab0f90bbbed32",
                    "arn:aws:ec2:ap-southeast-1:324279636507:subnet/subnet-0a701dabcc88ab5ab",
                    "arn:aws:ec2:ap-southeast-1:324279636507:subnet/subnet-01c5978003b561042"
                  ],
                  "public_subnets": [
                    "subnet-037dab0f90bbbed32",
                    "subnet-0a701dabcc88ab5ab",
                    "subnet-01c5978003b561042"
                  ],
                  "public_subnets_cidr_blocks": [
                    "10.10.0.0/26",
                    "10.10.0.64/26",
                    "10.10.0.128/26"
                  ],
                  "public_subnets_ipv6_cidr_blocks": [
                    "",
                    "",
                    ""
                  ],
                  "redshift_network_acl_id": "",
                  "redshift_public_route_table_association_ids": [],
                  "redshift_route_table_association_ids": [],
                  "redshift_route_table_ids": [
                    "rtb-00a119957a921cf0f"
                  ],
                  "redshift_subnet_arns": [],
                  "redshift_subnet_group": "",
                  "redshift_subnets": [],
                  "redshift_subnets_cidr_blocks": [],
                  "redshift_subnets_ipv6_cidr_blocks": [],
                  "this_customer_gateway": {},
                  "vgw_id": "",
                  "vpc_arn": "arn:aws:ec2:ap-southeast-1:324279636507:vpc/vpc-03b0c4b647a7b4a48",
                  "vpc_cidr_block": "10.10.0.0/22",
                  "vpc_enable_dns_hostnames": true,
                  "vpc_enable_dns_support": true,
                  "vpc_endpoint_access_analyzer_dns_entry": [],
                  "vpc_endpoint_access_analyzer_id": "",
                  "vpc_endpoint_access_analyzer_network_interface_ids": [],
                  "vpc_endpoint_acm_pca_dns_entry": [],
                  "vpc_endpoint_acm_pca_id": "",
                  "vpc_endpoint_acm_pca_network_interface_ids": [],
                  "vpc_endpoint_apigw_dns_entry": [],
                  "vpc_endpoint_apigw_id": "",
                  "vpc_endpoint_apigw_network_interface_ids": [],
                  "vpc_endpoint_appmesh_envoy_management_dns_entry": [],
                  "vpc_endpoint_appmesh_envoy_management_id": "",
                  "vpc_endpoint_appmesh_envoy_management_network_interface_ids": [],
                  "vpc_endpoint_appstream_dns_entry": [],
                  "vpc_endpoint_appstream_id": "",
                  "vpc_endpoint_appstream_network_interface_ids": [],
                  "vpc_endpoint_athena_dns_entry": [],
                  "vpc_endpoint_athena_id": "",
                  "vpc_endpoint_athena_network_interface_ids": [],
                  "vpc_endpoint_auto_scaling_plans_dns_entry": [],
                  "vpc_endpoint_auto_scaling_plans_id": "",
                  "vpc_endpoint_auto_scaling_plans_network_interface_ids": [],
                  "vpc_endpoint_cloud_directory_dns_entry": [],
                  "vpc_endpoint_cloud_directory_id": "",
                  "vpc_endpoint_cloud_directory_network_interface_ids": [],
                  "vpc_endpoint_cloudformation_dns_entry": [],
                  "vpc_endpoint_cloudformation_id": "",
                  "vpc_endpoint_cloudformation_network_interface_ids": [],
                  "vpc_endpoint_cloudtrail_dns_entry": [],
                  "vpc_endpoint_cloudtrail_id": "",
                  "vpc_endpoint_cloudtrail_network_interface_ids": [],
                  "vpc_endpoint_codebuild_dns_entry": [],
                  "vpc_endpoint_codebuild_id": "",
                  "vpc_endpoint_codebuild_network_interface_ids": [],
                  "vpc_endpoint_codecommit_dns_entry": [],
                  "vpc_endpoint_codecommit_id": "",
                  "vpc_endpoint_codecommit_network_interface_ids": [],
                  "vpc_endpoint_codepipeline_dns_entry": [],
                  "vpc_endpoint_codepipeline_id": "",
                  "vpc_endpoint_codepipeline_network_interface_ids": [],
                  "vpc_endpoint_config_dns_entry": [],
                  "vpc_endpoint_config_id": "",
                  "vpc_endpoint_config_network_interface_ids": [],
                  "vpc_endpoint_datasync_dns_entry": [],
                  "vpc_endpoint_datasync_id": "",
                  "vpc_endpoint_datasync_network_interface_ids": [],
                  "vpc_endpoint_dynamodb_id": "",
                  "vpc_endpoint_dynamodb_pl_id": "",
                  "vpc_endpoint_ebs_dns_entry": [],
                  "vpc_endpoint_ebs_id": "",
                  "vpc_endpoint_ebs_network_interface_ids": [],
                  "vpc_endpoint_ec2_autoscaling_dns_entry": [],
                  "vpc_endpoint_ec2_autoscaling_id": "",
                  "vpc_endpoint_ec2_autoscaling_network_interface_ids": [],
                  "vpc_endpoint_ec2_dns_entry": [],
                  "vpc_endpoint_ec2_id": "",
                  "vpc_endpoint_ec2_network_interface_ids": [],
                  "vpc_endpoint_ec2messages_dns_entry": [],
                  "vpc_endpoint_ec2messages_id": "",
                  "vpc_endpoint_ec2messages_network_interface_ids": [],
                  "vpc_endpoint_ecr_api_dns_entry": [],
                  "vpc_endpoint_ecr_api_id": "",
                  "vpc_endpoint_ecr_api_network_interface_ids": [],
                  "vpc_endpoint_ecr_dkr_dns_entry": [],
                  "vpc_endpoint_ecr_dkr_id": "",
                  "vpc_endpoint_ecr_dkr_network_interface_ids": [],
                  "vpc_endpoint_ecs_agent_dns_entry": [],
                  "vpc_endpoint_ecs_agent_id": "",
                  "vpc_endpoint_ecs_agent_network_interface_ids": [],
                  "vpc_endpoint_ecs_dns_entry": [],
                  "vpc_endpoint_ecs_id": "",
                  "vpc_endpoint_ecs_network_interface_ids": [],
                  "vpc_endpoint_ecs_telemetry_dns_entry": [],
                  "vpc_endpoint_ecs_telemetry_id": "",
                  "vpc_endpoint_ecs_telemetry_network_interface_ids": [],
                  "vpc_endpoint_efs_dns_entry": [],
                  "vpc_endpoint_efs_id": "",
                  "vpc_endpoint_efs_network_interface_ids": [],
                  "vpc_endpoint_elastic_inference_runtime_dns_entry": [],
                  "vpc_endpoint_elastic_inference_runtime_id": "",
                  "vpc_endpoint_elastic_inference_runtime_network_interface_ids": [],
                  "vpc_endpoint_elasticbeanstalk_dns_entry": [],
                  "vpc_endpoint_elasticbeanstalk_health_dns_entry": [],
                  "vpc_endpoint_elasticbeanstalk_health_id": "",
                  "vpc_endpoint_elasticbeanstalk_health_network_interface_ids": [],
                  "vpc_endpoint_elasticbeanstalk_id": "",
                  "vpc_endpoint_elasticbeanstalk_network_interface_ids": [],
                  "vpc_endpoint_elasticloadbalancing_dns_entry": [],
                  "vpc_endpoint_elasticloadbalancing_id": "",
                  "vpc_endpoint_elasticloadbalancing_network_interface_ids": [],
                  "vpc_endpoint_elasticmapreduce_dns_entry": [],
                  "vpc_endpoint_elasticmapreduce_id": "",
                  "vpc_endpoint_elasticmapreduce_network_interface_ids": [],
                  "vpc_endpoint_events_dns_entry": [],
                  "vpc_endpoint_events_id": "",
                  "vpc_endpoint_events_network_interface_ids": [],
                  "vpc_endpoint_git_codecommit_dns_entry": [],
                  "vpc_endpoint_git_codecommit_id": "",
                  "vpc_endpoint_git_codecommit_network_interface_ids": [],
                  "vpc_endpoint_glue_dns_entry": [],
                  "vpc_endpoint_glue_id": "",
                  "vpc_endpoint_glue_network_interface_ids": [],
                  "vpc_endpoint_kinesis_firehose_dns_entry": [],
                  "vpc_endpoint_kinesis_firehose_id": "",
                  "vpc_endpoint_kinesis_firehose_network_interface_ids": [],
                  "vpc_endpoint_kinesis_streams_dns_entry": [],
                  "vpc_endpoint_kinesis_streams_id": "",
                  "vpc_endpoint_kinesis_streams_network_interface_ids": [],
                  "vpc_endpoint_kms_dns_entry": [],
                  "vpc_endpoint_kms_id": "",
                  "vpc_endpoint_kms_network_interface_ids": [],
                  "vpc_endpoint_logs_dns_entry": [],
                  "vpc_endpoint_logs_id": "",
                  "vpc_endpoint_logs_network_interface_ids": [],
                  "vpc_endpoint_monitoring_dns_entry": [],
                  "vpc_endpoint_monitoring_id": "",
                  "vpc_endpoint_monitoring_network_interface_ids": [],
                  "vpc_endpoint_qldb_session_dns_entry": [],
                  "vpc_endpoint_qldb_session_id": "",
                  "vpc_endpoint_qldb_session_network_interface_ids": [],
                  "vpc_endpoint_rekognition_dns_entry": [],
                  "vpc_endpoint_rekognition_id": "",
                  "vpc_endpoint_rekognition_network_interface_ids": [],
                  "vpc_endpoint_s3_id": "",
                  "vpc_endpoint_s3_pl_id": "",
                  "vpc_endpoint_sagemaker_api_dns_entry": [],
                  "vpc_endpoint_sagemaker_api_id": "",
                  "vpc_endpoint_sagemaker_api_network_interface_ids": [],
                  "vpc_endpoint_sagemaker_runtime_dns_entry": [],
                  "vpc_endpoint_sagemaker_runtime_id": "",
                  "vpc_endpoint_sagemaker_runtime_network_interface_ids": [],
                  "vpc_endpoint_secretsmanager_dns_entry": [],
                  "vpc_endpoint_secretsmanager_id": "",
                  "vpc_endpoint_secretsmanager_network_interface_ids": [],
                  "vpc_endpoint_servicecatalog_dns_entry": [],
                  "vpc_endpoint_servicecatalog_id": "",
                  "vpc_endpoint_servicecatalog_network_interface_ids": [],
                  "vpc_endpoint_ses_dns_entry": [],
                  "vpc_endpoint_ses_id": "",
                  "vpc_endpoint_ses_network_interface_ids": [],
                  "vpc_endpoint_sms_dns_entry": [],
                  "vpc_endpoint_sms_id": "",
                  "vpc_endpoint_sms_network_interface_ids": [],
                  "vpc_endpoint_sns_dns_entry": [],
                  "vpc_endpoint_sns_id": "",
                  "vpc_endpoint_sns_network_interface_ids": [],
                  "vpc_endpoint_sqs_dns_entry": [],
                  "vpc_endpoint_sqs_id": "",
                  "vpc_endpoint_sqs_network_interface_ids": [],
                  "vpc_endpoint_ssm_dns_entry": [],
                  "vpc_endpoint_ssm_id": "",
                  "vpc_endpoint_ssm_network_interface_ids": [],
                  "vpc_endpoint_ssmmessages_dns_entry": [],
                  "vpc_endpoint_ssmmessages_id": "",
                  "vpc_endpoint_ssmmessages_network_interface_ids": [],
                  "vpc_endpoint_states_dns_entry": [],
                  "vpc_endpoint_states_id": "",
                  "vpc_endpoint_states_network_interface_ids": [],
                  "vpc_endpoint_storagegateway_dns_entry": [],
                  "vpc_endpoint_storagegateway_id": "",
                  "vpc_endpoint_storagegateway_network_interface_ids": [],
                  "vpc_endpoint_sts_dns_entry": [],
                  "vpc_endpoint_sts_id": "",
                  "vpc_endpoint_sts_network_interface_ids": [],
                  "vpc_endpoint_transfer_dns_entry": [],
                  "vpc_endpoint_transfer_id": "",
                  "vpc_endpoint_transfer_network_interface_ids": [],
                  "vpc_endpoint_transferserver_dns_entry": [],
                  "vpc_endpoint_transferserver_id": "",
                  "vpc_endpoint_transferserver_network_interface_ids": [],
                  "vpc_endpoint_workspaces_dns_entry": [],
                  "vpc_endpoint_workspaces_id": "",
                  "vpc_endpoint_workspaces_network_interface_ids": [],
                  "vpc_flow_log_cloudwatch_iam_role_arn": "",
                  "vpc_flow_log_destination_arn": "",
                  "vpc_flow_log_destination_type": "cloud-watch-logs",
                  "vpc_flow_log_id": "",
                  "vpc_id": "vpc-03b0c4b647a7b4a48",
                  "vpc_instance_tenancy": "default",
                  "vpc_ipv6_association_id": "",
                  "vpc_ipv6_cidr_block": "",
                  "vpc_main_route_table_id": "rtb-0ea0c07c8a678b5e1",
                  "vpc_owner_id": "324279636507",
                  "vpc_secondary_cidr_blocks": []
                }
              },
              "type": [
                "object",
                {
                  "acm_certificate": [
                    "object",
                    {
                      "arn": "string",
                      "certificate_authority_arn": "string",
                      "certificate_body": "string",
                      "certificate_chain": "string",
                      "domain_name": "string",
                      "domain_validation_options": [
                        "list",
                        [
                          "object",
                          {
                            "domain_name": "string",
                            "resource_record_name": "string",
                            "resource_record_type": "string",
                            "resource_record_value": "string"
                          }
                        ]
                      ],
                      "id": "string",
                      "options": [
                        "list",
                        [
                          "object",
                          {
                            "certificate_transparency_logging_preference": "string"
                          }
                        ]
                      ],
                      "private_key": "string",
                      "status": "string",
                      "subject_alternative_names": [
                        "list",
                        "string"
                      ],
                      "tags": [
                        "map",
                        "string"
                      ],
                      "validation_emails": [
                        "list",
                        "string"
                      ],
                      "validation_method": "string"
                    }
                  ],
                  "application_load_balancer": [
                    "object",
                    {
                      "access_logs": [
                        "list",
                        [
                          "object",
                          {
                            "bucket": "string",
                            "enabled": "bool",
                            "prefix": "string"
                          }
                        ]
                      ],
                      "arn": "string",
                      "arn_suffix": "string",
                      "dns_name": "string",
                      "drop_invalid_header_fields": "bool",
                      "enable_cross_zone_load_balancing": "bool",
                      "enable_deletion_protection": "bool",
                      "enable_http2": "bool",
                      "id": "string",
                      "idle_timeout": "number",
                      "internal": "bool",
                      "ip_address_type": "string",
                      "load_balancer_type": "string",
                      "name": "string",
                      "name_prefix": "string",
                      "security_groups": [
                        "set",
                        "string"
                      ],
                      "subnet_mapping": [
                        "set",
                        [
                          "object",
                          {
                            "allocation_id": "string",
                            "subnet_id": "string"
                          }
                        ]
                      ],
                      "subnets": [
                        "set",
                        "string"
                      ],
                      "tags": [
                        "map",
                        "string"
                      ],
                      "timeouts": [
                        "object",
                        {
                          "create": "string",
                          "delete": "string",
                          "update": "string"
                        }
                      ],
                      "vpc_id": "string",
                      "zone_id": "string"
                    }
                  ],
                  "ci_deploy_key": [
                    "object",
                    {
                      "encrypted_secret": "string",
                      "id": "string",
                      "key_fingerprint": "string",
                      "pgp_key": "string",
                      "secret": "string",
                      "ses_smtp_password": "string",
                      "ses_smtp_password_v4": "string",
                      "status": "string",
                      "user": "string"
                    }
                  ],
                  "ci_deploy_role": [
                    "object",
                    {
                      "arn": "string",
                      "assume_role_policy": "string",
                      "create_date": "string",
                      "description": "string",
                      "force_detach_policies": "bool",
                      "id": "string",
                      "max_session_duration": "number",
                      "name": "string",
                      "name_prefix": "string",
                      "path": "string",
                      "permissions_boundary": "string",
                      "tags": [
                        "map",
                        "string"
                      ],
                      "unique_id": "string"
                    }
                  ],
                  "codedeploy_role": [
                    "object",
                    {
                      "arn": "string",
                      "assume_role_policy": "string",
                      "create_date": "string",
                      "description": "string",
                      "force_detach_policies": "bool",
                      "id": "string",
                      "max_session_duration": "number",
                      "name": "string",
                      "name_prefix": "string",
                      "path": "string",
                      "permissions_boundary": "string",
                      "tags": [
                        "map",
                        "string"
                      ],
                      "unique_id": "string"
                    }
                  ],
                  "db": [
                    "object",
                    {
                      "this_rds_cluster_arn": "string",
                      "this_rds_cluster_database_name": "string",
                      "this_rds_cluster_endpoint": "string",
                      "this_rds_cluster_id": "string",
                      "this_rds_cluster_instance_endpoints": [
                        "tuple",
                        [
                          "string"
                        ]
                      ],
                      "this_rds_cluster_instance_ids": [
                        "tuple",
                        [
                          "string"
                        ]
                      ],
                      "this_rds_cluster_master_password": "string",
                      "this_rds_cluster_master_username": "string",
                      "this_rds_cluster_port": "number",
                      "this_rds_cluster_reader_endpoint": "string",
                      "this_rds_cluster_resource_id": "string",
                      "this_security_group_id": "string"
                    }
                  ],
                  "db_master_password_parameter": [
                    "object",
                    {
                      "allowed_pattern": "string",
                      "arn": "string",
                      "description": "string",
                      "id": "string",
                      "key_id": "string",
                      "name": "string",
                      "overwrite": "bool",
                      "tags": [
                        "map",
                        "string"
                      ],
                      "tier": "string",
                      "type": "string",
                      "value": "string",
                      "version": "number"
                    }
                  ],
                  "db_security_group": [
                    "object",
                    {
                      "arn": "string",
                      "description": "string",
                      "egress": [
                        "set",
                        [
                          "object",
                          {
                            "cidr_blocks": [
                              "list",
                              "string"
                            ],
                            "description": "string",
                            "from_port": "number",
                            "ipv6_cidr_blocks": [
                              "list",
                              "string"
                            ],
                            "prefix_list_ids": [
                              "list",
                              "string"
                            ],
                            "protocol": "string",
                            "security_groups": [
                              "set",
                              "string"
                            ],
                            "self": "bool",
                            "to_port": "number"
                          }
                        ]
                      ],
                      "id": "string",
                      "ingress": [
                        "set",
                        [
                          "object",
                          {
                            "cidr_blocks": [
                              "list",
                              "string"
                            ],
                            "description": "string",
                            "from_port": "number",
                            "ipv6_cidr_blocks": [
                              "list",
                              "string"
                            ],
                            "prefix_list_ids": [
                              "list",
                              "string"
                            ],
                            "protocol": "string",
                            "security_groups": [
                              "set",
                              "string"
                            ],
                            "self": "bool",
                            "to_port": "number"
                          }
                        ]
                      ],
                      "name": "string",
                      "name_prefix": "string",
                      "owner_id": "string",
                      "revoke_rules_on_delete": "bool",
                      "tags": [
                        "map",
                        "string"
                      ],
                      "timeouts": [
                        "object",
                        {
                          "create": "string",
                          "delete": "string"
                        }
                      ],
                      "vpc_id": "string"
                    }
                  ],
                  "ecs_cluster": [
                    "object",
                    {
                      "arn": "string",
                      "capacity_providers": [
                        "set",
                        "string"
                      ],
                      "default_capacity_provider_strategy": [
                        "set",
                        [
                          "object",
                          {
                            "base": "number",
                            "capacity_provider": "string",
                            "weight": "number"
                          }
                        ]
                      ],
                      "id": "string",
                      "name": "string",
                      "setting": [
                        "set",
                        [
                          "object",
                          {
                            "name": "string",
                            "value": "string"
                          }
                        ]
                      ],
                      "tags": [
                        "map",
                        "string"
                      ]
                    }
                  ],
                  "https_listener": [
                    "object",
                    {
                      "arn": "string",
                      "certificate_arn": "string",
                      "default_action": [
                        "list",
                        [
                          "object",
                          {
                            "authenticate_cognito": [
                              "list",
                              [
                                "object",
                                {
                                  "authentication_request_extra_params": [
                                    "map",
                                    "string"
                                  ],
                                  "on_unauthenticated_request": "string",
                                  "scope": "string",
                                  "session_cookie_name": "string",
                                  "session_timeout": "number",
                                  "user_pool_arn": "string",
                                  "user_pool_client_id": "string",
                                  "user_pool_domain": "string"
                                }
                              ]
                            ],
                            "authenticate_oidc": [
                              "list",
                              [
                                "object",
                                {
                                  "authentication_request_extra_params": [
                                    "map",
                                    "string"
                                  ],
                                  "authorization_endpoint": "string",
                                  "client_id": "string",
                                  "client_secret": "string",
                                  "issuer": "string",
                                  "on_unauthenticated_request": "string",
                                  "scope": "string",
                                  "session_cookie_name": "string",
                                  "session_timeout": "number",
                                  "token_endpoint": "string",
                                  "user_info_endpoint": "string"
                                }
                              ]
                            ],
                            "fixed_response": [
                              "list",
                              [
                                "object",
                                {
                                  "content_type": "string",
                                  "message_body": "string",
                                  "status_code": "string"
                                }
                              ]
                            ],
                            "forward": [
                              "list",
                              [
                                "object",
                                {
                                  "stickiness": [
                                    "list",
                                    [
                                      "object",
                                      {
                                        "duration": "number",
                                        "enabled": "bool"
                                      }
                                    ]
                                  ],
                                  "target_group": [
                                    "set",
                                    [
                                      "object",
                                      {
                                        "arn": "string",
                                        "weight": "number"
                                      }
                                    ]
                                  ]
                                }
                              ]
                            ],
                            "order": "number",
                            "redirect": [
                              "list",
                              [
                                "object",
                                {
                                  "host": "string",
                                  "path": "string",
                                  "port": "string",
                                  "protocol": "string",
                                  "query": "string",
                                  "status_code": "string"
                                }
                              ]
                            ],
                            "target_group_arn": "string",
                            "type": "string"
                          }
                        ]
                      ],
                      "id": "string",
                      "load_balancer_arn": "string",
                      "port": "number",
                      "protocol": "string",
                      "ssl_policy": "string",
                      "timeouts": [
                        "object",
                        {
                          "read": "string"
                        }
                      ]
                    }
                  ],
                  "logs_bucket": [
                    "object",
                    {
                      "acceleration_status": "string",
                      "acl": "string",
                      "arn": "string",
                      "bucket": "string",
                      "bucket_domain_name": "string",
                      "bucket_prefix": "string",
                      "bucket_regional_domain_name": "string",
                      "cors_rule": [
                        "list",
                        [
                          "object",
                          {
                            "allowed_headers": [
                              "list",
                              "string"
                            ],
                            "allowed_methods": [
                              "list",
                              "string"
                            ],
                            "allowed_origins": [
                              "list",
                              "string"
                            ],
                            "expose_headers": [
                              "list",
                              "string"
                            ],
                            "max_age_seconds": "number"
                          }
                        ]
                      ],
                      "force_destroy": "bool",
                      "grant": [
                        "set",
                        [
                          "object",
                          {
                            "id": "string",
                            "permissions": [
                              "set",
                              "string"
                            ],
                            "type": "string",
                            "uri": "string"
                          }
                        ]
                      ],
                      "hosted_zone_id": "string",
                      "id": "string",
                      "lifecycle_rule": [
                        "list",
                        [
                          "object",
                          {
                            "abort_incomplete_multipart_upload_days": "number",
                            "enabled": "bool",
                            "expiration": [
                              "list",
                              [
                                "object",
                                {
                                  "date": "string",
                                  "days": "number",
                                  "expired_object_delete_marker": "bool"
                                }
                              ]
                            ],
                            "id": "string",
                            "noncurrent_version_expiration": [
                              "list",
                              [
                                "object",
                                {
                                  "days": "number"
                                }
                              ]
                            ],
                            "noncurrent_version_transition": [
                              "set",
                              [
                                "object",
                                {
                                  "days": "number",
                                  "storage_class": "string"
                                }
                              ]
                            ],
                            "prefix": "string",
                            "tags": [
                              "map",
                              "string"
                            ],
                            "transition": [
                              "set",
                              [
                                "object",
                                {
                                  "date": "string",
                                  "days": "number",
                                  "storage_class": "string"
                                }
                              ]
                            ]
                          }
                        ]
                      ],
                      "logging": [
                        "set",
                        [
                          "object",
                          {
                            "target_bucket": "string",
                            "target_prefix": "string"
                          }
                        ]
                      ],
                      "object_lock_configuration": [
                        "list",
                        [
                          "object",
                          {
                            "object_lock_enabled": "string",
                            "rule": [
                              "list",
                              [
                                "object",
                                {
                                  "default_retention": [
                                    "list",
                                    [
                                      "object",
                                      {
                                        "days": "number",
                                        "mode": "string",
                                        "years": "number"
                                      }
                                    ]
                                  ]
                                }
                              ]
                            ]
                          }
                        ]
                      ],
                      "policy": "string",
                      "region": "string",
                      "replication_configuration": [
                        "list",
                        [
                          "object",
                          {
                            "role": "string",
                            "rules": [
                              "set",
                              [
                                "object",
                                {
                                  "destination": [
                                    "list",
                                    [
                                      "object",
                                      {
                                        "access_control_translation": [
                                          "list",
                                          [
                                            "object",
                                            {
                                              "owner": "string"
                                            }
                                          ]
                                        ],
                                        "account_id": "string",
                                        "bucket": "string",
                                        "replica_kms_key_id": "string",
                                        "storage_class": "string"
                                      }
                                    ]
                                  ],
                                  "filter": [
                                    "list",
                                    [
                                      "object",
                                      {
                                        "prefix": "string",
                                        "tags": [
                                          "map",
                                          "string"
                                        ]
                                      }
                                    ]
                                  ],
                                  "id": "string",
                                  "prefix": "string",
                                  "priority": "number",
                                  "source_selection_criteria": [
                                    "list",
                                    [
                                      "object",
                                      {
                                        "sse_kms_encrypted_objects": [
                                          "list",
                                          [
                                            "object",
                                            {
                                              "enabled": "bool"
                                            }
                                          ]
                                        ]
                                      }
                                    ]
                                  ],
                                  "status": "string"
                                }
                              ]
                            ]
                          }
                        ]
                      ],
                      "request_payer": "string",
                      "server_side_encryption_configuration": [
                        "list",
                        [
                          "object",
                          {
                            "rule": [
                              "list",
                              [
                                "object",
                                {
                                  "apply_server_side_encryption_by_default": [
                                    "list",
                                    [
                                      "object",
                                      {
                                        "kms_master_key_id": "string",
                                        "sse_algorithm": "string"
                                      }
                                    ]
                                  ]
                                }
                              ]
                            ]
                          }
                        ]
                      ],
                      "tags": [
                        "map",
                        "string"
                      ],
                      "versioning": [
                        "list",
                        [
                          "object",
                          {
                            "enabled": "bool",
                            "mfa_delete": "bool"
                          }
                        ]
                      ],
                      "website": [
                        "list",
                        [
                          "object",
                          {
                            "error_document": "string",
                            "index_document": "string",
                            "redirect_all_requests_to": "string",
                            "routing_rules": "string"
                          }
                        ]
                      ],
                      "website_domain": "string",
                      "website_endpoint": "string"
                    }
                  ],
                  "ses_credentials": [
                    "object",
                    {
                      "encrypted_secret": "string",
                      "id": "string",
                      "key_fingerprint": "string",
                      "pgp_key": "string",
                      "secret": "string",
                      "ses_smtp_password": "string",
                      "ses_smtp_password_v4": "string",
                      "status": "string",
                      "user": "string"
                    }
                  ],
                  "somleng_internal_zone": [
                    "object",
                    {
                      "comment": "string",
                      "delegation_set_id": "string",
                      "force_destroy": "bool",
                      "id": "string",
                      "name": "string",
                      "name_servers": [
                        "list",
                        "string"
                      ],
                      "tags": [
                        "map",
                        "string"
                      ],
                      "vpc": [
                        "set",
                        [
                          "object",
                          {
                            "vpc_id": "string",
                            "vpc_region": "string"
                          }
                        ]
                      ],
                      "vpc_id": "string",
                      "vpc_region": "string",
                      "zone_id": "string"
                    }
                  ],
                  "somleng_zone": [
                    "object",
                    {
                      "comment": "string",
                      "delegation_set_id": "string",
                      "force_destroy": "bool",
                      "id": "string",
                      "name": "string",
                      "name_servers": [
                        "list",
                        "string"
                      ],
                      "tags": [
                        "map",
                        "string"
                      ],
                      "vpc": [
                        "set",
                        [
                          "object",
                          {
                            "vpc_id": "string",
                            "vpc_region": "string"
                          }
                        ]
                      ],
                      "vpc_id": "string",
                      "vpc_region": "string",
                      "zone_id": "string"
                    }
                  ],
                  "vpc": [
                    "object",
                    {
                      "azs": [
                        "list",
                        "string"
                      ],
                      "cgw_ids": [
                        "tuple",
                        []
                      ],
                      "database_internet_gateway_route_id": "string",
                      "database_ipv6_egress_route_id": "string",
                      "database_nat_gateway_route_ids": [
                        "tuple",
                        []
                      ],
                      "database_network_acl_id": "string",
                      "database_route_table_association_ids": [
                        "tuple",
                        [
                          "string",
                          "string",
                          "string"
                        ]
                      ],
                      "database_route_table_ids": [
                        "list",
                        "string"
                      ],
                      "database_subnet_arns": [
                        "tuple",
                        [
                          "string",
                          "string",
                          "string"
                        ]
                      ],
                      "database_subnet_group": "string",
                      "database_subnets": [
                        "tuple",
                        [
                          "string",
                          "string",
                          "string"
                        ]
                      ],
                      "database_subnets_cidr_blocks": [
                        "tuple",
                        [
                          "string",
                          "string",
                          "string"
                        ]
                      ],
                      "database_subnets_ipv6_cidr_blocks": [
                        "tuple",
                        [
                          "string",
                          "string",
                          "string"
                        ]
                      ],
                      "default_network_acl_id": "string",
                      "default_route_table_id": "string",
                      "default_security_group_id": "string",
                      "default_vpc_cidr_block": "string",
                      "default_vpc_default_network_acl_id": "string",
                      "default_vpc_default_route_table_id": "string",
                      "default_vpc_default_security_group_id": "string",
                      "default_vpc_enable_dns_hostnames": "string",
                      "default_vpc_enable_dns_support": "string",
                      "default_vpc_id": "string",
                      "default_vpc_instance_tenancy": "string",
                      "default_vpc_main_route_table_id": "string",
                      "egress_only_internet_gateway_id": "string",
                      "elasticache_network_acl_id": "string",
                      "elasticache_route_table_association_ids": [
                        "tuple",
                        []
                      ],
                      "elasticache_route_table_ids": [
                        "list",
                        "string"
                      ],
                      "elasticache_subnet_arns": [
                        "tuple",
                        []
                      ],
                      "elasticache_subnet_group": "string",
                      "elasticache_subnet_group_name": "string",
                      "elasticache_subnets": [
                        "tuple",
                        []
                      ],
                      "elasticache_subnets_cidr_blocks": [
                        "tuple",
                        []
                      ],
                      "elasticache_subnets_ipv6_cidr_blocks": [
                        "tuple",
                        []
                      ],
                      "igw_id": "string",
                      "intra_network_acl_id": "string",
                      "intra_route_table_association_ids": [
                        "tuple",
                        [
                          "string",
                          "string",
                          "string"
                        ]
                      ],
                      "intra_route_table_ids": [
                        "tuple",
                        [
                          "string"
                        ]
                      ],
                      "intra_subnet_arns": [
                        "tuple",
                        [
                          "string",
                          "string",
                          "string"
                        ]
                      ],
                      "intra_subnets": [
                        "tuple",
                        [
                          "string",
                          "string",
                          "string"
                        ]
                      ],
                      "intra_subnets_cidr_blocks": [
                        "tuple",
                        [
                          "string",
                          "string",
                          "string"
                        ]
                      ],
                      "intra_subnets_ipv6_cidr_blocks": [
                        "tuple",
                        [
                          "string",
                          "string",
                          "string"
                        ]
                      ],
                      "name": "string",
                      "nat_ids": [
                        "tuple",
                        [
                          "string"
                        ]
                      ],
                      "nat_public_ips": [
                        "list",
                        "string"
                      ],
                      "natgw_ids": [
                        "tuple",
                        [
                          "string"
                        ]
                      ],
                      "private_ipv6_egress_route_ids": [
                        "tuple",
                        []
                      ],
                      "private_nat_gateway_route_ids": [
                        "tuple",
                        [
                          "string"
                        ]
                      ],
                      "private_network_acl_id": "string",
                      "private_route_table_association_ids": [
                        "tuple",
                        [
                          "string",
                          "string",
                          "string"
                        ]
                      ],
                      "private_route_table_ids": [
                        "tuple",
                        [
                          "string"
                        ]
                      ],
                      "private_subnet_arns": [
                        "tuple",
                        [
                          "string",
                          "string",
                          "string"
                        ]
                      ],
                      "private_subnets": [
                        "tuple",
                        [
                          "string",
                          "string",
                          "string"
                        ]
                      ],
                      "private_subnets_cidr_blocks": [
                        "tuple",
                        [
                          "string",
                          "string",
                          "string"
                        ]
                      ],
                      "private_subnets_ipv6_cidr_blocks": [
                        "tuple",
                        [
                          "string",
                          "string",
                          "string"
                        ]
                      ],
                      "public_internet_gateway_ipv6_route_id": "string",
                      "public_internet_gateway_route_id": "string",
                      "public_network_acl_id": "string",
                      "public_route_table_association_ids": [
                        "tuple",
                        [
                          "string",
                          "string",
                          "string"
                        ]
                      ],
                      "public_route_table_ids": [
                        "tuple",
                        [
                          "string"
                        ]
                      ],
                      "public_subnet_arns": [
                        "tuple",
                        [
                          "string",
                          "string",
                          "string"
                        ]
                      ],
                      "public_subnets": [
                        "tuple",
                        [
                          "string",
                          "string",
                          "string"
                        ]
                      ],
                      "public_subnets_cidr_blocks": [
                        "tuple",
                        [
                          "string",
                          "string",
                          "string"
                        ]
                      ],
                      "public_subnets_ipv6_cidr_blocks": [
                        "tuple",
                        [
                          "string",
                          "string",
                          "string"
                        ]
                      ],
                      "redshift_network_acl_id": "string",
                      "redshift_public_route_table_association_ids": [
                        "tuple",
                        []
                      ],
                      "redshift_route_table_association_ids": [
                        "tuple",
                        []
                      ],
                      "redshift_route_table_ids": [
                        "list",
                        "string"
                      ],
                      "redshift_subnet_arns": [
                        "tuple",
                        []
                      ],
                      "redshift_subnet_group": "string",
                      "redshift_subnets": [
                        "tuple",
                        []
                      ],
                      "redshift_subnets_cidr_blocks": [
                        "tuple",
                        []
                      ],
                      "redshift_subnets_ipv6_cidr_blocks": [
                        "tuple",
                        []
                      ],
                      "this_customer_gateway": [
                        "object",
                        {}
                      ],
                      "vgw_id": "string",
                      "vpc_arn": "string",
                      "vpc_cidr_block": "string",
                      "vpc_enable_dns_hostnames": "bool",
                      "vpc_enable_dns_support": "bool",
                      "vpc_endpoint_access_analyzer_dns_entry": [
                        "tuple",
                        []
                      ],
                      "vpc_endpoint_access_analyzer_id": "string",
                      "vpc_endpoint_access_analyzer_network_interface_ids": [
                        "tuple",
                        []
                      ],
                      "vpc_endpoint_acm_pca_dns_entry": [
                        "tuple",
                        []
                      ],
                      "vpc_endpoint_acm_pca_id": "string",
                      "vpc_endpoint_acm_pca_network_interface_ids": [
                        "tuple",
                        []
                      ],
                      "vpc_endpoint_apigw_dns_entry": [
                        "tuple",
                        []
                      ],
                      "vpc_endpoint_apigw_id": "string",
                      "vpc_endpoint_apigw_network_interface_ids": [
                        "tuple",
                        []
                      ],
                      "vpc_endpoint_appmesh_envoy_management_dns_entry": [
                        "tuple",
                        []
                      ],
                      "vpc_endpoint_appmesh_envoy_management_id": "string",
                      "vpc_endpoint_appmesh_envoy_management_network_interface_ids": [
                        "tuple",
                        []
                      ],
                      "vpc_endpoint_appstream_dns_entry": [
                        "tuple",
                        []
                      ],
                      "vpc_endpoint_appstream_id": "string",
                      "vpc_endpoint_appstream_network_interface_ids": [
                        "tuple",
                        []
                      ],
                      "vpc_endpoint_athena_dns_entry": [
                        "tuple",
                        []
                      ],
                      "vpc_endpoint_athena_id": "string",
                      "vpc_endpoint_athena_network_interface_ids": [
                        "tuple",
                        []
                      ],
                      "vpc_endpoint_auto_scaling_plans_dns_entry": [
                        "tuple",
                        []
                      ],
                      "vpc_endpoint_auto_scaling_plans_id": "string",
                      "vpc_endpoint_auto_scaling_plans_network_interface_ids": [
                        "tuple",
                        []
                      ],
                      "vpc_endpoint_cloud_directory_dns_entry": [
                        "tuple",
                        []
                      ],
                      "vpc_endpoint_cloud_directory_id": "string",
                      "vpc_endpoint_cloud_directory_network_interface_ids": [
                        "tuple",
                        []
                      ],
                      "vpc_endpoint_cloudformation_dns_entry": [
                        "tuple",
                        []
                      ],
                      "vpc_endpoint_cloudformation_id": "string",
                      "vpc_endpoint_cloudformation_network_interface_ids": [
                        "tuple",
                        []
                      ],
                      "vpc_endpoint_cloudtrail_dns_entry": [
                        "tuple",
                        []
                      ],
                      "vpc_endpoint_cloudtrail_id": "string",
                      "vpc_endpoint_cloudtrail_network_interface_ids": [
                        "tuple",
                        []
                      ],
                      "vpc_endpoint_codebuild_dns_entry": [
                        "tuple",
                        []
                      ],
                      "vpc_endpoint_codebuild_id": "string",
                      "vpc_endpoint_codebuild_network_interface_ids": [
                        "tuple",
                        []
                      ],
                      "vpc_endpoint_codecommit_dns_entry": [
                        "tuple",
                        []
                      ],
                      "vpc_endpoint_codecommit_id": "string",
                      "vpc_endpoint_codecommit_network_interface_ids": [
                        "tuple",
                        []
                      ],
                      "vpc_endpoint_codepipeline_dns_entry": [
                        "tuple",
                        []
                      ],
                      "vpc_endpoint_codepipeline_id": "string",
                      "vpc_endpoint_codepipeline_network_interface_ids": [
                        "tuple",
                        []
                      ],
                      "vpc_endpoint_config_dns_entry": [
                        "tuple",
                        []
                      ],
                      "vpc_endpoint_config_id": "string",
                      "vpc_endpoint_config_network_interface_ids": [
                        "tuple",
                        []
                      ],
                      "vpc_endpoint_datasync_dns_entry": [
                        "tuple",
                        []
                      ],
                      "vpc_endpoint_datasync_id": "string",
                      "vpc_endpoint_datasync_network_interface_ids": [
                        "tuple",
                        []
                      ],
                      "vpc_endpoint_dynamodb_id": "string",
                      "vpc_endpoint_dynamodb_pl_id": "string",
                      "vpc_endpoint_ebs_dns_entry": [
                        "tuple",
                        []
                      ],
                      "vpc_endpoint_ebs_id": "string",
                      "vpc_endpoint_ebs_network_interface_ids": [
                        "tuple",
                        []
                      ],
                      "vpc_endpoint_ec2_autoscaling_dns_entry": [
                        "tuple",
                        []
                      ],
                      "vpc_endpoint_ec2_autoscaling_id": "string",
                      "vpc_endpoint_ec2_autoscaling_network_interface_ids": [
                        "tuple",
                        []
                      ],
                      "vpc_endpoint_ec2_dns_entry": [
                        "tuple",
                        []
                      ],
                      "vpc_endpoint_ec2_id": "string",
                      "vpc_endpoint_ec2_network_interface_ids": [
                        "tuple",
                        []
                      ],
                      "vpc_endpoint_ec2messages_dns_entry": [
                        "tuple",
                        []
                      ],
                      "vpc_endpoint_ec2messages_id": "string",
                      "vpc_endpoint_ec2messages_network_interface_ids": [
                        "tuple",
                        []
                      ],
                      "vpc_endpoint_ecr_api_dns_entry": [
                        "tuple",
                        []
                      ],
                      "vpc_endpoint_ecr_api_id": "string",
                      "vpc_endpoint_ecr_api_network_interface_ids": [
                        "tuple",
                        []
                      ],
                      "vpc_endpoint_ecr_dkr_dns_entry": [
                        "tuple",
                        []
                      ],
                      "vpc_endpoint_ecr_dkr_id": "string",
                      "vpc_endpoint_ecr_dkr_network_interface_ids": [
                        "tuple",
                        []
                      ],
                      "vpc_endpoint_ecs_agent_dns_entry": [
                        "tuple",
                        []
                      ],
                      "vpc_endpoint_ecs_agent_id": "string",
                      "vpc_endpoint_ecs_agent_network_interface_ids": [
                        "tuple",
                        []
                      ],
                      "vpc_endpoint_ecs_dns_entry": [
                        "tuple",
                        []
                      ],
                      "vpc_endpoint_ecs_id": "string",
                      "vpc_endpoint_ecs_network_interface_ids": [
                        "tuple",
                        []
                      ],
                      "vpc_endpoint_ecs_telemetry_dns_entry": [
                        "tuple",
                        []
                      ],
                      "vpc_endpoint_ecs_telemetry_id": "string",
                      "vpc_endpoint_ecs_telemetry_network_interface_ids": [
                        "tuple",
                        []
                      ],
                      "vpc_endpoint_efs_dns_entry": [
                        "tuple",
                        []
                      ],
                      "vpc_endpoint_efs_id": "string",
                      "vpc_endpoint_efs_network_interface_ids": [
                        "tuple",
                        []
                      ],
                      "vpc_endpoint_elastic_inference_runtime_dns_entry": [
                        "tuple",
                        []
                      ],
                      "vpc_endpoint_elastic_inference_runtime_id": "string",
                      "vpc_endpoint_elastic_inference_runtime_network_interface_ids": [
                        "tuple",
                        []
                      ],
                      "vpc_endpoint_elasticbeanstalk_dns_entry": [
                        "tuple",
                        []
                      ],
                      "vpc_endpoint_elasticbeanstalk_health_dns_entry": [
                        "tuple",
                        []
                      ],
                      "vpc_endpoint_elasticbeanstalk_health_id": "string",
                      "vpc_endpoint_elasticbeanstalk_health_network_interface_ids": [
                        "tuple",
                        []
                      ],
                      "vpc_endpoint_elasticbeanstalk_id": "string",
                      "vpc_endpoint_elasticbeanstalk_network_interface_ids": [
                        "tuple",
                        []
                      ],
                      "vpc_endpoint_elasticloadbalancing_dns_entry": [
                        "tuple",
                        []
                      ],
                      "vpc_endpoint_elasticloadbalancing_id": "string",
                      "vpc_endpoint_elasticloadbalancing_network_interface_ids": [
                        "tuple",
                        []
                      ],
                      "vpc_endpoint_elasticmapreduce_dns_entry": [
                        "tuple",
                        []
                      ],
                      "vpc_endpoint_elasticmapreduce_id": "string",
                      "vpc_endpoint_elasticmapreduce_network_interface_ids": [
                        "tuple",
                        []
                      ],
                      "vpc_endpoint_events_dns_entry": [
                        "tuple",
                        []
                      ],
                      "vpc_endpoint_events_id": "string",
                      "vpc_endpoint_events_network_interface_ids": [
                        "tuple",
                        []
                      ],
                      "vpc_endpoint_git_codecommit_dns_entry": [
                        "tuple",
                        []
                      ],
                      "vpc_endpoint_git_codecommit_id": "string",
                      "vpc_endpoint_git_codecommit_network_interface_ids": [
                        "tuple",
                        []
                      ],
                      "vpc_endpoint_glue_dns_entry": [
                        "tuple",
                        []
                      ],
                      "vpc_endpoint_glue_id": "string",
                      "vpc_endpoint_glue_network_interface_ids": [
                        "tuple",
                        []
                      ],
                      "vpc_endpoint_kinesis_firehose_dns_entry": [
                        "tuple",
                        []
                      ],
                      "vpc_endpoint_kinesis_firehose_id": "string",
                      "vpc_endpoint_kinesis_firehose_network_interface_ids": [
                        "tuple",
                        []
                      ],
                      "vpc_endpoint_kinesis_streams_dns_entry": [
                        "tuple",
                        []
                      ],
                      "vpc_endpoint_kinesis_streams_id": "string",
                      "vpc_endpoint_kinesis_streams_network_interface_ids": [
                        "tuple",
                        []
                      ],
                      "vpc_endpoint_kms_dns_entry": [
                        "tuple",
                        []
                      ],
                      "vpc_endpoint_kms_id": "string",
                      "vpc_endpoint_kms_network_interface_ids": [
                        "tuple",
                        []
                      ],
                      "vpc_endpoint_logs_dns_entry": [
                        "tuple",
                        []
                      ],
                      "vpc_endpoint_logs_id": "string",
                      "vpc_endpoint_logs_network_interface_ids": [
                        "tuple",
                        []
                      ],
                      "vpc_endpoint_monitoring_dns_entry": [
                        "tuple",
                        []
                      ],
                      "vpc_endpoint_monitoring_id": "string",
                      "vpc_endpoint_monitoring_network_interface_ids": [
                        "tuple",
                        []
                      ],
                      "vpc_endpoint_qldb_session_dns_entry": [
                        "tuple",
                        []
                      ],
                      "vpc_endpoint_qldb_session_id": "string",
                      "vpc_endpoint_qldb_session_network_interface_ids": [
                        "tuple",
                        []
                      ],
                      "vpc_endpoint_rekognition_dns_entry": [
                        "tuple",
                        []
                      ],
                      "vpc_endpoint_rekognition_id": "string",
                      "vpc_endpoint_rekognition_network_interface_ids": [
                        "tuple",
                        []
                      ],
                      "vpc_endpoint_s3_id": "string",
                      "vpc_endpoint_s3_pl_id": "string",
                      "vpc_endpoint_sagemaker_api_dns_entry": [
                        "tuple",
                        []
                      ],
                      "vpc_endpoint_sagemaker_api_id": "string",
                      "vpc_endpoint_sagemaker_api_network_interface_ids": [
                        "tuple",
                        []
                      ],
                      "vpc_endpoint_sagemaker_runtime_dns_entry": [
                        "tuple",
                        []
                      ],
                      "vpc_endpoint_sagemaker_runtime_id": "string",
                      "vpc_endpoint_sagemaker_runtime_network_interface_ids": [
                        "tuple",
                        []
                      ],
                      "vpc_endpoint_secretsmanager_dns_entry": [
                        "tuple",
                        []
                      ],
                      "vpc_endpoint_secretsmanager_id": "string",
                      "vpc_endpoint_secretsmanager_network_interface_ids": [
                        "tuple",
                        []
                      ],
                      "vpc_endpoint_servicecatalog_dns_entry": [
                        "tuple",
                        []
                      ],
                      "vpc_endpoint_servicecatalog_id": "string",
                      "vpc_endpoint_servicecatalog_network_interface_ids": [
                        "tuple",
                        []
                      ],
                      "vpc_endpoint_ses_dns_entry": [
                        "tuple",
                        []
                      ],
                      "vpc_endpoint_ses_id": "string",
                      "vpc_endpoint_ses_network_interface_ids": [
                        "tuple",
                        []
                      ],
                      "vpc_endpoint_sms_dns_entry": [
                        "tuple",
                        []
                      ],
                      "vpc_endpoint_sms_id": "string",
                      "vpc_endpoint_sms_network_interface_ids": [
                        "tuple",
                        []
                      ],
                      "vpc_endpoint_sns_dns_entry": [
                        "tuple",
                        []
                      ],
                      "vpc_endpoint_sns_id": "string",
                      "vpc_endpoint_sns_network_interface_ids": [
                        "tuple",
                        []
                      ],
                      "vpc_endpoint_sqs_dns_entry": [
                        "tuple",
                        []
                      ],
                      "vpc_endpoint_sqs_id": "string",
                      "vpc_endpoint_sqs_network_interface_ids": [
                        "tuple",
                        []
                      ],
                      "vpc_endpoint_ssm_dns_entry": [
                        "tuple",
                        []
                      ],
                      "vpc_endpoint_ssm_id": "string",
                      "vpc_endpoint_ssm_network_interface_ids": [
                        "tuple",
                        []
                      ],
                      "vpc_endpoint_ssmmessages_dns_entry": [
                        "tuple",
                        []
                      ],
                      "vpc_endpoint_ssmmessages_id": "string",
                      "vpc_endpoint_ssmmessages_network_interface_ids": [
                        "tuple",
                        []
                      ],
                      "vpc_endpoint_states_dns_entry": [
                        "tuple",
                        []
                      ],
                      "vpc_endpoint_states_id": "string",
                      "vpc_endpoint_states_network_interface_ids": [
                        "tuple",
                        []
                      ],
                      "vpc_endpoint_storagegateway_dns_entry": [
                        "tuple",
                        []
                      ],
                      "vpc_endpoint_storagegateway_id": "string",
                      "vpc_endpoint_storagegateway_network_interface_ids": [
                        "tuple",
                        []
                      ],
                      "vpc_endpoint_sts_dns_entry": [
                        "tuple",
                        []
                      ],
                      "vpc_endpoint_sts_id": "string",
                      "vpc_endpoint_sts_network_interface_ids": [
                        "tuple",
                        []
                      ],
                      "vpc_endpoint_transfer_dns_entry": [
                        "tuple",
                        []
                      ],
                      "vpc_endpoint_transfer_id": "string",
                      "vpc_endpoint_transfer_network_interface_ids": [
                        "tuple",
                        []
                      ],
                      "vpc_endpoint_transferserver_dns_entry": [
                        "tuple",
                        []
                      ],
                      "vpc_endpoint_transferserver_id": "string",
                      "vpc_endpoint_transferserver_network_interface_ids": [
                        "tuple",
                        []
                      ],
                      "vpc_endpoint_workspaces_dns_entry": [
                        "tuple",
                        []
                      ],
                      "vpc_endpoint_workspaces_id": "string",
                      "vpc_endpoint_workspaces_network_interface_ids": [
                        "tuple",
                        []
                      ],
                      "vpc_flow_log_cloudwatch_iam_role_arn": "string",
                      "vpc_flow_log_destination_arn": "string",
                      "vpc_flow_log_destination_type": "string",
                      "vpc_flow_log_id": "string",
                      "vpc_id": "string",
                      "vpc_instance_tenancy": "string",
                      "vpc_ipv6_association_id": "string",
                      "vpc_ipv6_cidr_block": "string",
                      "vpc_main_route_table_id": "string",
                      "vpc_owner_id": "string",
                      "vpc_secondary_cidr_blocks": [
                        "tuple",
                        []
                      ]
                    }
                  ]
                }
              ]
            },
            "workspace": "default"
          }
        }
      ]
    },
    {
      "mode": "managed",
      "type": "aws_autoscaling_lifecycle_hook",
      "name": "terminate_instance",
      "provider": "provider.aws",
      "instances": [
        {
          "schema_version": 0,
          "attributes": {
            "autoscaling_group_name": "awseb-e-cwufkmtysm-stack-AWSEBAutoScalingGroup-12SJLP469Z6N8",
            "default_result": "CONTINUE",
            "heartbeat_timeout": 120,
            "id": "freeswitch-terminate-instance-hook",
            "lifecycle_transition": "autoscaling:EC2_INSTANCE_TERMINATING",
            "name": "freeswitch-terminate-instance-hook",
            "notification_metadata": "",
            "notification_target_arn": "",
            "role_arn": ""
          },
          "private": "bnVsbA==",
          "dependencies": [
            "aws_elastic_beanstalk_environment.freeswitch_webserver"
          ]
        }
      ]
    },
    {
      "mode": "managed",
      "type": "aws_autoscaling_schedule",
      "name": "freeswitch_restart_autoscale_up",
      "provider": "provider.aws",
      "instances": [
        {
          "schema_version": 0,
          "attributes": {
            "arn": "arn:aws:autoscaling:ap-southeast-1:324279636507:scheduledUpdateGroupAction:b5440973-1921-4525-94e0-d2e1b46b0a29:autoScalingGroupName/awseb-e-cwufkmtysm-stack-AWSEBAutoScalingGroup-12SJLP469Z6N8:scheduledActionName/freeswitch-restart-autoscale-up",
            "autoscaling_group_name": "awseb-e-cwufkmtysm-stack-AWSEBAutoScalingGroup-12SJLP469Z6N8",
            "desired_capacity": 2,
            "end_time": null,
            "id": "freeswitch-restart-autoscale-up",
            "max_size": 2,
            "min_size": 1,
            "recurrence": "0 20 * * *",
            "scheduled_action_name": "freeswitch-restart-autoscale-up",
            "start_time": "2020-08-03T20:00:00Z"
          },
          "private": "bnVsbA==",
          "dependencies": [
            "aws_elastic_beanstalk_environment.freeswitch_webserver"
          ]
        }
      ]
    },
    {
      "mode": "managed",
      "type": "aws_cloudwatch_event_rule",
      "name": "terminate_instance",
      "provider": "provider.aws",
      "instances": [
        {
          "schema_version": 0,
          "attributes": {
            "arn": "arn:aws:events:ap-southeast-1:324279636507:rule/somleng-freeswitch-associate-eip",
            "description": "Associate Elastic IP",
            "event_pattern": "{\"detail\":{\"AutoScalingGroupName\":[\"awseb-e-cwufkmtysm-stack-AWSEBAutoScalingGroup-12SJLP469Z6N8\"]},\"detail-type\":[\"EC2 Instance-terminate Lifecycle Action\"],\"source\":[\"aws.autoscaling\"]}",
            "id": "somleng-freeswitch-associate-eip",
            "is_enabled": true,
            "name": "somleng-freeswitch-associate-eip",
            "name_prefix": null,
            "role_arn": "",
            "schedule_expression": "",
            "tags": {}
          },
          "private": "bnVsbA==",
          "dependencies": [
            "aws_elastic_beanstalk_environment.freeswitch_webserver"
          ]
        }
      ]
    },
    {
      "mode": "managed",
      "type": "aws_cloudwatch_event_target",
      "name": "lambda",
      "provider": "provider.aws",
      "instances": [
        {
          "schema_version": 0,
          "attributes": {
            "arn": "arn:aws:lambda:ap-southeast-1:324279636507:function:associate_eip",
            "batch_target": [],
            "ecs_target": [],
            "id": "somleng-freeswitch-associate-eip-terraform-20200309113618082000000001",
            "input": "",
            "input_path": "",
            "input_transformer": [],
            "kinesis_target": [],
            "role_arn": "",
            "rule": "somleng-freeswitch-associate-eip",
            "run_command_targets": [],
            "sqs_target": [],
            "target_id": "terraform-20200309113618082000000001"
          },
          "private": "bnVsbA==",
          "dependencies": [
            "aws_cloudwatch_event_rule.terminate_instance",
            "aws_elastic_beanstalk_environment.freeswitch_webserver",
            "aws_lambda_function.associate_eip"
          ]
        }
      ]
    },
    {
      "module": "module.vpc",
      "mode": "managed",
      "type": "aws_customer_gateway",
      "name": "this",
      "each": "map",
      "provider": "provider.aws",
      "instances": []
    },
    {
      "module": "module.twilreapi_db.module.db_instance",
      "mode": "managed",
      "type": "aws_db_instance",
      "name": "this",
      "each": "list",
      "provider": "provider.aws",
      "instances": [
        {
          "index_key": 0,
          "schema_version": 1,
          "attributes": {
            "address": "somleng-twilreapi.clrslmbm6627.ap-southeast-1.rds.amazonaws.com",
            "allocated_storage": 25,
            "allow_major_version_upgrade": true,
            "apply_immediately": true,
            "arn": "arn:aws:rds:ap-southeast-1:324279636507:db:somleng-twilreapi",
            "auto_minor_version_upgrade": true,
            "availability_zone": "ap-southeast-1b",
            "backup_retention_period": 30,
            "backup_window": "22:00-00:00",
            "ca_cert_identifier": "rds-ca-2019",
            "character_set_name": "",
            "copy_tags_to_snapshot": false,
            "db_subnet_group_name": "somleng",
            "delete_automated_backups": true,
            "deletion_protection": true,
            "domain": "",
            "domain_iam_role_name": "",
            "enabled_cloudwatch_logs_exports": [
              "postgresql",
              "upgrade"
            ],
            "endpoint": "somleng-twilreapi.clrslmbm6627.ap-southeast-1.rds.amazonaws.com:5432",
            "engine": "postgres",
            "engine_version": "11.5",
            "final_snapshot_identifier": "somleng-twilreapi",
            "hosted_zone_id": "Z2G0U3KFCY8NZ5",
            "iam_database_authentication_enabled": false,
            "id": "somleng-twilreapi",
            "identifier": "somleng-twilreapi",
            "identifier_prefix": null,
            "instance_class": "db.t3.medium",
            "iops": 0,
            "kms_key_id": "",
            "license_model": "postgresql-license",
            "maintenance_window": "sun:19:00-sun:22:00",
            "max_allocated_storage": 0,
            "monitoring_interval": 0,
            "monitoring_role_arn": "",
            "multi_az": false,
            "name": "somleng_twilreapi",
            "option_group_name": "somleng-twilreapi-20200308055348111200000001",
            "parameter_group_name": "default.postgres11",
            "password": "TZiBpkYAgnQghZWcUaUhj7wJxMTxA8uk",
            "performance_insights_enabled": false,
            "performance_insights_kms_key_id": "",
            "performance_insights_retention_period": 0,
            "port": 5432,
            "publicly_accessible": false,
            "replicas": [],
            "replicate_source_db": "",
            "resource_id": "db-4VJCPZPDFWNZAMUOXZLNEJ2PQ4",
            "s3_import": [],
            "security_group_names": [],
            "skip_final_snapshot": false,
            "snapshot_identifier": "",
            "status": "available",
            "storage_encrypted": false,
            "storage_type": "gp2",
            "tags": {
              "Name": "somleng-twilreapi"
            },
            "timeouts": {
              "create": "40m",
              "delete": "40m",
              "update": "80m"
            },
            "timezone": "",
            "username": "somleng",
            "vpc_security_group_ids": [
              "sg-002ca538120a72513"
            ]
          },
          "private": "eyJlMmJmYjczMC1lY2FhLTExZTYtOGY4OC0zNDM2M2JjN2M0YzAiOnsiY3JlYXRlIjoyNDAwMDAwMDAwMDAwLCJkZWxldGUiOjI0MDAwMDAwMDAwMDAsInVwZGF0ZSI6NDgwMDAwMDAwMDAwMH0sInNjaGVtYV92ZXJzaW9uIjoiMSJ9",
          "dependencies": [
            "aws_security_group.twilreapi_db",
            "aws_ssm_parameter.twilreapi_db_master_password",
            "module.twilreapi_db.module.db_instance.aws_iam_role.enhanced_monitoring",
            "module.twilreapi_db.module.db_option_group.aws_db_option_group.this",
            "module.twilreapi_db.module.db_parameter_group.aws_db_parameter_group.this",
            "module.twilreapi_db.module.db_parameter_group.aws_db_parameter_group.this_no_prefix",
            "module.twilreapi_db.module.db_subnet_group.aws_db_subnet_group.this",
            "module.vpc.aws_db_subnet_group.database",
            "module.vpc.aws_vpc.this"
          ]
        }
      ]
    },
    {
      "module": "module.twilreapi_db.module.db_instance",
      "mode": "managed",
      "type": "aws_db_instance",
      "name": "this_mssql",
      "each": "list",
      "provider": "provider.aws",
      "instances": []
    },
    {
      "module": "module.twilreapi_db.module.db_option_group",
      "mode": "managed",
      "type": "aws_db_option_group",
      "name": "this",
      "each": "list",
      "provider": "provider.aws",
      "instances": [
        {
          "index_key": 0,
          "schema_version": 0,
          "attributes": {
            "arn": "arn:aws:rds:ap-southeast-1:324279636507:og:somleng-twilreapi-20200308055348111200000001",
            "engine_name": "postgres",
            "id": "somleng-twilreapi-20200308055348111200000001",
            "major_engine_version": "11",
            "name": "somleng-twilreapi-20200308055348111200000001",
            "name_prefix": "somleng-twilreapi-",
            "option": [],
            "option_group_description": "Option group for somleng-twilreapi",
            "tags": {
              "Name": "somleng-twilreapi"
            },
            "timeouts": {
              "delete": "15m"
            }
          },
          "private": "eyJlMmJmYjczMC1lY2FhLTExZTYtOGY4OC0zNDM2M2JjN2M0YzAiOnsiZGVsZXRlIjo5MDAwMDAwMDAwMDB9fQ=="
        }
      ]
    },
    {
      "module": "module.scfm_db.module.db_option_group",
      "mode": "managed",
      "type": "aws_db_option_group",
      "name": "this",
      "each": "list",
      "provider": "provider.aws",
      "instances": [
        {
          "index_key": 0,
          "schema_version": 0,
          "attributes": {
            "arn": "arn:aws:rds:ap-southeast-1:324279636507:og:somleng-scfm-20200309111711186300000001",
            "engine_name": "postgres",
            "id": "somleng-scfm-20200309111711186300000001",
            "major_engine_version": "11",
            "name": "somleng-scfm-20200309111711186300000001",
            "name_prefix": "somleng-scfm-",
            "option": [],
            "option_group_description": "Option group for somleng-scfm",
            "tags": {
              "Name": "somleng-scfm"
            },
            "timeouts": {
              "delete": "15m"
            }
          }
        }
      ]
    },
    {
      "module": "module.twilreapi_db.module.db_parameter_group",
      "mode": "managed",
      "type": "aws_db_parameter_group",
      "name": "this",
      "each": "list",
      "provider": "provider.aws",
      "instances": []
    },
    {
      "module": "module.twilreapi_db.module.db_parameter_group",
      "mode": "managed",
      "type": "aws_db_parameter_group",
      "name": "this_no_prefix",
      "each": "list",
      "provider": "provider.aws",
      "instances": []
    },
    {
      "module": "module.vpc",
      "mode": "managed",
      "type": "aws_db_subnet_group",
      "name": "database",
      "each": "list",
      "provider": "provider.aws",
      "instances": [
        {
          "index_key": 0,
          "schema_version": 0,
          "attributes": {
            "arn": "arn:aws:rds:ap-southeast-1:324279636507:subgrp:somleng",
            "description": "Database subnet group for somleng",
            "id": "somleng",
            "name": "somleng",
            "name_prefix": null,
            "subnet_ids": [
              "subnet-0822a344de70c7f3f",
              "subnet-0a1992e048261e13f",
              "subnet-0a7bd98004777c021"
            ],
            "tags": {
              "Name": "somleng"
            }
          },
          "dependencies": [
            "module.vpc.aws_subnet.database",
            "module.vpc.aws_vpc.this",
            "module.vpc.aws_vpc_ipv4_cidr_block_association.this"
          ]
        }
      ]
    },
    {
      "module": "module.twilreapi_db.module.db_subnet_group",
      "mode": "managed",
      "type": "aws_db_subnet_group",
      "name": "this",
      "each": "list",
      "provider": "provider.aws",
      "instances": []
    },
    {
      "module": "module.vpc",
      "mode": "managed",
      "type": "aws_default_network_acl",
      "name": "this",
      "each": "list",
      "provider": "provider.aws",
      "instances": []
    },
    {
      "module": "module.vpc",
      "mode": "managed",
      "type": "aws_default_vpc",
      "name": "this",
      "each": "list",
      "provider": "provider.aws",
      "instances": []
    },
    {
      "module": "module.vpc",
      "mode": "managed",
      "type": "aws_egress_only_internet_gateway",
      "name": "this",
      "each": "list",
      "provider": "provider.aws",
      "instances": []
    },
    {
      "mode": "managed",
      "type": "aws_eip",
      "name": "freeswitch",
      "provider": "provider.aws",
      "instances": [
        {
          "schema_version": 0,
          "attributes": {
            "allocation_id": null,
            "associate_with_private_ip": null,
            "association_id": "eipassoc-031aaff9072cb49f8",
            "domain": "vpc",
            "id": "eipalloc-0081d27aac1864444",
            "instance": "i-09c23647192a32678",
            "network_interface": "eni-05063999dcc4e3e81",
            "private_dns": "ip-10-0-0-231.ap-southeast-1.compute.internal",
            "private_ip": "10.0.0.231",
            "public_dns": "ec2-3-0-30-251.ap-southeast-1.compute.amazonaws.com",
            "public_ip": "3.0.30.251",
            "public_ipv4_pool": "amazon",
            "tags": {
              "Name": "FreeSWITCH Public IP"
            },
            "timeouts": {
              "delete": null,
              "read": null,
              "update": null
            },
            "vpc": true
          },
          "private": "eyJlMmJmYjczMC1lY2FhLTExZTYtOGY4OC0zNDM2M2JjN2M0YzAiOnsiZGVsZXRlIjoxODAwMDAwMDAwMDAsInJlYWQiOjkwMDAwMDAwMDAwMCwidXBkYXRlIjozMDAwMDAwMDAwMDB9fQ=="
        }
      ]
    },
    {
      "module": "module.vpc",
      "mode": "managed",
      "type": "aws_eip",
      "name": "nat",
      "each": "list",
      "provider": "provider.aws",
      "instances": [
        {
          "index_key": 0,
          "schema_version": 0,
          "attributes": {
            "allocation_id": null,
            "associate_with_private_ip": null,
            "association_id": "eipassoc-c24bc43e",
            "domain": "vpc",
            "id": "eipalloc-0fea5c013d8d38651",
            "instance": "",
            "network_interface": "eni-0a4b6846b6a808f87",
            "private_dns": "ip-10-0-0-222.ap-southeast-1.compute.internal",
            "private_ip": "10.0.0.222",
            "public_dns": "ec2-13-251-53-19.ap-southeast-1.compute.amazonaws.com",
            "public_ip": "13.251.53.19",
            "public_ipv4_pool": "amazon",
            "tags": {
              "Name": "somleng-ap-southeast-1a"
            },
            "timeouts": {
              "delete": null,
              "read": null,
              "update": null
            },
            "vpc": true
          },
          "private": "eyJlMmJmYjczMC1lY2FhLTExZTYtOGY4OC0zNDM2M2JjN2M0YzAiOnsiZGVsZXRlIjoxODAwMDAwMDAwMDAsInJlYWQiOjkwMDAwMDAwMDAwMCwidXBkYXRlIjozMDAwMDAwMDAwMDB9fQ=="
        }
      ]
    },
    {
      "mode": "managed",
      "type": "aws_eip_association",
      "name": "eip",
      "provider": "provider.aws",
      "instances": [
        {
          "schema_version": 0,
          "attributes": {
            "allocation_id": "eipalloc-0081d27aac1864444",
            "allow_reassociation": null,
            "id": "eipassoc-031aaff9072cb49f8",
            "instance_id": "i-09c23647192a32678",
            "network_interface_id": "eni-05063999dcc4e3e81",
            "private_ip_address": "10.0.0.231",
            "public_ip": "3.0.30.251"
          },
          "private": "bnVsbA==",
          "dependencies": [
            "aws_eip.freeswitch",
            "aws_elastic_beanstalk_environment.freeswitch_webserver"
          ]
        }
      ]
    },
    {
      "mode": "managed",
      "type": "aws_elastic_beanstalk_application",
      "name": "freeswitch",
      "provider": "provider.aws",
      "instances": [
        {
          "schema_version": 0,
          "attributes": {
            "appversion_lifecycle": [
              {
                "delete_source_from_s3": true,
                "max_age_in_days": 0,
                "max_count": 50,
                "service_role": "arn:aws:iam::324279636507:role/aws-elasticbeanstalk-service-role"
              }
            ],
            "arn": "arn:aws:elasticbeanstalk:ap-southeast-1:324279636507:application/somleng-freeswitch",
            "description": "",
            "id": "somleng-freeswitch",
            "name": "somleng-freeswitch",
            "tags": {}
          },
          "private": "eyJzY2hlbWFfdmVyc2lvbiI6IjAifQ==",
          "dependencies": [
            "aws_iam_role.eb_service_role"
          ]
        }
      ]
    },
    {
      "mode": "managed",
      "type": "aws_elastic_beanstalk_application",
      "name": "somleng_adhearsion",
      "provider": "provider.aws",
      "instances": [
        {
          "schema_version": 0,
          "attributes": {
            "appversion_lifecycle": [
              {
                "delete_source_from_s3": true,
                "max_age_in_days": 0,
                "max_count": 50,
                "service_role": "arn:aws:iam::324279636507:role/aws-elasticbeanstalk-service-role"
              }
            ],
            "arn": "arn:aws:elasticbeanstalk:ap-southeast-1:324279636507:application/somleng-adhearsion",
            "description": "",
            "id": "somleng-adhearsion",
            "name": "somleng-adhearsion",
            "tags": {}
          },
          "private": "eyJzY2hlbWFfdmVyc2lvbiI6IjAifQ==",
          "dependencies": [
            "aws_iam_role.eb_service_role"
          ]
        }
      ]
    },
    {
      "mode": "managed",
      "type": "aws_elastic_beanstalk_application",
      "name": "twilreapi",
      "provider": "provider.aws",
      "instances": [
        {
          "schema_version": 0,
          "attributes": {
            "appversion_lifecycle": [
              {
                "delete_source_from_s3": true,
                "max_age_in_days": 0,
                "max_count": 50,
                "service_role": "arn:aws:iam::324279636507:role/aws-elasticbeanstalk-service-role"
              }
            ],
            "arn": "arn:aws:elasticbeanstalk:ap-southeast-1:324279636507:application/somleng-twilreapi",
            "description": "",
            "id": "somleng-twilreapi",
            "name": "somleng-twilreapi",
            "tags": {}
          },
          "private": "eyJzY2hlbWFfdmVyc2lvbiI6IjAifQ==",
          "dependencies": [
            "aws_iam_role.eb_service_role"
          ]
        }
      ]
    },
    {
      "mode": "managed",
      "type": "aws_elastic_beanstalk_environment",
      "name": "freeswitch_webserver",
      "provider": "provider.aws",
      "instances": [
        {
          "schema_version": 1,
          "attributes": {
            "all_settings": [
              {
                "name": "AWS_DEFAULT_REGION",
                "namespace": "aws:elasticbeanstalk:application:environment",
                "resource": "",
                "value": "ap-southeast-1"
              },
              {
                "name": "AWS_REGION",
                "namespace": "aws:elasticbeanstalk:application:environment",
                "resource": "",
                "value": "ap-southeast-1"
              },
              {
                "name": "AppSource",
                "namespace": "aws:cloudformation:template:parameter",
                "resource": "",
                "value": "https://s3-ap-southeast-1.amazonaws.com/elasticbeanstalk-samples-ap-southeast-1/ecs-sample.zip"
              },
              {
                "name": "Application Healthcheck URL",
                "namespace": "aws:elasticbeanstalk:application",
                "resource": "",
                "value": ""
              },
              {
                "name": "AssociatePublicIpAddress",
                "namespace": "aws:ec2:vpc",
                "resource": "",
                "value": "true"
              },
              {
                "name": "Automatically Terminate Unhealthy Instances",
                "namespace": "aws:elasticbeanstalk:monitoring",
                "resource": "",
                "value": "true"
              },
              {
                "name": "Availability Zones",
                "namespace": "aws:autoscaling:asg",
                "resource": "",
                "value": "Any"
              },
              {
                "name": "BatchSize",
                "namespace": "aws:elasticbeanstalk:command",
                "resource": "",
                "value": "100"
              },
              {
                "name": "BatchSizeType",
                "namespace": "aws:elasticbeanstalk:command",
                "resource": "",
                "value": "Percentage"
              },
              {
                "name": "BlockDeviceMappings",
                "namespace": "aws:autoscaling:launchconfiguration",
                "resource": "",
                "value": "/dev/xvdcz=:12:true:gp2"
              },
              {
                "name": "BreachDuration",
                "namespace": "aws:autoscaling:trigger",
                "resource": "",
                "value": "5"
              },
              {
                "name": "ConfigDocument",
                "namespace": "aws:elasticbeanstalk:healthreporting:system",
                "resource": "",
                "value": "{\"Version\":1,\"CloudWatchMetrics\":{\"Instance\":{\"CPUIrq\":null,\"LoadAverage5min\":null,\"ApplicationRequests5xx\":null,\"ApplicationRequests4xx\":null,\"CPUUser\":null,\"LoadAverage1min\":null,\"ApplicationLatencyP50\":null,\"CPUIdle\":null,\"InstanceHealth\":null,\"ApplicationLatencyP95\":null,\"ApplicationLatencyP85\":null,\"RootFilesystemUtil\":null,\"ApplicationLatencyP90\":null,\"CPUSystem\":null,\"ApplicationLatencyP75\":null,\"CPUSoftirq\":null,\"ApplicationLatencyP10\":null,\"ApplicationLatencyP99\":null,\"ApplicationRequestsTotal\":null,\"ApplicationLatencyP99.9\":null,\"ApplicationRequests3xx\":null,\"ApplicationRequests2xx\":null,\"CPUIowait\":null,\"CPUNice\":null},\"Environment\":{\"InstancesSevere\":null,\"InstancesDegraded\":null,\"ApplicationRequests5xx\":null,\"ApplicationRequests4xx\":null,\"ApplicationLatencyP50\":null,\"ApplicationLatencyP95\":null,\"ApplicationLatencyP85\":null,\"InstancesUnknown\":null,\"ApplicationLatencyP90\":null,\"InstancesInfo\":null,\"InstancesPending\":null,\"ApplicationLatencyP75\":null,\"ApplicationLatencyP10\":null,\"ApplicationLatencyP99\":null,\"ApplicationRequestsTotal\":null,\"InstancesNoData\":null,\"ApplicationLatencyP99.9\":null,\"ApplicationRequests3xx\":null,\"ApplicationRequests2xx\":null,\"InstancesOk\":null,\"InstancesWarning\":null}}}"
              },
              {
                "name": "Cooldown",
                "namespace": "aws:autoscaling:asg",
                "resource": "",
                "value": "360"
              },
              {
                "name": "Custom Availability Zones",
                "namespace": "aws:autoscaling:asg",
                "resource": "",
                "value": ""
              },
              {
                "name": "DEFAULT_QUEUE_URL",
                "namespace": "aws:elasticbeanstalk:application:environment",
                "resource": "",
                "value": ""
              },
              {
                "name": "DefaultProcess",
                "namespace": "aws:elbv2:listener:5222",
                "resource": "",
                "value": "default"
              },
              {
                "name": "DefaultProcess",
                "namespace": "aws:elbv2:listener:default",
                "resource": "",
                "value": "default"
              },
              {
                "name": "DefaultSSHPort",
                "namespace": "aws:elasticbeanstalk:control",
                "resource": "",
                "value": "22"
              },
              {
                "name": "DeleteOnTerminate",
                "namespace": "aws:elasticbeanstalk:cloudwatch:logs",
                "resource": "",
                "value": "false"
              },
              {
                "name": "DeleteOnTerminate",
                "namespace": "aws:elasticbeanstalk:cloudwatch:logs:health",
                "resource": "",
                "value": "false"
              },
              {
                "name": "DeploymentPolicy",
                "namespace": "aws:elasticbeanstalk:command",
                "resource": "",
                "value": "AllAtOnce"
              },
              {
                "name": "DeregistrationDelay",
                "namespace": "aws:elasticbeanstalk:environment:process:default",
                "resource": "",
                "value": "20"
              },
              {
                "name": "EB_TIER",
                "namespace": "aws:elasticbeanstalk:application:environment",
                "resource": "",
                "value": "WebServer"
              },
              {
                "name": "EC2KeyName",
                "namespace": "aws:autoscaling:launchconfiguration",
                "resource": "",
                "value": ""
              },
              {
                "name": "ELBScheme",
                "namespace": "aws:ec2:vpc",
                "resource": "",
                "value": "internal"
              },
              {
                "name": "ELBSubnets",
                "namespace": "aws:ec2:vpc",
                "resource": "",
                "value": "subnet-03b901f8ca1564d80,subnet-0d6f48318bea1cb76,subnet-0d72b10b9a8a68727"
              },
              {
                "name": "EnableSpot",
                "namespace": "aws:ec2:instances",
                "resource": "",
                "value": "false"
              },
              {
                "name": "EnvironmentType",
                "namespace": "aws:elasticbeanstalk:environment",
                "resource": "",
                "value": "LoadBalanced"
              },
              {
                "name": "EnvironmentVariables",
                "namespace": "aws:cloudformation:template:parameter",
                "resource": "",
                "value": "FS_MOD_JSON_CDR_URL=https://twilreapi.somleng.org/api/internal/call_data_records,FS_MOD_RAYO_PASSWORD=HyfDsC7fpDYH9inPdoWXGACjsxZijKki,AWS_REGION=ap-southeast-1,DEFAULT_QUEUE_URL=,FS_MOD_JSON_CDR_CRED=admin:kjAcAY7VJtd6hyPTwyyAeUpoXnYMXQyx,UNUSED_ENV_VAR=,AWS_DEFAULT_REGION=ap-southeast-1,EB_TIER=WebServer,FS_MOD_RAYO_PORT=5222,FS_EXTERNAL_IP=3.0.30.251,FS_CORE_LOGLEVEL=err,FS_MOD_RAYO_DOMAIN_NAME=rayo.somleng.org,FS_CORE_SESSIONS_PER_SECOND=1000,FS_CORE_MAX_SESSIONS=1000,FS_MOD_RAYO_USER=rayo,FS_MOD_RAYO_SHARED_SECRET=HyfDsC7fpDYH9inPdoWXGACjsxZijKki"
              },
              {
                "name": "EvaluationPeriods",
                "namespace": "aws:autoscaling:trigger",
                "resource": "",
                "value": "1"
              },
              {
                "name": "ExternalExtensionsS3Bucket",
                "namespace": "aws:elasticbeanstalk:environment",
                "resource": "",
                "value": ""
              },
              {
                "name": "ExternalExtensionsS3Key",
                "namespace": "aws:elasticbeanstalk:environment",
                "resource": "",
                "value": ""
              },
              {
                "name": "FS_CORE_LOGLEVEL",
                "namespace": "aws:elasticbeanstalk:application:environment",
                "resource": "",
                "value": "err"
              },
              {
                "name": "FS_CORE_MAX_SESSIONS",
                "namespace": "aws:elasticbeanstalk:application:environment",
                "resource": "",
                "value": "1000"
              },
              {
                "name": "FS_CORE_SESSIONS_PER_SECOND",
                "namespace": "aws:elasticbeanstalk:application:environment",
                "resource": "",
                "value": "1000"
              },
              {
                "name": "FS_EXTERNAL_IP",
                "namespace": "aws:elasticbeanstalk:application:environment",
                "resource": "",
                "value": "3.0.30.251"
              },
              {
                "name": "FS_MOD_JSON_CDR_CRED",
                "namespace": "aws:elasticbeanstalk:application:environment",
                "resource": "",
                "value": "admin:kjAcAY7VJtd6hyPTwyyAeUpoXnYMXQyx"
              },
              {
                "name": "FS_MOD_JSON_CDR_URL",
                "namespace": "aws:elasticbeanstalk:application:environment",
                "resource": "",
                "value": "https://twilreapi.somleng.org/api/internal/call_data_records"
              },
              {
                "name": "FS_MOD_RAYO_DOMAIN_NAME",
                "namespace": "aws:elasticbeanstalk:application:environment",
                "resource": "",
                "value": "rayo.somleng.org"
              },
              {
                "name": "FS_MOD_RAYO_PASSWORD",
                "namespace": "aws:elasticbeanstalk:application:environment",
                "resource": "",
                "value": "HyfDsC7fpDYH9inPdoWXGACjsxZijKki"
              },
              {
                "name": "FS_MOD_RAYO_PORT",
                "namespace": "aws:elasticbeanstalk:application:environment",
                "resource": "",
                "value": "5222"
              },
              {
                "name": "FS_MOD_RAYO_SHARED_SECRET",
                "namespace": "aws:elasticbeanstalk:application:environment",
                "resource": "",
                "value": "HyfDsC7fpDYH9inPdoWXGACjsxZijKki"
              },
              {
                "name": "FS_MOD_RAYO_USER",
                "namespace": "aws:elasticbeanstalk:application:environment",
                "resource": "",
                "value": "rayo"
              },
              {
                "name": "HealthCheckInterval",
                "namespace": "aws:elasticbeanstalk:environment:process:default",
                "resource": "",
                "value": "10"
              },
              {
                "name": "HealthCheckSuccessThreshold",
                "namespace": "aws:elasticbeanstalk:healthreporting:system",
                "resource": "",
                "value": "Ok"
              },
              {
                "name": "HealthStreamingEnabled",
                "namespace": "aws:elasticbeanstalk:cloudwatch:logs:health",
                "resource": "",
                "value": "false"
              },
              {
                "name": "HealthyThresholdCount",
                "namespace": "aws:elasticbeanstalk:environment:process:default",
                "resource": "",
                "value": "5"
              },
              {
                "name": "HooksPkgUrl",
                "namespace": "aws:cloudformation:template:parameter",
                "resource": "",
                "value": "https://s3.dualstack.ap-southeast-1.amazonaws.com/elasticbeanstalk-env-resources-ap-southeast-1/stalks/eb_docker_ecs_4.2.1.201834.0_1593138610/lib/hooks.tar.gz"
              },
              {
                "name": "IamInstanceProfile",
                "namespace": "aws:autoscaling:launchconfiguration",
                "resource": "",
                "value": "somleng-freeswitch"
              },
              {
                "name": "IgnoreHealthCheck",
                "namespace": "aws:elasticbeanstalk:command",
                "resource": "",
                "value": "false"
              },
              {
                "name": "ImageId",
                "namespace": "aws:autoscaling:launchconfiguration",
                "resource": "",
                "value": "ami-075eec3b6bb8db71f"
              },
              {
                "name": "InstancePort",
                "namespace": "aws:cloudformation:template:parameter",
                "resource": "",
                "value": "80"
              },
              {
                "name": "InstanceRefreshEnabled",
                "namespace": "aws:elasticbeanstalk:managedactions:platformupdate",
                "resource": "",
                "value": "true"
              },
              {
                "name": "InstanceType",
                "namespace": "aws:autoscaling:launchconfiguration",
                "resource": "",
                "value": "t3.small"
              },
              {
                "name": "InstanceTypeFamily",
                "namespace": "aws:cloudformation:template:parameter",
                "resource": "",
                "value": "t3"
              },
              {
                "name": "InstanceTypes",
                "namespace": "aws:ec2:instances",
                "resource": "",
                "value": "t3.small"
              },
              {
                "name": "LaunchTimeout",
                "namespace": "aws:elasticbeanstalk:control",
                "resource": "",
                "value": "0"
              },
              {
                "name": "LaunchType",
                "namespace": "aws:elasticbeanstalk:control",
                "resource": "",
                "value": "Migration"
              },
              {
                "name": "ListenerEnabled",
                "namespace": "aws:elbv2:listener:5222",
                "resource": "",
                "value": "true"
              },
              {
                "name": "ListenerEnabled",
                "namespace": "aws:elbv2:listener:default",
                "resource": "",
                "value": "false"
              },
              {
                "name": "LoadBalancerType",
                "namespace": "aws:elasticbeanstalk:environment",
                "resource": "",
                "value": "network"
              },
              {
                "name": "LogPublicationControl",
                "namespace": "aws:elasticbeanstalk:hostmanager",
                "resource": "",
                "value": "false"
              },
              {
                "name": "LowerBreachScaleIncrement",
                "namespace": "aws:autoscaling:trigger",
                "resource": "",
                "value": "-1"
              },
              {
                "name": "LowerThreshold",
                "namespace": "aws:autoscaling:trigger",
                "resource": "",
                "value": "2000000"
              },
              {
                "name": "ManagedActionsEnabled",
                "namespace": "aws:elasticbeanstalk:managedactions",
                "resource": "",
                "value": "true"
              },
              {
                "name": "MaxBatchSize",
                "namespace": "aws:autoscaling:updatepolicy:rollingupdate",
                "resource": "",
                "value": "1"
              },
              {
                "name": "MaxSize",
                "namespace": "aws:autoscaling:asg",
                "resource": "",
                "value": "2"
              },
              {
                "name": "MeasureName",
                "namespace": "aws:autoscaling:trigger",
                "resource": "",
                "value": "NetworkOut"
              },
              {
                "name": "MinInstancesInService",
                "namespace": "aws:autoscaling:updatepolicy:rollingupdate",
                "resource": "",
                "value": "1"
              },
              {
                "name": "MinSize",
                "namespace": "aws:autoscaling:asg",
                "resource": "",
                "value": "1"
              },
              {
                "name": "MonitoringInterval",
                "namespace": "aws:autoscaling:launchconfiguration",
                "resource": "",
                "value": "5 minute"
              },
              {
                "name": "Notification Endpoint",
                "namespace": "aws:elasticbeanstalk:sns:topics",
                "resource": "",
                "value": ""
              },
              {
                "name": "Notification Protocol",
                "namespace": "aws:elasticbeanstalk:sns:topics",
                "resource": "",
                "value": "email"
              },
              {
                "name": "Notification Topic ARN",
                "namespace": "aws:elasticbeanstalk:sns:topics",
                "resource": "",
                "value": ""
              },
              {
                "name": "Notification Topic Name",
                "namespace": "aws:elasticbeanstalk:sns:topics",
                "resource": "",
                "value": ""
              },
              {
                "name": "PauseTime",
                "namespace": "aws:autoscaling:updatepolicy:rollingupdate",
                "resource": "",
                "value": "PT5M30S"
              },
              {
                "name": "Period",
                "namespace": "aws:autoscaling:trigger",
                "resource": "",
                "value": "5"
              },
              {
                "name": "Port",
                "namespace": "aws:elasticbeanstalk:environment:process:default",
                "resource": "",
                "value": "5222"
              },
              {
                "name": "PreferredStartTime",
                "namespace": "aws:elasticbeanstalk:managedactions",
                "resource": "",
                "value": "Sun:19:00"
              },
              {
                "name": "Protocol",
                "namespace": "aws:elasticbeanstalk:environment:process:default",
                "resource": "",
                "value": "TCP"
              },
              {
                "name": "Protocol",
                "namespace": "aws:elbv2:listener:5222",
                "resource": "",
                "value": "TCP"
              },
              {
                "name": "Protocol",
                "namespace": "aws:elbv2:listener:default",
                "resource": "",
                "value": "TCP"
              },
              {
                "name": "RetentionInDays",
                "namespace": "aws:elasticbeanstalk:cloudwatch:logs",
                "resource": "",
                "value": "30"
              },
              {
                "name": "RetentionInDays",
                "namespace": "aws:elasticbeanstalk:cloudwatch:logs:health",
                "resource": "",
                "value": "7"
              },
              {
                "name": "RollbackLaunchOnFailure",
                "namespace": "aws:elasticbeanstalk:control",
                "resource": "",
                "value": "false"
              },
              {
                "name": "RollingUpdateEnabled",
                "namespace": "aws:autoscaling:updatepolicy:rollingupdate",
                "resource": "",
                "value": "true"
              },
              {
                "name": "RollingUpdateType",
                "namespace": "aws:autoscaling:updatepolicy:rollingupdate",
                "resource": "",
                "value": "Time"
              },
              {
                "name": "RootVolumeIOPS",
                "namespace": "aws:autoscaling:launchconfiguration",
                "resource": "",
                "value": ""
              },
              {
                "name": "RootVolumeSize",
                "namespace": "aws:autoscaling:launchconfiguration",
                "resource": "",
                "value": ""
              },
              {
                "name": "RootVolumeType",
                "namespace": "aws:autoscaling:launchconfiguration",
                "resource": "",
                "value": ""
              },
              {
                "name": "SSHSourceRestriction",
                "namespace": "aws:autoscaling:launchconfiguration",
                "resource": "",
                "value": "tcp,22,22,0.0.0.0/0"
              },
              {
                "name": "SecurityGroups",
                "namespace": "aws:autoscaling:launchconfiguration",
                "resource": "",
                "value": "sg-0774b558bce543ecd"
              },
              {
                "name": "ServiceRole",
                "namespace": "aws:elasticbeanstalk:environment",
                "resource": "",
                "value": "aws-elasticbeanstalk-service-role"
              },
              {
                "name": "ServiceRoleForManagedUpdates",
                "namespace": "aws:elasticbeanstalk:managedactions",
                "resource": "",
                "value": "aws-elasticbeanstalk-service-role"
              },
              {
                "name": "SpotFleetOnDemandAboveBasePercentage",
                "namespace": "aws:ec2:instances",
                "resource": "",
                "value": "70"
              },
              {
                "name": "SpotFleetOnDemandBase",
                "namespace": "aws:ec2:instances",
                "resource": "",
                "value": "0"
              },
              {
                "name": "SpotMaxPrice",
                "namespace": "aws:ec2:instances",
                "resource": "",
                "value": ""
              },
              {
                "name": "Statistic",
                "namespace": "aws:autoscaling:trigger",
                "resource": "",
                "value": "Average"
              },
              {
                "name": "StreamLogs",
                "namespace": "aws:elasticbeanstalk:cloudwatch:logs",
                "resource": "",
                "value": "true"
              },
              {
                "name": "Subnets",
                "namespace": "aws:ec2:vpc",
                "resource": "",
                "value": "subnet-08e834c100fe4e24d,subnet-08ff0796bbc564c04,subnet-0f65055afb3d095d0"
              },
              {
                "name": "SystemType",
                "namespace": "aws:elasticbeanstalk:healthreporting:system",
                "resource": "",
                "value": "enhanced"
              },
              {
                "name": "Timeout",
                "namespace": "aws:autoscaling:updatepolicy:rollingupdate",
                "resource": "",
                "value": "PT30M"
              },
              {
                "name": "Timeout",
                "namespace": "aws:elasticbeanstalk:command",
                "resource": "",
                "value": "600"
              },
              {
                "name": "UNUSED_ENV_VAR",
                "namespace": "aws:elasticbeanstalk:application:environment",
                "resource": "",
                "value": ""
              },
              {
                "name": "UnhealthyThresholdCount",
                "namespace": "aws:elasticbeanstalk:environment:process:default",
                "resource": "",
                "value": "5"
              },
              {
                "name": "Unit",
                "namespace": "aws:autoscaling:trigger",
                "resource": "",
                "value": "Bytes"
              },
              {
                "name": "UpdateLevel",
                "namespace": "aws:elasticbeanstalk:managedactions:platformupdate",
                "resource": "",
                "value": "minor"
              },
              {
                "name": "UpperBreachScaleIncrement",
                "namespace": "aws:autoscaling:trigger",
                "resource": "",
                "value": "1"
              },
              {
                "name": "UpperThreshold",
                "namespace": "aws:autoscaling:trigger",
                "resource": "",
                "value": "6000000"
              },
              {
                "name": "VPCId",
                "namespace": "aws:ec2:vpc",
                "resource": "",
                "value": "vpc-0d36f2f60f3773315"
              }
            ],
            "application": "somleng-freeswitch",
            "arn": "arn:aws:elasticbeanstalk:ap-southeast-1:324279636507:environment/somleng-freeswitch/somleng-freeswitch-webserver",
            "autoscaling_groups": [
              "awseb-e-cwufkmtysm-stack-AWSEBAutoScalingGroup-12SJLP469Z6N8"
            ],
            "cname": "somleng-freeswitch-webserver.uiym7dhhrf.ap-southeast-1.elasticbeanstalk.com",
            "cname_prefix": "",
            "description": "",
            "endpoint_url": "awseb-AWSEB-14GZZW6JCV7OE-fd19ff21896e5f62.elb.ap-southeast-1.amazonaws.com",
            "id": "e-cwufkmtysm",
            "instances": [
              "i-09c23647192a32678"
            ],
            "launch_configurations": [
              "awseb-e-cwufkmtysm-stack-AWSEBAutoScalingLaunchConfiguration-C4DE10MQMFJT"
            ],
            "load_balancers": [
              "arn:aws:elasticloadbalancing:ap-southeast-1:324279636507:loadbalancer/net/awseb-AWSEB-14GZZW6JCV7OE/fd19ff21896e5f62"
            ],
            "name": "somleng-freeswitch-webserver",
            "platform_arn": "arn:aws:elasticbeanstalk:ap-southeast-1::platform/Multi-container Docker running on 64bit Amazon Linux/2.20.4",
            "poll_interval": null,
            "queues": [],
            "setting": [
              {
                "name": "AWS_DEFAULT_REGION",
                "namespace": "aws:elasticbeanstalk:application:environment",
                "resource": "",
                "value": "ap-southeast-1"
              },
              {
                "name": "AWS_REGION",
                "namespace": "aws:elasticbeanstalk:application:environment",
                "resource": "",
                "value": "ap-southeast-1"
              },
              {
                "name": "AssociatePublicIpAddress",
                "namespace": "aws:ec2:vpc",
                "resource": "",
                "value": "true"
              },
              {
                "name": "DeleteOnTerminate",
                "namespace": "aws:elasticbeanstalk:cloudwatch:logs",
                "resource": "",
                "value": "false"
              },
              {
                "name": "DeploymentPolicy",
                "namespace": "aws:elasticbeanstalk:command",
                "resource": "",
                "value": "AllAtOnce"
              },
              {
                "name": "ELBScheme",
                "namespace": "aws:ec2:vpc",
                "resource": "",
                "value": "internal"
              },
              {
                "name": "ELBSubnets",
                "namespace": "aws:ec2:vpc",
                "resource": "",
                "value": "subnet-03b901f8ca1564d80,subnet-0d6f48318bea1cb76,subnet-0d72b10b9a8a68727"
              },
              {
                "name": "EnvironmentType",
                "namespace": "aws:elasticbeanstalk:environment",
                "resource": "",
                "value": "LoadBalanced"
              },
              {
                "name": "FS_CORE_LOGLEVEL",
                "namespace": "aws:elasticbeanstalk:application:environment",
                "resource": "",
                "value": "err"
              },
              {
                "name": "FS_CORE_MAX_SESSIONS",
                "namespace": "aws:elasticbeanstalk:application:environment",
                "resource": "",
                "value": "1000"
              },
              {
                "name": "FS_CORE_SESSIONS_PER_SECOND",
                "namespace": "aws:elasticbeanstalk:application:environment",
                "resource": "",
                "value": "1000"
              },
              {
                "name": "FS_EXTERNAL_IP",
                "namespace": "aws:elasticbeanstalk:application:environment",
                "resource": "",
                "value": "3.0.30.251"
              },
              {
                "name": "FS_MOD_JSON_CDR_CRED",
                "namespace": "aws:elasticbeanstalk:application:environment",
                "resource": "",
                "value": "admin:kjAcAY7VJtd6hyPTwyyAeUpoXnYMXQyx"
              },
              {
                "name": "FS_MOD_JSON_CDR_URL",
                "namespace": "aws:elasticbeanstalk:application:environment",
                "resource": "",
                "value": "https://twilreapi.somleng.org/api/internal/call_data_records"
              },
              {
                "name": "FS_MOD_RAYO_DOMAIN_NAME",
                "namespace": "aws:elasticbeanstalk:application:environment",
                "resource": "",
                "value": "rayo.somleng.org"
              },
              {
                "name": "FS_MOD_RAYO_PASSWORD",
                "namespace": "aws:elasticbeanstalk:application:environment",
                "resource": "",
                "value": "HyfDsC7fpDYH9inPdoWXGACjsxZijKki"
              },
              {
                "name": "FS_MOD_RAYO_PORT",
                "namespace": "aws:elasticbeanstalk:application:environment",
                "resource": "",
                "value": "5222"
              },
              {
                "name": "FS_MOD_RAYO_SHARED_SECRET",
                "namespace": "aws:elasticbeanstalk:application:environment",
                "resource": "",
                "value": "HyfDsC7fpDYH9inPdoWXGACjsxZijKki"
              },
              {
                "name": "FS_MOD_RAYO_USER",
                "namespace": "aws:elasticbeanstalk:application:environment",
                "resource": "",
                "value": "rayo"
              },
              {
                "name": "IamInstanceProfile",
                "namespace": "aws:autoscaling:launchconfiguration",
                "resource": "",
                "value": "somleng-freeswitch"
              },
              {
                "name": "InstanceRefreshEnabled",
                "namespace": "aws:elasticbeanstalk:managedactions:platformupdate",
                "resource": "",
                "value": "true"
              },
              {
                "name": "InstanceType",
                "namespace": "aws:autoscaling:launchconfiguration",
                "resource": "",
                "value": "t3.small"
              },
              {
                "name": "ListenerEnabled",
                "namespace": "aws:elbv2:listener:5222",
                "resource": "",
                "value": "true"
              },
              {
                "name": "LoadBalancerType",
                "namespace": "aws:elasticbeanstalk:environment",
                "resource": "",
                "value": "network"
              },
              {
                "name": "ManagedActionsEnabled",
                "namespace": "aws:elasticbeanstalk:managedactions",
                "resource": "",
                "value": "true"
              },
              {
                "name": "MaxSize",
                "namespace": "aws:autoscaling:asg",
                "resource": "",
                "value": "2"
              },
              {
                "name": "MinSize",
                "namespace": "aws:autoscaling:asg",
                "resource": "",
                "value": "1"
              },
              {
                "name": "Port",
                "namespace": "aws:elasticbeanstalk:environment:process:default",
                "resource": "",
                "value": "5222"
              },
              {
                "name": "PreferredStartTime",
                "namespace": "aws:elasticbeanstalk:managedactions",
                "resource": "",
                "value": "Sun:19:00"
              },
              {
                "name": "Protocol",
                "namespace": "aws:elasticbeanstalk:environment:process:default",
                "resource": "",
                "value": "TCP"
              },
              {
                "name": "Protocol",
                "namespace": "aws:elbv2:listener:5222",
                "resource": "",
                "value": "TCP"
              },
              {
                "name": "RollingUpdateEnabled",
                "namespace": "aws:autoscaling:updatepolicy:rollingupdate",
                "resource": "",
                "value": "true"
              },
              {
                "name": "RollingUpdateType",
                "namespace": "aws:autoscaling:updatepolicy:rollingupdate",
                "resource": "",
                "value": "Time"
              },
              {
                "name": "SecurityGroups",
                "namespace": "aws:autoscaling:launchconfiguration",
                "resource": "",
                "value": "sg-0774b558bce543ecd"
              },
              {
                "name": "ServiceRole",
                "namespace": "aws:elasticbeanstalk:environment",
                "resource": "",
                "value": "aws-elasticbeanstalk-service-role"
              },
              {
                "name": "StreamLogs",
                "namespace": "aws:elasticbeanstalk:cloudwatch:logs",
                "resource": "",
                "value": "true"
              },
              {
                "name": "Subnets",
                "namespace": "aws:ec2:vpc",
                "resource": "",
                "value": "subnet-08e834c100fe4e24d,subnet-08ff0796bbc564c04,subnet-0f65055afb3d095d0"
              },
              {
                "name": "SystemType",
                "namespace": "aws:elasticbeanstalk:healthreporting:system",
                "resource": "",
                "value": "enhanced"
              },
              {
                "name": "UpdateLevel",
                "namespace": "aws:elasticbeanstalk:managedactions:platformupdate",
                "resource": "",
                "value": "minor"
              },
              {
                "name": "VPCId",
                "namespace": "aws:ec2:vpc",
                "resource": "",
                "value": "vpc-0d36f2f60f3773315"
              }
            ],
            "solution_stack_name": "64bit Amazon Linux 2018.03 v2.20.4 running Multi-container Docker 19.03.6-ce (Generic)",
            "tags": {
              "eip_allocation_id": "eipalloc-0081d27aac1864444"
            },
            "template_name": null,
            "tier": "WebServer",
            "triggers": [],
            "version_label": "0f3154348cc3aeeb27c5e017f7c0e39747e830bd-1593247333.zip",
            "wait_for_ready_timeout": "20m"
          },
          "private": "eyJzY2hlbWFfdmVyc2lvbiI6IjEifQ==",
          "dependencies": [
            "aws_eip.freeswitch",
            "aws_elastic_beanstalk_application.freeswitch",
            "aws_iam_instance_profile.eb_service",
            "aws_iam_instance_profile.freeswitch",
            "aws_security_group.freeswitch",
            "aws_ssm_parameter.somleng_freeswitch_mod_rayo_password",
            "aws_ssm_parameter.twilreapi_internal_api_password",
            "module.vpc.aws_subnet.intra",
            "module.vpc.aws_subnet.public",
            "module.vpc.aws_vpc.this"
          ]
        }
      ]
    },
    {
      "mode": "managed",
      "type": "aws_elastic_beanstalk_environment",
      "name": "somleng_adhearsion_webserver",
      "provider": "provider.aws",
      "instances": [
        {
          "schema_version": 1,
          "attributes": {
            "all_settings": [
              {
                "name": "AHN_ADHEARSION_DRB_PORT",
                "namespace": "aws:elasticbeanstalk:application:environment",
                "resource": "",
                "value": "9050"
              },
              {
                "name": "AHN_CORE_HOST",
                "namespace": "aws:elasticbeanstalk:application:environment",
                "resource": "",
                "value": "somleng-freeswitch.internal.somleng.org"
              },
              {
                "name": "AHN_CORE_PASSWORD",
                "namespace": "aws:elasticbeanstalk:application:environment",
                "resource": "",
                "value": "HyfDsC7fpDYH9inPdoWXGACjsxZijKki"
              },
              {
                "name": "AHN_CORE_PORT",
                "namespace": "aws:elasticbeanstalk:application:environment",
                "resource": "",
                "value": "5222"
              },
              {
                "name": "AHN_CORE_USERNAME",
                "namespace": "aws:elasticbeanstalk:application:environment",
                "resource": "",
                "value": "rayo@rayo.somleng.org"
              },
              {
                "name": "AHN_ENV",
                "namespace": "aws:elasticbeanstalk:application:environment",
                "resource": "",
                "value": "production"
              },
              {
                "name": "AHN_TWILIO_REST_API_PHONE_CALLS_URL",
                "namespace": "aws:elasticbeanstalk:application:environment",
                "resource": "",
                "value": "https://admin:kjAcAY7VJtd6hyPTwyyAeUpoXnYMXQyx@twilreapi.somleng.org/api/internal/phone_calls"
              },
              {
                "name": "AHN_TWILIO_REST_API_PHONE_CALL_EVENTS_URL",
                "namespace": "aws:elasticbeanstalk:application:environment",
                "resource": "",
                "value": "https://admin:kjAcAY7VJtd6hyPTwyyAeUpoXnYMXQyx@twilreapi.somleng.org/api/internal/phone_calls/:phone_call_id/phone_call_events"
              },
              {
                "name": "AWS_DEFAULT_REGION",
                "namespace": "aws:elasticbeanstalk:application:environment",
                "resource": "",
                "value": "ap-southeast-1"
              },
              {
                "name": "AWS_REGION",
                "namespace": "aws:elasticbeanstalk:application:environment",
                "resource": "",
                "value": "ap-southeast-1"
              },
              {
                "name": "AppSource",
                "namespace": "aws:cloudformation:template:parameter",
                "resource": "",
                "value": "https://s3-ap-southeast-1.amazonaws.com/elasticbeanstalk-samples-ap-southeast-1/ecs-sample.zip"
              },
              {
                "name": "Application Healthcheck URL",
                "namespace": "aws:elasticbeanstalk:application",
                "resource": "",
                "value": ""
              },
              {
                "name": "AssociatePublicIpAddress",
                "namespace": "aws:ec2:vpc",
                "resource": "",
                "value": "false"
              },
              {
                "name": "Automatically Terminate Unhealthy Instances",
                "namespace": "aws:elasticbeanstalk:monitoring",
                "resource": "",
                "value": "true"
              },
              {
                "name": "Availability Zones",
                "namespace": "aws:autoscaling:asg",
                "resource": "",
                "value": "Any"
              },
              {
                "name": "BatchSize",
                "namespace": "aws:elasticbeanstalk:command",
                "resource": "",
                "value": "100"
              },
              {
                "name": "BatchSizeType",
                "namespace": "aws:elasticbeanstalk:command",
                "resource": "",
                "value": "Percentage"
              },
              {
                "name": "BlockDeviceMappings",
                "namespace": "aws:autoscaling:launchconfiguration",
                "resource": "",
                "value": "/dev/xvdcz=:12:true:gp2"
              },
              {
                "name": "BreachDuration",
                "namespace": "aws:autoscaling:trigger",
                "resource": "",
                "value": "5"
              },
              {
                "name": "ConfigDocument",
                "namespace": "aws:elasticbeanstalk:healthreporting:system",
                "resource": "",
                "value": "{\"Version\":1,\"CloudWatchMetrics\":{\"Instance\":{\"CPUIrq\":null,\"LoadAverage5min\":null,\"ApplicationRequests5xx\":null,\"ApplicationRequests4xx\":null,\"CPUUser\":null,\"LoadAverage1min\":null,\"ApplicationLatencyP50\":null,\"CPUIdle\":null,\"InstanceHealth\":null,\"ApplicationLatencyP95\":null,\"ApplicationLatencyP85\":null,\"RootFilesystemUtil\":null,\"ApplicationLatencyP90\":null,\"CPUSystem\":null,\"ApplicationLatencyP75\":null,\"CPUSoftirq\":null,\"ApplicationLatencyP10\":null,\"ApplicationLatencyP99\":null,\"ApplicationRequestsTotal\":null,\"ApplicationLatencyP99.9\":null,\"ApplicationRequests3xx\":null,\"ApplicationRequests2xx\":null,\"CPUIowait\":null,\"CPUNice\":null},\"Environment\":{\"InstancesSevere\":null,\"InstancesDegraded\":null,\"ApplicationRequests5xx\":null,\"ApplicationRequests4xx\":null,\"ApplicationLatencyP50\":null,\"ApplicationLatencyP95\":null,\"ApplicationLatencyP85\":null,\"InstancesUnknown\":null,\"ApplicationLatencyP90\":null,\"InstancesInfo\":null,\"InstancesPending\":null,\"ApplicationLatencyP75\":null,\"ApplicationLatencyP10\":null,\"ApplicationLatencyP99\":null,\"ApplicationRequestsTotal\":null,\"InstancesNoData\":null,\"ApplicationLatencyP99.9\":null,\"ApplicationRequests3xx\":null,\"ApplicationRequests2xx\":null,\"InstancesOk\":null,\"InstancesWarning\":null}}}"
              },
              {
                "name": "Cooldown",
                "namespace": "aws:autoscaling:asg",
                "resource": "",
                "value": "360"
              },
              {
                "name": "Custom Availability Zones",
                "namespace": "aws:autoscaling:asg",
                "resource": "",
                "value": ""
              },
              {
                "name": "DEFAULT_QUEUE_URL",
                "namespace": "aws:elasticbeanstalk:application:environment",
                "resource": "",
                "value": ""
              },
              {
                "name": "DefaultProcess",
                "namespace": "aws:elbv2:listener:443",
                "resource": "",
                "value": "default"
              },
              {
                "name": "DefaultProcess",
                "namespace": "aws:elbv2:listener:9050",
                "resource": "",
                "value": "default"
              },
              {
                "name": "DefaultProcess",
                "namespace": "aws:elbv2:listener:default",
                "resource": "",
                "value": "default"
              },
              {
                "name": "DefaultSSHPort",
                "namespace": "aws:elasticbeanstalk:control",
                "resource": "",
                "value": "22"
              },
              {
                "name": "DeleteOnTerminate",
                "namespace": "aws:elasticbeanstalk:cloudwatch:logs",
                "resource": "",
                "value": "false"
              },
              {
                "name": "DeleteOnTerminate",
                "namespace": "aws:elasticbeanstalk:cloudwatch:logs:health",
                "resource": "",
                "value": "false"
              },
              {
                "name": "DeploymentPolicy",
                "namespace": "aws:elasticbeanstalk:command",
                "resource": "",
                "value": "AllAtOnce"
              },
              {
                "name": "DeregistrationDelay",
                "namespace": "aws:elasticbeanstalk:environment:process:default",
                "resource": "",
                "value": "20"
              },
              {
                "name": "EB_TIER",
                "namespace": "aws:elasticbeanstalk:application:environment",
                "resource": "",
                "value": "WebServer"
              },
              {
                "name": "EC2KeyName",
                "namespace": "aws:autoscaling:launchconfiguration",
                "resource": "",
                "value": ""
              },
              {
                "name": "ELBScheme",
                "namespace": "aws:ec2:vpc",
                "resource": "",
                "value": "internal"
              },
              {
                "name": "ELBSubnets",
                "namespace": "aws:ec2:vpc",
                "resource": "",
                "value": "subnet-03b901f8ca1564d80,subnet-0d6f48318bea1cb76,subnet-0d72b10b9a8a68727"
              },
              {
                "name": "EVENTMACHINE_LIBRARY",
                "namespace": "aws:elasticbeanstalk:application:environment",
                "resource": "",
                "value": "pure_ruby"
              },
              {
                "name": "EnableSpot",
                "namespace": "aws:ec2:instances",
                "resource": "",
                "value": "false"
              },
              {
                "name": "EnvironmentType",
                "namespace": "aws:elasticbeanstalk:environment",
                "resource": "",
                "value": "LoadBalanced"
              },
              {
                "name": "EnvironmentVariables",
                "namespace": "aws:cloudformation:template:parameter",
                "resource": "",
                "value": "EVENTMACHINE_LIBRARY=pure_ruby,AWS_REGION=ap-southeast-1,DEFAULT_QUEUE_URL=,UNUSED_ENV_VAR=,AHN_CORE_PORT=5222,AWS_DEFAULT_REGION=ap-southeast-1,EB_TIER=WebServer,AHN_CORE_PASSWORD=HyfDsC7fpDYH9inPdoWXGACjsxZijKki,AHN_ADHEARSION_DRB_PORT=9050,AHN_CORE_USERNAME=rayo@rayo.somleng.org,AHN_TWILIO_REST_API_PHONE_CALL_EVENTS_URL=https://admin:kjAcAY7VJtd6hyPTwyyAeUpoXnYMXQyx@twilreapi.somleng.org/api/internal/phone_calls/:phone_call_id/phone_call_events,AHN_CORE_HOST=somleng-freeswitch.internal.somleng.org,AHN_ENV=production,AHN_TWILIO_REST_API_PHONE_CALLS_URL=https://admin:kjAcAY7VJtd6hyPTwyyAeUpoXnYMXQyx@twilreapi.somleng.org/api/internal/phone_calls"
              },
              {
                "name": "EvaluationPeriods",
                "namespace": "aws:autoscaling:trigger",
                "resource": "",
                "value": "1"
              },
              {
                "name": "ExternalExtensionsS3Bucket",
                "namespace": "aws:elasticbeanstalk:environment",
                "resource": "",
                "value": ""
              },
              {
                "name": "ExternalExtensionsS3Key",
                "namespace": "aws:elasticbeanstalk:environment",
                "resource": "",
                "value": ""
              },
              {
                "name": "HealthCheckInterval",
                "namespace": "aws:elasticbeanstalk:environment:process:default",
                "resource": "",
                "value": "10"
              },
              {
                "name": "HealthCheckSuccessThreshold",
                "namespace": "aws:elasticbeanstalk:healthreporting:system",
                "resource": "",
                "value": "Ok"
              },
              {
                "name": "HealthStreamingEnabled",
                "namespace": "aws:elasticbeanstalk:cloudwatch:logs:health",
                "resource": "",
                "value": "false"
              },
              {
                "name": "HealthyThresholdCount",
                "namespace": "aws:elasticbeanstalk:environment:process:default",
                "resource": "",
                "value": "5"
              },
              {
                "name": "HooksPkgUrl",
                "namespace": "aws:cloudformation:template:parameter",
                "resource": "",
                "value": "https://s3.dualstack.ap-southeast-1.amazonaws.com/elasticbeanstalk-env-resources-ap-southeast-1/stalks/eb_docker_ecs_4.2.1.201834.0_1593138610/lib/hooks.tar.gz"
              },
              {
                "name": "IamInstanceProfile",
                "namespace": "aws:autoscaling:launchconfiguration",
                "resource": "",
                "value": "somleng-adhearsion"
              },
              {
                "name": "IgnoreHealthCheck",
                "namespace": "aws:elasticbeanstalk:command",
                "resource": "",
                "value": "false"
              },
              {
                "name": "ImageId",
                "namespace": "aws:autoscaling:launchconfiguration",
                "resource": "",
                "value": "ami-075eec3b6bb8db71f"
              },
              {
                "name": "InstancePort",
                "namespace": "aws:cloudformation:template:parameter",
                "resource": "",
                "value": "80"
              },
              {
                "name": "InstanceRefreshEnabled",
                "namespace": "aws:elasticbeanstalk:managedactions:platformupdate",
                "resource": "",
                "value": "true"
              },
              {
                "name": "InstanceType",
                "namespace": "aws:autoscaling:launchconfiguration",
                "resource": "",
                "value": "t3.small"
              },
              {
                "name": "InstanceTypeFamily",
                "namespace": "aws:cloudformation:template:parameter",
                "resource": "",
                "value": "t3"
              },
              {
                "name": "InstanceTypes",
                "namespace": "aws:ec2:instances",
                "resource": "",
                "value": "t3.small"
              },
              {
                "name": "LaunchTimeout",
                "namespace": "aws:elasticbeanstalk:control",
                "resource": "",
                "value": "0"
              },
              {
                "name": "LaunchType",
                "namespace": "aws:elasticbeanstalk:control",
                "resource": "",
                "value": "Migration"
              },
              {
                "name": "ListenerEnabled",
                "namespace": "aws:elbv2:listener:443",
                "resource": "",
                "value": "false"
              },
              {
                "name": "ListenerEnabled",
                "namespace": "aws:elbv2:listener:9050",
                "resource": "",
                "value": "true"
              },
              {
                "name": "ListenerEnabled",
                "namespace": "aws:elbv2:listener:default",
                "resource": "",
                "value": "false"
              },
              {
                "name": "LoadBalancerType",
                "namespace": "aws:elasticbeanstalk:environment",
                "resource": "",
                "value": "network"
              },
              {
                "name": "LogPublicationControl",
                "namespace": "aws:elasticbeanstalk:hostmanager",
                "resource": "",
                "value": "false"
              },
              {
                "name": "LowerBreachScaleIncrement",
                "namespace": "aws:autoscaling:trigger",
                "resource": "",
                "value": "-1"
              },
              {
                "name": "LowerThreshold",
                "namespace": "aws:autoscaling:trigger",
                "resource": "",
                "value": "2000000"
              },
              {
                "name": "ManagedActionsEnabled",
                "namespace": "aws:elasticbeanstalk:managedactions",
                "resource": "",
                "value": "true"
              },
              {
                "name": "MaxBatchSize",
                "namespace": "aws:autoscaling:updatepolicy:rollingupdate",
                "resource": "",
                "value": "1"
              },
              {
                "name": "MaxSize",
                "namespace": "aws:autoscaling:asg",
                "resource": "",
                "value": "2"
              },
              {
                "name": "MeasureName",
                "namespace": "aws:autoscaling:trigger",
                "resource": "",
                "value": "NetworkOut"
              },
              {
                "name": "MinInstancesInService",
                "namespace": "aws:autoscaling:updatepolicy:rollingupdate",
                "resource": "",
                "value": "1"
              },
              {
                "name": "MinSize",
                "namespace": "aws:autoscaling:asg",
                "resource": "",
                "value": "1"
              },
              {
                "name": "MonitoringInterval",
                "namespace": "aws:autoscaling:launchconfiguration",
                "resource": "",
                "value": "5 minute"
              },
              {
                "name": "Notification Endpoint",
                "namespace": "aws:elasticbeanstalk:sns:topics",
                "resource": "",
                "value": ""
              },
              {
                "name": "Notification Protocol",
                "namespace": "aws:elasticbeanstalk:sns:topics",
                "resource": "",
                "value": "email"
              },
              {
                "name": "Notification Topic ARN",
                "namespace": "aws:elasticbeanstalk:sns:topics",
                "resource": "",
                "value": ""
              },
              {
                "name": "Notification Topic Name",
                "namespace": "aws:elasticbeanstalk:sns:topics",
                "resource": "",
                "value": ""
              },
              {
                "name": "PauseTime",
                "namespace": "aws:autoscaling:updatepolicy:rollingupdate",
                "resource": "",
                "value": "PT5M30S"
              },
              {
                "name": "Period",
                "namespace": "aws:autoscaling:trigger",
                "resource": "",
                "value": "5"
              },
              {
                "name": "Port",
                "namespace": "aws:elasticbeanstalk:environment:process:default",
                "resource": "",
                "value": "9050"
              },
              {
                "name": "PreferredStartTime",
                "namespace": "aws:elasticbeanstalk:managedactions",
                "resource": "",
                "value": "Sun:19:00"
              },
              {
                "name": "Protocol",
                "namespace": "aws:elasticbeanstalk:environment:process:default",
                "resource": "",
                "value": "TCP"
              },
              {
                "name": "Protocol",
                "namespace": "aws:elbv2:listener:443",
                "resource": "",
                "value": "TCP"
              },
              {
                "name": "Protocol",
                "namespace": "aws:elbv2:listener:9050",
                "resource": "",
                "value": "TCP"
              },
              {
                "name": "Protocol",
                "namespace": "aws:elbv2:listener:default",
                "resource": "",
                "value": "TCP"
              },
              {
                "name": "RetentionInDays",
                "namespace": "aws:elasticbeanstalk:cloudwatch:logs",
                "resource": "",
                "value": "30"
              },
              {
                "name": "RetentionInDays",
                "namespace": "aws:elasticbeanstalk:cloudwatch:logs:health",
                "resource": "",
                "value": "7"
              },
              {
                "name": "RollbackLaunchOnFailure",
                "namespace": "aws:elasticbeanstalk:control",
                "resource": "",
                "value": "false"
              },
              {
                "name": "RollingUpdateEnabled",
                "namespace": "aws:autoscaling:updatepolicy:rollingupdate",
                "resource": "",
                "value": "true"
              },
              {
                "name": "RollingUpdateType",
                "namespace": "aws:autoscaling:updatepolicy:rollingupdate",
                "resource": "",
                "value": "Time"
              },
              {
                "name": "RootVolumeIOPS",
                "namespace": "aws:autoscaling:launchconfiguration",
                "resource": "",
                "value": ""
              },
              {
                "name": "RootVolumeSize",
                "namespace": "aws:autoscaling:launchconfiguration",
                "resource": "",
                "value": ""
              },
              {
                "name": "RootVolumeType",
                "namespace": "aws:autoscaling:launchconfiguration",
                "resource": "",
                "value": ""
              },
              {
                "name": "SSHSourceRestriction",
                "namespace": "aws:autoscaling:launchconfiguration",
                "resource": "",
                "value": "tcp,22,22,0.0.0.0/0"
              },
              {
                "name": "SecurityGroups",
                "namespace": "aws:autoscaling:launchconfiguration",
                "resource": "",
                "value": ""
              },
              {
                "name": "ServiceRole",
                "namespace": "aws:elasticbeanstalk:environment",
                "resource": "",
                "value": "aws-elasticbeanstalk-service-role"
              },
              {
                "name": "ServiceRoleForManagedUpdates",
                "namespace": "aws:elasticbeanstalk:managedactions",
                "resource": "",
                "value": "aws-elasticbeanstalk-service-role"
              },
              {
                "name": "SpotFleetOnDemandAboveBasePercentage",
                "namespace": "aws:ec2:instances",
                "resource": "",
                "value": "70"
              },
              {
                "name": "SpotFleetOnDemandBase",
                "namespace": "aws:ec2:instances",
                "resource": "",
                "value": "0"
              },
              {
                "name": "SpotMaxPrice",
                "namespace": "aws:ec2:instances",
                "resource": "",
                "value": ""
              },
              {
                "name": "Statistic",
                "namespace": "aws:autoscaling:trigger",
                "resource": "",
                "value": "Average"
              },
              {
                "name": "StreamLogs",
                "namespace": "aws:elasticbeanstalk:cloudwatch:logs",
                "resource": "",
                "value": "true"
              },
              {
                "name": "Subnets",
                "namespace": "aws:ec2:vpc",
                "resource": "",
                "value": "subnet-05a73783c6e44430a,subnet-08e72d4cff61634c9,subnet-0a678d53a174d6805"
              },
              {
                "name": "SystemType",
                "namespace": "aws:elasticbeanstalk:healthreporting:system",
                "resource": "",
                "value": "enhanced"
              },
              {
                "name": "Timeout",
                "namespace": "aws:autoscaling:updatepolicy:rollingupdate",
                "resource": "",
                "value": "PT30M"
              },
              {
                "name": "Timeout",
                "namespace": "aws:elasticbeanstalk:command",
                "resource": "",
                "value": "600"
              },
              {
                "name": "UNUSED_ENV_VAR",
                "namespace": "aws:elasticbeanstalk:application:environment",
                "resource": "",
                "value": ""
              },
              {
                "name": "UnhealthyThresholdCount",
                "namespace": "aws:elasticbeanstalk:environment:process:default",
                "resource": "",
                "value": "5"
              },
              {
                "name": "Unit",
                "namespace": "aws:autoscaling:trigger",
                "resource": "",
                "value": "Bytes"
              },
              {
                "name": "UpdateLevel",
                "namespace": "aws:elasticbeanstalk:managedactions:platformupdate",
                "resource": "",
                "value": "minor"
              },
              {
                "name": "UpperBreachScaleIncrement",
                "namespace": "aws:autoscaling:trigger",
                "resource": "",
                "value": "1"
              },
              {
                "name": "UpperThreshold",
                "namespace": "aws:autoscaling:trigger",
                "resource": "",
                "value": "6000000"
              },
              {
                "name": "VPCId",
                "namespace": "aws:ec2:vpc",
                "resource": "",
                "value": "vpc-0d36f2f60f3773315"
              }
            ],
            "application": "somleng-adhearsion",
            "arn": "arn:aws:elasticbeanstalk:ap-southeast-1:324279636507:environment/somleng-adhearsion/somleng-adhearsion-webserver",
            "autoscaling_groups": [
              "awseb-e-m9eq24xihv-stack-AWSEBAutoScalingGroup-15YGCGKGF0DSM"
            ],
            "cname": "somleng-adhearsion-webserver.hpajmep6tf.ap-southeast-1.elasticbeanstalk.com",
            "cname_prefix": "",
            "description": "",
            "endpoint_url": "awseb-AWSEB-V24UJLHT6OQQ-e174de6519bee4b0.elb.ap-southeast-1.amazonaws.com",
            "id": "e-m9eq24xihv",
            "instances": [
              "i-080598f8521e8e511"
            ],
            "launch_configurations": [
              "awseb-e-m9eq24xihv-stack-AWSEBAutoScalingLaunchConfiguration-1BCRMKT4R2NWY"
            ],
            "load_balancers": [
              "arn:aws:elasticloadbalancing:ap-southeast-1:324279636507:loadbalancer/net/awseb-AWSEB-V24UJLHT6OQQ/e174de6519bee4b0"
            ],
            "name": "somleng-adhearsion-webserver",
            "platform_arn": "arn:aws:elasticbeanstalk:ap-southeast-1::platform/Multi-container Docker running on 64bit Amazon Linux/2.20.4",
            "poll_interval": null,
            "queues": [],
            "setting": [
              {
                "name": "AHN_ADHEARSION_DRB_PORT",
                "namespace": "aws:elasticbeanstalk:application:environment",
                "resource": "",
                "value": "9050"
              },
              {
                "name": "AHN_CORE_HOST",
                "namespace": "aws:elasticbeanstalk:application:environment",
                "resource": "",
                "value": "somleng-freeswitch.internal.somleng.org"
              },
              {
                "name": "AHN_CORE_PASSWORD",
                "namespace": "aws:elasticbeanstalk:application:environment",
                "resource": "",
                "value": "HyfDsC7fpDYH9inPdoWXGACjsxZijKki"
              },
              {
                "name": "AHN_CORE_PORT",
                "namespace": "aws:elasticbeanstalk:application:environment",
                "resource": "",
                "value": "5222"
              },
              {
                "name": "AHN_CORE_USERNAME",
                "namespace": "aws:elasticbeanstalk:application:environment",
                "resource": "",
                "value": "rayo@rayo.somleng.org"
              },
              {
                "name": "AHN_ENV",
                "namespace": "aws:elasticbeanstalk:application:environment",
                "resource": "",
                "value": "production"
              },
              {
                "name": "AHN_TWILIO_REST_API_PHONE_CALLS_URL",
                "namespace": "aws:elasticbeanstalk:application:environment",
                "resource": "",
                "value": "https://admin:kjAcAY7VJtd6hyPTwyyAeUpoXnYMXQyx@twilreapi.somleng.org/api/internal/phone_calls"
              },
              {
                "name": "AHN_TWILIO_REST_API_PHONE_CALL_EVENTS_URL",
                "namespace": "aws:elasticbeanstalk:application:environment",
                "resource": "",
                "value": "https://admin:kjAcAY7VJtd6hyPTwyyAeUpoXnYMXQyx@twilreapi.somleng.org/api/internal/phone_calls/:phone_call_id/phone_call_events"
              },
              {
                "name": "AWS_DEFAULT_REGION",
                "namespace": "aws:elasticbeanstalk:application:environment",
                "resource": "",
                "value": "ap-southeast-1"
              },
              {
                "name": "AWS_REGION",
                "namespace": "aws:elasticbeanstalk:application:environment",
                "resource": "",
                "value": "ap-southeast-1"
              },
              {
                "name": "AssociatePublicIpAddress",
                "namespace": "aws:ec2:vpc",
                "resource": "",
                "value": "false"
              },
              {
                "name": "DeleteOnTerminate",
                "namespace": "aws:elasticbeanstalk:cloudwatch:logs",
                "resource": "",
                "value": "false"
              },
              {
                "name": "DeploymentPolicy",
                "namespace": "aws:elasticbeanstalk:command",
                "resource": "",
                "value": "AllAtOnce"
              },
              {
                "name": "ELBScheme",
                "namespace": "aws:ec2:vpc",
                "resource": "",
                "value": "internal"
              },
              {
                "name": "ELBSubnets",
                "namespace": "aws:ec2:vpc",
                "resource": "",
                "value": "subnet-03b901f8ca1564d80,subnet-0d6f48318bea1cb76,subnet-0d72b10b9a8a68727"
              },
              {
                "name": "EnvironmentType",
                "namespace": "aws:elasticbeanstalk:environment",
                "resource": "",
                "value": "LoadBalanced"
              },
              {
                "name": "IamInstanceProfile",
                "namespace": "aws:autoscaling:launchconfiguration",
                "resource": "",
                "value": "somleng-adhearsion"
              },
              {
                "name": "InstanceRefreshEnabled",
                "namespace": "aws:elasticbeanstalk:managedactions:platformupdate",
                "resource": "",
                "value": "true"
              },
              {
                "name": "InstanceType",
                "namespace": "aws:autoscaling:launchconfiguration",
                "resource": "",
                "value": "t3.small"
              },
              {
                "name": "ListenerEnabled",
                "namespace": "aws:elbv2:listener:443",
                "resource": "",
                "value": "false"
              },
              {
                "name": "ListenerEnabled",
                "namespace": "aws:elbv2:listener:9050",
                "resource": "",
                "value": "true"
              },
              {
                "name": "ListenerEnabled",
                "namespace": "aws:elbv2:listener:default",
                "resource": "",
                "value": "false"
              },
              {
                "name": "LoadBalancerType",
                "namespace": "aws:elasticbeanstalk:environment",
                "resource": "",
                "value": "network"
              },
              {
                "name": "ManagedActionsEnabled",
                "namespace": "aws:elasticbeanstalk:managedactions",
                "resource": "",
                "value": "true"
              },
              {
                "name": "MaxSize",
                "namespace": "aws:autoscaling:asg",
                "resource": "",
                "value": "2"
              },
              {
                "name": "MinSize",
                "namespace": "aws:autoscaling:asg",
                "resource": "",
                "value": "1"
              },
              {
                "name": "Port",
                "namespace": "aws:elasticbeanstalk:environment:process:default",
                "resource": "",
                "value": "9050"
              },
              {
                "name": "PreferredStartTime",
                "namespace": "aws:elasticbeanstalk:managedactions",
                "resource": "",
                "value": "Sun:19:00"
              },
              {
                "name": "Protocol",
                "namespace": "aws:elasticbeanstalk:environment:process:default",
                "resource": "",
                "value": "TCP"
              },
              {
                "name": "Protocol",
                "namespace": "aws:elbv2:listener:9050",
                "resource": "",
                "value": "TCP"
              },
              {
                "name": "RollingUpdateEnabled",
                "namespace": "aws:autoscaling:updatepolicy:rollingupdate",
                "resource": "",
                "value": "true"
              },
              {
                "name": "RollingUpdateType",
                "namespace": "aws:autoscaling:updatepolicy:rollingupdate",
                "resource": "",
                "value": "Time"
              },
              {
                "name": "ServiceRole",
                "namespace": "aws:elasticbeanstalk:environment",
                "resource": "",
                "value": "aws-elasticbeanstalk-service-role"
              },
              {
                "name": "StreamLogs",
                "namespace": "aws:elasticbeanstalk:cloudwatch:logs",
                "resource": "",
                "value": "true"
              },
              {
                "name": "Subnets",
                "namespace": "aws:ec2:vpc",
                "resource": "",
                "value": "subnet-05a73783c6e44430a,subnet-08e72d4cff61634c9,subnet-0a678d53a174d6805"
              },
              {
                "name": "SystemType",
                "namespace": "aws:elasticbeanstalk:healthreporting:system",
                "resource": "",
                "value": "enhanced"
              },
              {
                "name": "UpdateLevel",
                "namespace": "aws:elasticbeanstalk:managedactions:platformupdate",
                "resource": "",
                "value": "minor"
              },
              {
                "name": "VPCId",
                "namespace": "aws:ec2:vpc",
                "resource": "",
                "value": "vpc-0d36f2f60f3773315"
              }
            ],
            "solution_stack_name": "64bit Amazon Linux 2018.03 v2.20.4 running Multi-container Docker 19.03.6-ce (Generic)",
            "tags": {},
            "template_name": null,
            "tier": "WebServer",
            "triggers": [],
            "version_label": "e77b5e0ba17c27cdf6a8de24803f72aee021112c-1574295927.zip",
            "wait_for_ready_timeout": "20m"
          },
          "private": "eyJzY2hlbWFfdmVyc2lvbiI6IjEifQ==",
          "dependencies": [
            "aws_elastic_beanstalk_application.somleng_adhearsion",
            "aws_iam_instance_profile.eb_service",
            "aws_iam_instance_profile.somleng_adhearsion",
            "aws_ssm_parameter.somleng_freeswitch_mod_rayo_password",
            "aws_ssm_parameter.twilreapi_internal_api_password",
            "module.vpc.aws_subnet.intra",
            "module.vpc.aws_subnet.private",
            "module.vpc.aws_vpc.this"
          ]
        }
      ]
    },
    {
      "mode": "managed",
      "type": "aws_elastic_beanstalk_environment",
      "name": "twilreapi_caller_worker",
      "provider": "provider.aws",
      "instances": [
        {
          "schema_version": 1,
          "attributes": {
            "all_settings": [
              {
                "name": "AWSEBHealthCheck",
                "namespace": "aws:cloudformation:template:parameter",
                "resource": "",
                "value": ""
              },
              {
                "name": "AWSEBWorkerDeadLetterQueueURL",
                "namespace": "aws:cloudformation:template:parameter",
                "resource": "",
                "value": ""
              },
              {
                "name": "AWS_DEFAULT_REGION",
                "namespace": "aws:elasticbeanstalk:application:environment",
                "resource": "",
                "value": "ap-southeast-1"
              },
              {
                "name": "AWS_REGION",
                "namespace": "aws:elasticbeanstalk:application:environment",
                "resource": "",
                "value": "ap-southeast-1"
              },
              {
                "name": "AWS_S3_ACCESS_KEY_ID",
                "namespace": "aws:elasticbeanstalk:application:environment",
                "resource": "",
                "value": "AKIAIJQOV7RSVIPKAEJQ"
              },
              {
                "name": "AWS_S3_SECRET_ACCESS_KEY",
                "namespace": "aws:elasticbeanstalk:application:environment",
                "resource": "",
                "value": "Rn/WT1tGUEoVQt+n9F2O03NCs1oR8dHh6O+5DlUn"
              },
              {
                "name": "AppSource",
                "namespace": "aws:cloudformation:template:parameter",
                "resource": "",
                "value": "http://s3-ap-southeast-1.amazonaws.com/elasticbeanstalk-samples-ap-southeast-1/ruby/puma-sample-20170821.zip"
              },
              {
                "name": "Application Healthcheck URL",
                "namespace": "aws:elasticbeanstalk:application",
                "resource": "",
                "value": ""
              },
              {
                "name": "AssociatePublicIpAddress",
                "namespace": "aws:ec2:vpc",
                "resource": "",
                "value": "false"
              },
              {
                "name": "Automatically Terminate Unhealthy Instances",
                "namespace": "aws:elasticbeanstalk:monitoring",
                "resource": "",
                "value": "true"
              },
              {
                "name": "Availability Zones",
                "namespace": "aws:autoscaling:asg",
                "resource": "",
                "value": "Any"
              },
              {
                "name": "BUNDLE_WITHOUT",
                "namespace": "aws:elasticbeanstalk:application:environment",
                "resource": "",
                "value": "test:development"
              },
              {
                "name": "BatchSize",
                "namespace": "aws:elasticbeanstalk:command",
                "resource": "",
                "value": "100"
              },
              {
                "name": "BatchSizeType",
                "namespace": "aws:elasticbeanstalk:command",
                "resource": "",
                "value": "Percentage"
              },
              {
                "name": "BlockDeviceMappings",
                "namespace": "aws:autoscaling:launchconfiguration",
                "resource": "",
                "value": ""
              },
              {
                "name": "BreachDuration",
                "namespace": "aws:autoscaling:trigger",
                "resource": "",
                "value": "5"
              },
              {
                "name": "ConfigDocument",
                "namespace": "aws:elasticbeanstalk:healthreporting:system",
                "resource": "",
                "value": "{\"Version\":1,\"CloudWatchMetrics\":{\"Instance\":{\"CPUIrq\":null,\"LoadAverage5min\":null,\"ApplicationRequests5xx\":null,\"ApplicationRequests4xx\":null,\"CPUUser\":null,\"LoadAverage1min\":null,\"ApplicationLatencyP50\":null,\"CPUIdle\":null,\"InstanceHealth\":null,\"ApplicationLatencyP95\":null,\"ApplicationLatencyP85\":null,\"RootFilesystemUtil\":null,\"ApplicationLatencyP90\":null,\"CPUSystem\":null,\"ApplicationLatencyP75\":null,\"CPUSoftirq\":null,\"ApplicationLatencyP10\":null,\"ApplicationLatencyP99\":null,\"ApplicationRequestsTotal\":null,\"ApplicationLatencyP99.9\":null,\"ApplicationRequests3xx\":null,\"ApplicationRequests2xx\":null,\"CPUIowait\":null,\"CPUNice\":null},\"Environment\":{\"InstancesSevere\":null,\"InstancesDegraded\":null,\"ApplicationRequests5xx\":null,\"ApplicationRequests4xx\":null,\"ApplicationLatencyP50\":null,\"ApplicationLatencyP95\":null,\"ApplicationLatencyP85\":null,\"InstancesUnknown\":null,\"ApplicationLatencyP90\":null,\"InstancesInfo\":null,\"InstancesPending\":null,\"ApplicationLatencyP75\":null,\"ApplicationLatencyP10\":null,\"ApplicationLatencyP99\":null,\"ApplicationRequestsTotal\":null,\"InstancesNoData\":null,\"ApplicationLatencyP99.9\":null,\"ApplicationRequests3xx\":null,\"ApplicationRequests2xx\":null,\"InstancesOk\":null,\"InstancesWarning\":null}}}"
              },
              {
                "name": "ConnectTimeout",
                "namespace": "aws:elasticbeanstalk:sqsd",
                "resource": "",
                "value": "5"
              },
              {
                "name": "Cooldown",
                "namespace": "aws:autoscaling:asg",
                "resource": "",
                "value": "360"
              },
              {
                "name": "Custom Availability Zones",
                "namespace": "aws:autoscaling:asg",
                "resource": "",
                "value": ""
              },
              {
                "name": "DATABASE_URL",
                "namespace": "aws:elasticbeanstalk:application:environment",
                "resource": "",
                "value": "postgres://somleng:TZiBpkYAgnQghZWcUaUhj7wJxMTxA8uk@somleng-twilreapi.clrslmbm6627.ap-southeast-1.rds.amazonaws.com:5432/somleng_twilreapi"
              },
              {
                "name": "DB_POOL",
                "namespace": "aws:elasticbeanstalk:application:environment",
                "resource": "",
                "value": "32"
              },
              {
                "name": "DEFAULT_QUEUE_URL",
                "namespace": "aws:elasticbeanstalk:application:environment",
                "resource": "",
                "value": "`{\"Ref\" : \"AWSEBWorkerQueue\"}`"
              },
              {
                "name": "DEFAULT_URL_HOST",
                "namespace": "aws:elasticbeanstalk:application:environment",
                "resource": "",
                "value": "twilreapi.somleng.org"
              },
              {
                "name": "DefaultSSHPort",
                "namespace": "aws:elasticbeanstalk:control",
                "resource": "",
                "value": "22"
              },
              {
                "name": "DeleteOnTerminate",
                "namespace": "aws:elasticbeanstalk:cloudwatch:logs",
                "resource": "",
                "value": "false"
              },
              {
                "name": "DeleteOnTerminate",
                "namespace": "aws:elasticbeanstalk:cloudwatch:logs:health",
                "resource": "",
                "value": "false"
              },
              {
                "name": "DeploymentPolicy",
                "namespace": "aws:elasticbeanstalk:command",
                "resource": "",
                "value": "AllAtOnce"
              },
              {
                "name": "EC2KeyName",
                "namespace": "aws:autoscaling:launchconfiguration",
                "resource": "",
                "value": ""
              },
              {
                "name": "ELBScheme",
                "namespace": "aws:ec2:vpc",
                "resource": "",
                "value": "public"
              },
              {
                "name": "ELBSubnets",
                "namespace": "aws:ec2:vpc",
                "resource": "",
                "value": "subnet-05a73783c6e44430a,subnet-08e72d4cff61634c9,subnet-0a678d53a174d6805"
              },
              {
                "name": "EnableSpot",
                "namespace": "aws:ec2:instances",
                "resource": "",
                "value": "false"
              },
              {
                "name": "EnvironmentType",
                "namespace": "aws:elasticbeanstalk:environment",
                "resource": "",
                "value": "LoadBalanced"
              },
              {
                "name": "EnvironmentVariables",
                "namespace": "aws:cloudformation:template:parameter",
                "resource": "",
                "value": "RAILS_SKIP_MIGRATIONS=false,AWS_REGION=ap-southeast-1,RAILS_ENV=production,SMTP_USERNAME=AKIAICCUMVMSAMY6DI6A,BUNDLE_WITHOUT=test:development,DEFAULT_QUEUE_URL=`{\"Ref\" : \"AWSEBWorkerQueue\"}`,AWS_S3_ACCESS_KEY_ID=AKIAIJQOV7RSVIPKAEJQ,AWS_DEFAULT_REGION=ap-southeast-1,DEFAULT_URL_HOST=twilreapi.somleng.org,UPLOADS_BUCKET=cdr.somleng.org,RACK_ENV=production,RAILS_SKIP_ASSET_COMPILATION=true,DATABASE_URL=postgres://somleng:TZiBpkYAgnQghZWcUaUhj7wJxMTxA8uk@somleng-twilreapi.clrslmbm6627.ap-southeast-1.rds.amazonaws.com:5432/somleng_twilreapi,PROCESS_ACTIVE_ELASTIC_JOBS=true,SMTP_PASSWORD=ApYb9OAok/hLIJ/+gx94kz/UC/m8VLYoSCGWmqm8vH4B,AWS_S3_SECRET_ACCESS_KEY=Rn/WT1tGUEoVQt+n9F2O03NCs1oR8dHh6O+5DlUn,DB_POOL=32,OUTBOUND_CALL_DRB_URI=druby://somleng-adhearsion.internal.somleng.org:9050,RAILS_MASTER_KEY=E4uqk)VPXEEpPEdhVuubqiWds3Hk;rML"
              },
              {
                "name": "ErrorVisibilityTimeout",
                "namespace": "aws:elasticbeanstalk:sqsd",
                "resource": "",
                "value": ""
              },
              {
                "name": "EvaluationPeriods",
                "namespace": "aws:autoscaling:trigger",
                "resource": "",
                "value": "1"
              },
              {
                "name": "ExternalExtensionsS3Bucket",
                "namespace": "aws:elasticbeanstalk:environment",
                "resource": "",
                "value": ""
              },
              {
                "name": "ExternalExtensionsS3Key",
                "namespace": "aws:elasticbeanstalk:environment",
                "resource": "",
                "value": ""
              },
              {
                "name": "HealthCheckSuccessThreshold",
                "namespace": "aws:elasticbeanstalk:healthreporting:system",
                "resource": "",
                "value": "Ok"
              },
              {
                "name": "HealthStreamingEnabled",
                "namespace": "aws:elasticbeanstalk:cloudwatch:logs:health",
                "resource": "",
                "value": "false"
              },
              {
                "name": "HooksPkgUrl",
                "namespace": "aws:cloudformation:template:parameter",
                "resource": "",
                "value": "https://s3.dualstack.ap-southeast-1.amazonaws.com/elasticbeanstalk-env-resources-ap-southeast-1/stalks/eb_ruby_puma_4.0.1.204048.0_1593138675/lib/hooks.tar.gz"
              },
              {
                "name": "HttpConnections",
                "namespace": "aws:elasticbeanstalk:sqsd",
                "resource": "",
                "value": "50"
              },
              {
                "name": "HttpPath",
                "namespace": "aws:elasticbeanstalk:sqsd",
                "resource": "",
                "value": "/"
              },
              {
                "name": "IamInstanceProfile",
                "namespace": "aws:autoscaling:launchconfiguration",
                "resource": "",
                "value": "somleng-twilreapi"
              },
              {
                "name": "IgnoreHealthCheck",
                "namespace": "aws:elasticbeanstalk:command",
                "resource": "",
                "value": "false"
              },
              {
                "name": "ImageId",
                "namespace": "aws:autoscaling:launchconfiguration",
                "resource": "",
                "value": "ami-0e9aff3233ffe5cf8"
              },
              {
                "name": "InactivityTimeout",
                "namespace": "aws:elasticbeanstalk:sqsd",
                "resource": "",
                "value": "299"
              },
              {
                "name": "InstancePort",
                "namespace": "aws:cloudformation:template:parameter",
                "resource": "",
                "value": "80"
              },
              {
                "name": "InstanceRefreshEnabled",
                "namespace": "aws:elasticbeanstalk:managedactions:platformupdate",
                "resource": "",
                "value": "true"
              },
              {
                "name": "InstanceType",
                "namespace": "aws:autoscaling:launchconfiguration",
                "resource": "",
                "value": "t3.small"
              },
              {
                "name": "InstanceTypeFamily",
                "namespace": "aws:cloudformation:template:parameter",
                "resource": "",
                "value": "t3"
              },
              {
                "name": "InstanceTypes",
                "namespace": "aws:ec2:instances",
                "resource": "",
                "value": "t3.small"
              },
              {
                "name": "LaunchTimeout",
                "namespace": "aws:elasticbeanstalk:control",
                "resource": "",
                "value": "0"
              },
              {
                "name": "LaunchType",
                "namespace": "aws:elasticbeanstalk:control",
                "resource": "",
                "value": "Migration"
              },
              {
                "name": "LogPublicationControl",
                "namespace": "aws:elasticbeanstalk:hostmanager",
                "resource": "",
                "value": "false"
              },
              {
                "name": "LowerBreachScaleIncrement",
                "namespace": "aws:autoscaling:trigger",
                "resource": "",
                "value": "-1"
              },
              {
                "name": "LowerThreshold",
                "namespace": "aws:autoscaling:trigger",
                "resource": "",
                "value": "2000000"
              },
              {
                "name": "ManagedActionsEnabled",
                "namespace": "aws:elasticbeanstalk:managedactions",
                "resource": "",
                "value": "true"
              },
              {
                "name": "MaxBatchSize",
                "namespace": "aws:autoscaling:updatepolicy:rollingupdate",
                "resource": "",
                "value": "1"
              },
              {
                "name": "MaxRetries",
                "namespace": "aws:elasticbeanstalk:sqsd",
                "resource": "",
                "value": "10"
              },
              {
                "name": "MaxSize",
                "namespace": "aws:autoscaling:asg",
                "resource": "",
                "value": "2"
              },
              {
                "name": "MeasureName",
                "namespace": "aws:autoscaling:trigger",
                "resource": "",
                "value": "NetworkOut"
              },
              {
                "name": "MimeType",
                "namespace": "aws:elasticbeanstalk:sqsd",
                "resource": "",
                "value": "application/json"
              },
              {
                "name": "MinInstancesInService",
                "namespace": "aws:autoscaling:updatepolicy:rollingupdate",
                "resource": "",
                "value": "1"
              },
              {
                "name": "MinSize",
                "namespace": "aws:autoscaling:asg",
                "resource": "",
                "value": "1"
              },
              {
                "name": "MonitoringInterval",
                "namespace": "aws:autoscaling:launchconfiguration",
                "resource": "",
                "value": "5 minute"
              },
              {
                "name": "Notification Endpoint",
                "namespace": "aws:elasticbeanstalk:sns:topics",
                "resource": "",
                "value": ""
              },
              {
                "name": "Notification Protocol",
                "namespace": "aws:elasticbeanstalk:sns:topics",
                "resource": "",
                "value": "email"
              },
              {
                "name": "Notification Topic ARN",
                "namespace": "aws:elasticbeanstalk:sns:topics",
                "resource": "",
                "value": ""
              },
              {
                "name": "Notification Topic Name",
                "namespace": "aws:elasticbeanstalk:sns:topics",
                "resource": "",
                "value": ""
              },
              {
                "name": "OUTBOUND_CALL_DRB_URI",
                "namespace": "aws:elasticbeanstalk:application:environment",
                "resource": "",
                "value": "druby://somleng-adhearsion.internal.somleng.org:9050"
              },
              {
                "name": "PROCESS_ACTIVE_ELASTIC_JOBS",
                "namespace": "aws:elasticbeanstalk:application:environment",
                "resource": "",
                "value": "true"
              },
              {
                "name": "PauseTime",
                "namespace": "aws:autoscaling:updatepolicy:rollingupdate",
                "resource": "",
                "value": "PT5M30S"
              },
              {
                "name": "Period",
                "namespace": "aws:autoscaling:trigger",
                "resource": "",
                "value": "5"
              },
              {
                "name": "PreferredStartTime",
                "namespace": "aws:elasticbeanstalk:managedactions",
                "resource": "",
                "value": "Sun:19:00"
              },
              {
                "name": "RACK_ENV",
                "namespace": "aws:elasticbeanstalk:application:environment",
                "resource": "",
                "value": "production"
              },
              {
                "name": "RAILS_ENV",
                "namespace": "aws:elasticbeanstalk:application:environment",
                "resource": "",
                "value": "production"
              },
              {
                "name": "RAILS_MASTER_KEY",
                "namespace": "aws:elasticbeanstalk:application:environment",
                "resource": "",
                "value": "E4uqk)VPXEEpPEdhVuubqiWds3Hk;rML"
              },
              {
                "name": "RAILS_SKIP_ASSET_COMPILATION",
                "namespace": "aws:elasticbeanstalk:application:environment",
                "resource": "",
                "value": "true"
              },
              {
                "name": "RAILS_SKIP_MIGRATIONS",
                "namespace": "aws:elasticbeanstalk:application:environment",
                "resource": "",
                "value": "false"
              },
              {
                "name": "RetentionInDays",
                "namespace": "aws:elasticbeanstalk:cloudwatch:logs",
                "resource": "",
                "value": "30"
              },
              {
                "name": "RetentionInDays",
                "namespace": "aws:elasticbeanstalk:cloudwatch:logs:health",
                "resource": "",
                "value": "7"
              },
              {
                "name": "RetentionPeriod",
                "namespace": "aws:elasticbeanstalk:sqsd",
                "resource": "",
                "value": "345600"
              },
              {
                "name": "RollbackLaunchOnFailure",
                "namespace": "aws:elasticbeanstalk:control",
                "resource": "",
                "value": "false"
              },
              {
                "name": "RollingUpdateEnabled",
                "namespace": "aws:autoscaling:updatepolicy:rollingupdate",
                "resource": "",
                "value": "true"
              },
              {
                "name": "RollingUpdateType",
                "namespace": "aws:autoscaling:updatepolicy:rollingupdate",
                "resource": "",
                "value": "Time"
              },
              {
                "name": "RootVolumeIOPS",
                "namespace": "aws:autoscaling:launchconfiguration",
                "resource": "",
                "value": ""
              },
              {
                "name": "RootVolumeSize",
                "namespace": "aws:autoscaling:launchconfiguration",
                "resource": "",
                "value": ""
              },
              {
                "name": "RootVolumeType",
                "namespace": "aws:autoscaling:launchconfiguration",
                "resource": "",
                "value": ""
              },
              {
                "name": "RubyVersion",
                "namespace": "aws:cloudformation:template:parameter",
                "resource": "",
                "value": "2.6.6"
              },
              {
                "name": "SMTP_PASSWORD",
                "namespace": "aws:elasticbeanstalk:application:environment",
                "resource": "",
                "value": "ApYb9OAok/hLIJ/+gx94kz/UC/m8VLYoSCGWmqm8vH4B"
              },
              {
                "name": "SMTP_USERNAME",
                "namespace": "aws:elasticbeanstalk:application:environment",
                "resource": "",
                "value": "AKIAICCUMVMSAMY6DI6A"
              },
              {
                "name": "SSHSourceRestriction",
                "namespace": "aws:autoscaling:launchconfiguration",
                "resource": "",
                "value": "tcp,22,22,0.0.0.0/0"
              },
              {
                "name": "SecurityGroups",
                "namespace": "aws:autoscaling:launchconfiguration",
                "resource": "",
                "value": "sg-002ca538120a72513"
              },
              {
                "name": "ServiceRole",
                "namespace": "aws:elasticbeanstalk:environment",
                "resource": "",
                "value": "aws-elasticbeanstalk-service-role"
              },
              {
                "name": "ServiceRoleForManagedUpdates",
                "namespace": "aws:elasticbeanstalk:managedactions",
                "resource": "",
                "value": "aws-elasticbeanstalk-service-role"
              },
              {
                "name": "SpotFleetOnDemandAboveBasePercentage",
                "namespace": "aws:ec2:instances",
                "resource": "",
                "value": "70"
              },
              {
                "name": "SpotFleetOnDemandBase",
                "namespace": "aws:ec2:instances",
                "resource": "",
                "value": "0"
              },
              {
                "name": "SpotMaxPrice",
                "namespace": "aws:ec2:instances",
                "resource": "",
                "value": ""
              },
              {
                "name": "Statistic",
                "namespace": "aws:autoscaling:trigger",
                "resource": "",
                "value": "Average"
              },
              {
                "name": "StreamLogs",
                "namespace": "aws:elasticbeanstalk:cloudwatch:logs",
                "resource": "",
                "value": "true"
              },
              {
                "name": "Subnets",
                "namespace": "aws:ec2:vpc",
                "resource": "",
                "value": "subnet-05a73783c6e44430a,subnet-08e72d4cff61634c9,subnet-0a678d53a174d6805"
              },
              {
                "name": "SystemType",
                "namespace": "aws:elasticbeanstalk:healthreporting:system",
                "resource": "",
                "value": "enhanced"
              },
              {
                "name": "Timeout",
                "namespace": "aws:autoscaling:updatepolicy:rollingupdate",
                "resource": "",
                "value": "PT30M"
              },
              {
                "name": "Timeout",
                "namespace": "aws:elasticbeanstalk:command",
                "resource": "",
                "value": "600"
              },
              {
                "name": "UPLOADS_BUCKET",
                "namespace": "aws:elasticbeanstalk:application:environment",
                "resource": "",
                "value": "cdr.somleng.org"
              },
              {
                "name": "Unit",
                "namespace": "aws:autoscaling:trigger",
                "resource": "",
                "value": "Bytes"
              },
              {
                "name": "UpdateLevel",
                "namespace": "aws:elasticbeanstalk:managedactions:platformupdate",
                "resource": "",
                "value": "minor"
              },
              {
                "name": "UpperBreachScaleIncrement",
                "namespace": "aws:autoscaling:trigger",
                "resource": "",
                "value": "1"
              },
              {
                "name": "UpperThreshold",
                "namespace": "aws:autoscaling:trigger",
                "resource": "",
                "value": "6000000"
              },
              {
                "name": "VPCId",
                "namespace": "aws:ec2:vpc",
                "resource": "",
                "value": "vpc-0d36f2f60f3773315"
              },
              {
                "name": "VisibilityTimeout",
                "namespace": "aws:elasticbeanstalk:sqsd",
                "resource": "",
                "value": "300"
              },
              {
                "name": "WorkerQueueURL",
                "namespace": "aws:elasticbeanstalk:sqsd",
                "resource": "",
                "value": ""
              },
              {
                "name": "XRayEnabled",
                "namespace": "aws:elasticbeanstalk:xray",
                "resource": "",
                "value": "false"
              }
            ],
            "application": "somleng-twilreapi",
            "arn": "arn:aws:elasticbeanstalk:ap-southeast-1:324279636507:environment/somleng-twilreapi/somleng-twilreapi-caller-worker",
            "autoscaling_groups": [
              "awseb-e-vip3jarwuz-stack-AWSEBAutoScalingGroup-1P06PEPYDUZPR"
            ],
            "cname": "",
            "cname_prefix": "",
            "description": "",
            "endpoint_url": "",
            "id": "e-vip3jarwuz",
            "instances": [
              "i-092ee0189c4793ee0"
            ],
            "launch_configurations": [
              "awseb-e-vip3jarwuz-stack-AWSEBAutoScalingLaunchConfiguration-13KFBP9ETL5ZN"
            ],
            "load_balancers": [],
            "name": "somleng-twilreapi-caller-worker",
            "platform_arn": "arn:aws:elasticbeanstalk:ap-southeast-1::platform/Puma with Ruby 2.6 running on 64bit Amazon Linux/2.11.8",
            "poll_interval": null,
            "queues": [
              "https://sqs.ap-southeast-1.amazonaws.com/324279636507/awseb-e-vip3jarwuz-stack-AWSEBWorkerQueue-141ZTM59BQ63S",
              "https://sqs.ap-southeast-1.amazonaws.com/324279636507/awseb-e-vip3jarwuz-stack-AWSEBWorkerDeadLetterQueue-T951BX4AZ09"
            ],
            "setting": [
              {
                "name": "AWS_DEFAULT_REGION",
                "namespace": "aws:elasticbeanstalk:application:environment",
                "resource": null,
                "value": "ap-southeast-1"
              },
              {
                "name": "AWS_REGION",
                "namespace": "aws:elasticbeanstalk:application:environment",
                "resource": null,
                "value": "ap-southeast-1"
              },
              {
                "name": "AssociatePublicIpAddress",
                "namespace": "aws:ec2:vpc",
                "resource": null,
                "value": "false"
              },
              {
                "name": "DATABASE_URL",
                "namespace": "aws:elasticbeanstalk:application:environment",
                "resource": null,
                "value": "postgres://somleng:TZiBpkYAgnQghZWcUaUhj7wJxMTxA8uk@somleng-twilreapi.clrslmbm6627.ap-southeast-1.rds.amazonaws.com:5432/somleng_twilreapi"
              },
              {
                "name": "DB_POOL",
                "namespace": "aws:elasticbeanstalk:application:environment",
                "resource": null,
                "value": "32"
              },
              {
                "name": "DEFAULT_QUEUE_URL",
                "namespace": "aws:elasticbeanstalk:application:environment",
                "resource": null,
                "value": "`{\"Ref\" : \"AWSEBWorkerQueue\"}`"
              },
              {
                "name": "DEFAULT_URL_HOST",
                "namespace": "aws:elasticbeanstalk:application:environment",
                "resource": null,
                "value": "twilreapi.somleng.org"
              },
              {
                "name": "DeleteOnTerminate",
                "namespace": "aws:elasticbeanstalk:cloudwatch:logs",
                "resource": null,
                "value": "false"
              },
              {
                "name": "DeploymentPolicy",
                "namespace": "aws:elasticbeanstalk:command",
                "resource": null,
                "value": "AllAtOnce"
              },
              {
                "name": "ELBScheme",
                "namespace": "aws:ec2:vpc",
                "resource": null,
                "value": "public"
              },
              {
                "name": "EnvironmentType",
                "namespace": "aws:elasticbeanstalk:environment",
                "resource": null,
                "value": "LoadBalanced"
              },
              {
                "name": "IamInstanceProfile",
                "namespace": "aws:autoscaling:launchconfiguration",
                "resource": null,
                "value": "somleng-twilreapi"
              },
              {
                "name": "InstanceRefreshEnabled",
                "namespace": "aws:elasticbeanstalk:managedactions:platformupdate",
                "resource": null,
                "value": "true"
              },
              {
                "name": "InstanceType",
                "namespace": "aws:autoscaling:launchconfiguration",
                "resource": null,
                "value": "t3.small"
              },
              {
                "name": "ManagedActionsEnabled",
                "namespace": "aws:elasticbeanstalk:managedactions",
                "resource": null,
                "value": "true"
              },
              {
                "name": "MaxSize",
                "namespace": "aws:autoscaling:asg",
                "resource": null,
                "value": "2"
              },
              {
                "name": "MinSize",
                "namespace": "aws:autoscaling:asg",
                "resource": null,
                "value": "1"
              },
              {
                "name": "OUTBOUND_CALL_DRB_URI",
                "namespace": "aws:elasticbeanstalk:application:environment",
                "resource": null,
                "value": "druby://somleng-adhearsion.internal.somleng.org:9050"
              },
              {
                "name": "PROCESS_ACTIVE_ELASTIC_JOBS",
                "namespace": "aws:elasticbeanstalk:application:environment",
                "resource": null,
                "value": "true"
              },
              {
                "name": "Port",
                "namespace": "aws:elasticbeanstalk:environment:process:default",
                "resource": "",
                "value": "80"
              },
              {
                "name": "PreferredStartTime",
                "namespace": "aws:elasticbeanstalk:managedactions",
                "resource": null,
                "value": "Sun:19:00"
              },
              {
                "name": "Protocol",
                "namespace": "aws:elasticbeanstalk:environment:process:default",
                "resource": "",
                "value": "HTTP"
              },
              {
                "name": "RACK_ENV",
                "namespace": "aws:elasticbeanstalk:application:environment",
                "resource": null,
                "value": "production"
              },
              {
                "name": "RAILS_ENV",
                "namespace": "aws:elasticbeanstalk:application:environment",
                "resource": null,
                "value": "production"
              },
              {
                "name": "RAILS_MASTER_KEY",
                "namespace": "aws:elasticbeanstalk:application:environment",
                "resource": null,
                "value": "E4uqk)VPXEEpPEdhVuubqiWds3Hk;rML"
              },
              {
                "name": "RAILS_SKIP_ASSET_COMPILATION",
                "namespace": "aws:elasticbeanstalk:application:environment",
                "resource": null,
                "value": "true"
              },
              {
                "name": "RollingUpdateEnabled",
                "namespace": "aws:autoscaling:updatepolicy:rollingupdate",
                "resource": null,
                "value": "true"
              },
              {
                "name": "RollingUpdateType",
                "namespace": "aws:autoscaling:updatepolicy:rollingupdate",
                "resource": null,
                "value": "Time"
              },
              {
                "name": "SecurityGroups",
                "namespace": "aws:autoscaling:launchconfiguration",
                "resource": null,
                "value": "sg-002ca538120a72513"
              },
              {
                "name": "ServiceRole",
                "namespace": "aws:elasticbeanstalk:environment",
                "resource": null,
                "value": "aws-elasticbeanstalk-service-role"
              },
              {
                "name": "StreamLogs",
                "namespace": "aws:elasticbeanstalk:cloudwatch:logs",
                "resource": null,
                "value": "true"
              },
              {
                "name": "Subnets",
                "namespace": "aws:ec2:vpc",
                "resource": null,
                "value": "subnet-08e72d4cff61634c9,subnet-0a678d53a174d6805,subnet-05a73783c6e44430a"
              },
              {
                "name": "SystemType",
                "namespace": "aws:elasticbeanstalk:healthreporting:system",
                "resource": null,
                "value": "enhanced"
              },
              {
                "name": "UPLOADS_BUCKET",
                "namespace": "aws:elasticbeanstalk:application:environment",
                "resource": null,
                "value": "cdr.somleng.org"
              },
              {
                "name": "UpdateLevel",
                "namespace": "aws:elasticbeanstalk:managedactions:platformupdate",
                "resource": null,
                "value": "minor"
              },
              {
                "name": "VPCId",
                "namespace": "aws:ec2:vpc",
                "resource": null,
                "value": "vpc-0d36f2f60f3773315"
              }
            ],
            "solution_stack_name": "64bit Amazon Linux 2018.03 v2.11.8 running Ruby 2.6 (Puma)",
            "tags": {},
            "template_name": null,
            "tier": "Worker",
            "triggers": [],
            "version_label": "23b6751db36fca1d7cfb75a8da74c904ff826da2-1585121500.zip",
            "wait_for_ready_timeout": "20m"
          },
          "private": "eyJzY2hlbWFfdmVyc2lvbiI6IjEifQ==",
          "dependencies": [
            "aws_elastic_beanstalk_application.twilreapi",
            "aws_iam_instance_profile.eb_service",
            "aws_iam_instance_profile.twilreapi",
            "aws_s3_bucket.cdr",
            "aws_security_group.twilreapi_db",
            "aws_ssm_parameter.twilreapi_db_master_password",
            "aws_ssm_parameter.twilreapi_rails_master_key",
            "module.twilreapi_db.module.db_instance.aws_db_instance.this",
            "module.twilreapi_db.module.db_instance.aws_db_instance.this_mssql",
            "module.vpc.aws_subnet.private",
            "module.vpc.aws_vpc.this"
          ]
        }
      ]
    },
    {
      "mode": "managed",
      "type": "aws_elastic_beanstalk_environment",
      "name": "twilreapi_webserver",
      "provider": "provider.aws",
      "instances": [
        {
          "schema_version": 1,
          "attributes": {
            "all_settings": [
              {
                "name": "ACTION_MAILER_DELIVERY_METHOD",
                "namespace": "aws:elasticbeanstalk:application:environment",
                "resource": "",
                "value": "smtp"
              },
              {
                "name": "AWS_DEFAULT_REGION",
                "namespace": "aws:elasticbeanstalk:application:environment",
                "resource": "",
                "value": "ap-southeast-1"
              },
              {
                "name": "AWS_REGION",
                "namespace": "aws:elasticbeanstalk:application:environment",
                "resource": "",
                "value": "ap-southeast-1"
              },
              {
                "name": "AccessLogsS3Bucket",
                "namespace": "aws:elbv2:loadbalancer",
                "resource": "",
                "value": ""
              },
              {
                "name": "AccessLogsS3Enabled",
                "namespace": "aws:elbv2:loadbalancer",
                "resource": "",
                "value": "false"
              },
              {
                "name": "AccessLogsS3Prefix",
                "namespace": "aws:elbv2:loadbalancer",
                "resource": "",
                "value": ""
              },
              {
                "name": "AppSource",
                "namespace": "aws:cloudformation:template:parameter",
                "resource": "",
                "value": "http://s3-ap-southeast-1.amazonaws.com/elasticbeanstalk-samples-ap-southeast-1/ruby/puma-sample-20170821.zip"
              },
              {
                "name": "Application Healthcheck URL",
                "namespace": "aws:elasticbeanstalk:application",
                "resource": "",
                "value": ""
              },
              {
                "name": "AssociatePublicIpAddress",
                "namespace": "aws:ec2:vpc",
                "resource": "",
                "value": "false"
              },
              {
                "name": "Automatically Terminate Unhealthy Instances",
                "namespace": "aws:elasticbeanstalk:monitoring",
                "resource": "",
                "value": "true"
              },
              {
                "name": "Availability Zones",
                "namespace": "aws:autoscaling:asg",
                "resource": "",
                "value": "Any"
              },
              {
                "name": "BUNDLE_WITHOUT",
                "namespace": "aws:elasticbeanstalk:application:environment",
                "resource": "",
                "value": "test:development"
              },
              {
                "name": "BatchSize",
                "namespace": "aws:elasticbeanstalk:command",
                "resource": "",
                "value": "100"
              },
              {
                "name": "BatchSizeType",
                "namespace": "aws:elasticbeanstalk:command",
                "resource": "",
                "value": "Percentage"
              },
              {
                "name": "BlockDeviceMappings",
                "namespace": "aws:autoscaling:launchconfiguration",
                "resource": "",
                "value": ""
              },
              {
                "name": "BreachDuration",
                "namespace": "aws:autoscaling:trigger",
                "resource": "",
                "value": "5"
              },
              {
                "name": "ConfigDocument",
                "namespace": "aws:elasticbeanstalk:healthreporting:system",
                "resource": "",
                "value": "{\"Version\":1,\"CloudWatchMetrics\":{\"Instance\":{\"CPUIrq\":null,\"LoadAverage5min\":null,\"ApplicationRequests5xx\":null,\"ApplicationRequests4xx\":null,\"CPUUser\":null,\"LoadAverage1min\":null,\"ApplicationLatencyP50\":null,\"CPUIdle\":null,\"InstanceHealth\":null,\"ApplicationLatencyP95\":null,\"ApplicationLatencyP85\":null,\"RootFilesystemUtil\":null,\"ApplicationLatencyP90\":null,\"CPUSystem\":null,\"ApplicationLatencyP75\":null,\"CPUSoftirq\":null,\"ApplicationLatencyP10\":null,\"ApplicationLatencyP99\":null,\"ApplicationRequestsTotal\":null,\"ApplicationLatencyP99.9\":null,\"ApplicationRequests3xx\":null,\"ApplicationRequests2xx\":null,\"CPUIowait\":null,\"CPUNice\":null},\"Environment\":{\"InstancesSevere\":null,\"InstancesDegraded\":null,\"ApplicationRequests5xx\":null,\"ApplicationRequests4xx\":null,\"ApplicationLatencyP50\":null,\"ApplicationLatencyP95\":null,\"ApplicationLatencyP85\":null,\"InstancesUnknown\":null,\"ApplicationLatencyP90\":null,\"InstancesInfo\":null,\"InstancesPending\":null,\"ApplicationLatencyP75\":null,\"ApplicationLatencyP10\":null,\"ApplicationLatencyP99\":null,\"ApplicationRequestsTotal\":null,\"InstancesNoData\":null,\"ApplicationLatencyP99.9\":null,\"ApplicationRequests3xx\":null,\"ApplicationRequests2xx\":null,\"InstancesOk\":null,\"InstancesWarning\":null}}}"
              },
              {
                "name": "Cooldown",
                "namespace": "aws:autoscaling:asg",
                "resource": "",
                "value": "360"
              },
              {
                "name": "Custom Availability Zones",
                "namespace": "aws:autoscaling:asg",
                "resource": "",
                "value": ""
              },
              {
                "name": "DATABASE_URL",
                "namespace": "aws:elasticbeanstalk:application:environment",
                "resource": "",
                "value": "postgres://somleng:TZiBpkYAgnQghZWcUaUhj7wJxMTxA8uk@somleng-twilreapi.clrslmbm6627.ap-southeast-1.rds.amazonaws.com:5432/somleng_twilreapi"
              },
              {
                "name": "DB_POOL",
                "namespace": "aws:elasticbeanstalk:application:environment",
                "resource": "",
                "value": "32"
              },
              {
                "name": "DEFAULT_QUEUE_URL",
                "namespace": "aws:elasticbeanstalk:application:environment",
                "resource": "",
                "value": "https://sqs.ap-southeast-1.amazonaws.com/324279636507/awseb-e-kpf7j3s4ew-stack-AWSEBWorkerQueue-189RY22SHMRM3"
              },
              {
                "name": "DEFAULT_URL_HOST",
                "namespace": "aws:elasticbeanstalk:application:environment",
                "resource": "",
                "value": "twilreapi.somleng.org"
              },
              {
                "name": "DefaultProcess",
                "namespace": "aws:elbv2:listener:443",
                "resource": "",
                "value": "default"
              },
              {
                "name": "DefaultProcess",
                "namespace": "aws:elbv2:listener:default",
                "resource": "",
                "value": "default"
              },
              {
                "name": "DefaultSSHPort",
                "namespace": "aws:elasticbeanstalk:control",
                "resource": "",
                "value": "22"
              },
              {
                "name": "DeleteOnTerminate",
                "namespace": "aws:elasticbeanstalk:cloudwatch:logs",
                "resource": "",
                "value": "false"
              },
              {
                "name": "DeleteOnTerminate",
                "namespace": "aws:elasticbeanstalk:cloudwatch:logs:health",
                "resource": "",
                "value": "false"
              },
              {
                "name": "DeploymentPolicy",
                "namespace": "aws:elasticbeanstalk:command",
                "resource": "",
                "value": "AllAtOnce"
              },
              {
                "name": "DeregistrationDelay",
                "namespace": "aws:elasticbeanstalk:environment:process:default",
                "resource": "",
                "value": "20"
              },
              {
                "name": "EC2KeyName",
                "namespace": "aws:autoscaling:launchconfiguration",
                "resource": "",
                "value": ""
              },
              {
                "name": "ELBScheme",
                "namespace": "aws:ec2:vpc",
                "resource": "",
                "value": "public"
              },
              {
                "name": "ELBSubnets",
                "namespace": "aws:ec2:vpc",
                "resource": "",
                "value": "subnet-08e834c100fe4e24d,subnet-08ff0796bbc564c04,subnet-0f65055afb3d095d0"
              },
              {
                "name": "EnableSpot",
                "namespace": "aws:ec2:instances",
                "resource": "",
                "value": "false"
              },
              {
                "name": "EnvironmentType",
                "namespace": "aws:elasticbeanstalk:environment",
                "resource": "",
                "value": "LoadBalanced"
              },
              {
                "name": "EnvironmentVariables",
                "namespace": "aws:cloudformation:template:parameter",
                "resource": "",
                "value": "ACTION_MAILER_DELIVERY_METHOD=smtp,SMTP_AUTHENTICATION_METHOD=plain,RAILS_SKIP_MIGRATIONS=false,AWS_REGION=ap-southeast-1,RAILS_ENV=production,SMTP_USERNAME=AKIAICCUMVMSAMY6DI6A,BUNDLE_WITHOUT=test:development,OUTBOUND_CALL_JOB_QUEUE_URL=https://sqs.ap-southeast-1.amazonaws.com/324279636507/awseb-e-vip3jarwuz-stack-AWSEBWorkerQueue-141ZTM59BQ63S,DEFAULT_QUEUE_URL=https://sqs.ap-southeast-1.amazonaws.com/324279636507/awseb-e-kpf7j3s4ew-stack-AWSEBWorkerQueue-189RY22SHMRM3,INTERNAL_API_HTTP_AUTH_PASSWORD=kjAcAY7VJtd6hyPTwyyAeUpoXnYMXQyx,AWS_DEFAULT_REGION=ap-southeast-1,DEFAULT_URL_HOST=twilreapi.somleng.org,OUTBOUND_CALL_QUEUE_URL=https://sqs.ap-southeast-1.amazonaws.com/324279636507/awseb-e-vip3jarwuz-stack-AWSEBWorkerQueue-141ZTM59BQ63S,UPLOADS_BUCKET=cdr.somleng.org,RACK_ENV=production,RAILS_SKIP_ASSET_COMPILATION=true,DATABASE_URL=postgres://somleng:TZiBpkYAgnQghZWcUaUhj7wJxMTxA8uk@somleng-twilreapi.clrslmbm6627.ap-southeast-1.rds.amazonaws.com:5432/somleng_twilreapi,PROCESS_ACTIVE_ELASTIC_JOBS=false,SMTP_PASSWORD=ApYb9OAok/hLIJ/+gx94kz/UC/m8VLYoSCGWmqm8vH4B,SMTP_ENABLE_STARTTLS_AUTO=true,DB_POOL=32,OUTBOUND_CALL_DRB_URI=druby://somleng-adhearsion.internal.somleng.org:9050,RAILS_MASTER_KEY=E4uqk)VPXEEpPEdhVuubqiWds3Hk;rML,INTERNAL_API_HTTP_AUTH_USER=admin"
              },
              {
                "name": "EvaluationPeriods",
                "namespace": "aws:autoscaling:trigger",
                "resource": "",
                "value": "1"
              },
              {
                "name": "EvaluationTime",
                "namespace": "aws:elasticbeanstalk:trafficsplitting",
                "resource": "",
                "value": ""
              },
              {
                "name": "ExternalExtensionsS3Bucket",
                "namespace": "aws:elasticbeanstalk:environment",
                "resource": "",
                "value": ""
              },
              {
                "name": "ExternalExtensionsS3Key",
                "namespace": "aws:elasticbeanstalk:environment",
                "resource": "",
                "value": ""
              },
              {
                "name": "HealthCheckInterval",
                "namespace": "aws:elasticbeanstalk:environment:process:default",
                "resource": "",
                "value": "15"
              },
              {
                "name": "HealthCheckPath",
                "namespace": "aws:elasticbeanstalk:environment:process:default",
                "resource": "",
                "value": "/health_checks"
              },
              {
                "name": "HealthCheckSuccessThreshold",
                "namespace": "aws:elasticbeanstalk:healthreporting:system",
                "resource": "",
                "value": "Ok"
              },
              {
                "name": "HealthCheckTimeout",
                "namespace": "aws:elasticbeanstalk:environment:process:default",
                "resource": "",
                "value": "5"
              },
              {
                "name": "HealthStreamingEnabled",
                "namespace": "aws:elasticbeanstalk:cloudwatch:logs:health",
                "resource": "",
                "value": "false"
              },
              {
                "name": "HealthyThresholdCount",
                "namespace": "aws:elasticbeanstalk:environment:process:default",
                "resource": "",
                "value": "3"
              },
              {
                "name": "HooksPkgUrl",
                "namespace": "aws:cloudformation:template:parameter",
                "resource": "",
                "value": "https://s3.dualstack.ap-southeast-1.amazonaws.com/elasticbeanstalk-env-resources-ap-southeast-1/stalks/eb_ruby_puma_4.0.1.204048.0_1593138675/lib/hooks.tar.gz"
              },
              {
                "name": "INTERNAL_API_HTTP_AUTH_PASSWORD",
                "namespace": "aws:elasticbeanstalk:application:environment",
                "resource": "",
                "value": "kjAcAY7VJtd6hyPTwyyAeUpoXnYMXQyx"
              },
              {
                "name": "INTERNAL_API_HTTP_AUTH_USER",
                "namespace": "aws:elasticbeanstalk:application:environment",
                "resource": "",
                "value": "admin"
              },
              {
                "name": "IamInstanceProfile",
                "namespace": "aws:autoscaling:launchconfiguration",
                "resource": "",
                "value": "somleng-twilreapi"
              },
              {
                "name": "IdleTimeout",
                "namespace": "aws:elbv2:loadbalancer",
                "resource": "",
                "value": ""
              },
              {
                "name": "IgnoreHealthCheck",
                "namespace": "aws:elasticbeanstalk:command",
                "resource": "",
                "value": "false"
              },
              {
                "name": "ImageId",
                "namespace": "aws:autoscaling:launchconfiguration",
                "resource": "",
                "value": "ami-0e9aff3233ffe5cf8"
              },
              {
                "name": "InstancePort",
                "namespace": "aws:cloudformation:template:parameter",
                "resource": "",
                "value": "80"
              },
              {
                "name": "InstanceRefreshEnabled",
                "namespace": "aws:elasticbeanstalk:managedactions:platformupdate",
                "resource": "",
                "value": "true"
              },
              {
                "name": "InstanceType",
                "namespace": "aws:autoscaling:launchconfiguration",
                "resource": "",
                "value": "t3.small"
              },
              {
                "name": "InstanceTypeFamily",
                "namespace": "aws:cloudformation:template:parameter",
                "resource": "",
                "value": "t3"
              },
              {
                "name": "InstanceTypes",
                "namespace": "aws:ec2:instances",
                "resource": "",
                "value": "t3.small"
              },
              {
                "name": "LaunchTimeout",
                "namespace": "aws:elasticbeanstalk:control",
                "resource": "",
                "value": "0"
              },
              {
                "name": "LaunchType",
                "namespace": "aws:elasticbeanstalk:control",
                "resource": "",
                "value": "Migration"
              },
              {
                "name": "ListenerEnabled",
                "namespace": "aws:elbv2:listener:443",
                "resource": "",
                "value": "true"
              },
              {
                "name": "ListenerEnabled",
                "namespace": "aws:elbv2:listener:default",
                "resource": "",
                "value": "true"
              },
              {
                "name": "LoadBalancerType",
                "namespace": "aws:elasticbeanstalk:environment",
                "resource": "",
                "value": "application"
              },
              {
                "name": "LogPublicationControl",
                "namespace": "aws:elasticbeanstalk:hostmanager",
                "resource": "",
                "value": "false"
              },
              {
                "name": "LowerBreachScaleIncrement",
                "namespace": "aws:autoscaling:trigger",
                "resource": "",
                "value": "-1"
              },
              {
                "name": "LowerThreshold",
                "namespace": "aws:autoscaling:trigger",
                "resource": "",
                "value": "2000000"
              },
              {
                "name": "ManagedActionsEnabled",
                "namespace": "aws:elasticbeanstalk:managedactions",
                "resource": "",
                "value": "true"
              },
              {
                "name": "MatcherHTTPCode",
                "namespace": "aws:elasticbeanstalk:environment:process:default",
                "resource": "",
                "value": ""
              },
              {
                "name": "MaxBatchSize",
                "namespace": "aws:autoscaling:updatepolicy:rollingupdate",
                "resource": "",
                "value": "1"
              },
              {
                "name": "MaxSize",
                "namespace": "aws:autoscaling:asg",
                "resource": "",
                "value": "2"
              },
              {
                "name": "MeasureName",
                "namespace": "aws:autoscaling:trigger",
                "resource": "",
                "value": "NetworkOut"
              },
              {
                "name": "MinInstancesInService",
                "namespace": "aws:autoscaling:updatepolicy:rollingupdate",
                "resource": "",
                "value": "1"
              },
              {
                "name": "MinSize",
                "namespace": "aws:autoscaling:asg",
                "resource": "",
                "value": "1"
              },
              {
                "name": "MonitoringInterval",
                "namespace": "aws:autoscaling:launchconfiguration",
                "resource": "",
                "value": "5 minute"
              },
              {
                "name": "NewVersionPercent",
                "namespace": "aws:elasticbeanstalk:trafficsplitting",
                "resource": "",
                "value": ""
              },
              {
                "name": "Notification Endpoint",
                "namespace": "aws:elasticbeanstalk:sns:topics",
                "resource": "",
                "value": ""
              },
              {
                "name": "Notification Protocol",
                "namespace": "aws:elasticbeanstalk:sns:topics",
                "resource": "",
                "value": "email"
              },
              {
                "name": "Notification Topic ARN",
                "namespace": "aws:elasticbeanstalk:sns:topics",
                "resource": "",
                "value": ""
              },
              {
                "name": "Notification Topic Name",
                "namespace": "aws:elasticbeanstalk:sns:topics",
                "resource": "",
                "value": ""
              },
              {
                "name": "OUTBOUND_CALL_DRB_URI",
                "namespace": "aws:elasticbeanstalk:application:environment",
                "resource": "",
                "value": "druby://somleng-adhearsion.internal.somleng.org:9050"
              },
              {
                "name": "OUTBOUND_CALL_JOB_QUEUE_URL",
                "namespace": "aws:elasticbeanstalk:application:environment",
                "resource": "",
                "value": "https://sqs.ap-southeast-1.amazonaws.com/324279636507/awseb-e-vip3jarwuz-stack-AWSEBWorkerQueue-141ZTM59BQ63S"
              },
              {
                "name": "OUTBOUND_CALL_QUEUE_URL",
                "namespace": "aws:elasticbeanstalk:application:environment",
                "resource": "",
                "value": "https://sqs.ap-southeast-1.amazonaws.com/324279636507/awseb-e-vip3jarwuz-stack-AWSEBWorkerQueue-141ZTM59BQ63S"
              },
              {
                "name": "PROCESS_ACTIVE_ELASTIC_JOBS",
                "namespace": "aws:elasticbeanstalk:application:environment",
                "resource": "",
                "value": "false"
              },
              {
                "name": "PauseTime",
                "namespace": "aws:autoscaling:updatepolicy:rollingupdate",
                "resource": "",
                "value": "PT5M30S"
              },
              {
                "name": "Period",
                "namespace": "aws:autoscaling:trigger",
                "resource": "",
                "value": "5"
              },
              {
                "name": "Port",
                "namespace": "aws:elasticbeanstalk:environment:process:default",
                "resource": "",
                "value": "80"
              },
              {
                "name": "PreferredStartTime",
                "namespace": "aws:elasticbeanstalk:managedactions",
                "resource": "",
                "value": "Sun:19:00"
              },
              {
                "name": "Protocol",
                "namespace": "aws:elasticbeanstalk:environment:process:default",
                "resource": "",
                "value": "HTTP"
              },
              {
                "name": "Protocol",
                "namespace": "aws:elbv2:listener:443",
                "resource": "",
                "value": "HTTPS"
              },
              {
                "name": "Protocol",
                "namespace": "aws:elbv2:listener:default",
                "resource": "",
                "value": "HTTP"
              },
              {
                "name": "RACK_ENV",
                "namespace": "aws:elasticbeanstalk:application:environment",
                "resource": "",
                "value": "production"
              },
              {
                "name": "RAILS_ENV",
                "namespace": "aws:elasticbeanstalk:application:environment",
                "resource": "",
                "value": "production"
              },
              {
                "name": "RAILS_MASTER_KEY",
                "namespace": "aws:elasticbeanstalk:application:environment",
                "resource": "",
                "value": "E4uqk)VPXEEpPEdhVuubqiWds3Hk;rML"
              },
              {
                "name": "RAILS_SKIP_ASSET_COMPILATION",
                "namespace": "aws:elasticbeanstalk:application:environment",
                "resource": "",
                "value": "true"
              },
              {
                "name": "RAILS_SKIP_MIGRATIONS",
                "namespace": "aws:elasticbeanstalk:application:environment",
                "resource": "",
                "value": "false"
              },
              {
                "name": "RetentionInDays",
                "namespace": "aws:elasticbeanstalk:cloudwatch:logs",
                "resource": "",
                "value": "30"
              },
              {
                "name": "RetentionInDays",
                "namespace": "aws:elasticbeanstalk:cloudwatch:logs:health",
                "resource": "",
                "value": "7"
              },
              {
                "name": "RollbackLaunchOnFailure",
                "namespace": "aws:elasticbeanstalk:control",
                "resource": "",
                "value": "false"
              },
              {
                "name": "RollingUpdateEnabled",
                "namespace": "aws:autoscaling:updatepolicy:rollingupdate",
                "resource": "",
                "value": "true"
              },
              {
                "name": "RollingUpdateType",
                "namespace": "aws:autoscaling:updatepolicy:rollingupdate",
                "resource": "",
                "value": "Time"
              },
              {
                "name": "RootVolumeIOPS",
                "namespace": "aws:autoscaling:launchconfiguration",
                "resource": "",
                "value": ""
              },
              {
                "name": "RootVolumeSize",
                "namespace": "aws:autoscaling:launchconfiguration",
                "resource": "",
                "value": ""
              },
              {
                "name": "RootVolumeType",
                "namespace": "aws:autoscaling:launchconfiguration",
                "resource": "",
                "value": ""
              },
              {
                "name": "RubyVersion",
                "namespace": "aws:cloudformation:template:parameter",
                "resource": "",
                "value": "2.6.6"
              },
              {
                "name": "Rules",
                "namespace": "aws:elbv2:listener:443",
                "resource": "",
                "value": ""
              },
              {
                "name": "Rules",
                "namespace": "aws:elbv2:listener:default",
                "resource": "",
                "value": ""
              },
              {
                "name": "SMTP_AUTHENTICATION_METHOD",
                "namespace": "aws:elasticbeanstalk:application:environment",
                "resource": "",
                "value": "plain"
              },
              {
                "name": "SMTP_ENABLE_STARTTLS_AUTO",
                "namespace": "aws:elasticbeanstalk:application:environment",
                "resource": "",
                "value": "true"
              },
              {
                "name": "SMTP_PASSWORD",
                "namespace": "aws:elasticbeanstalk:application:environment",
                "resource": "",
                "value": "ApYb9OAok/hLIJ/+gx94kz/UC/m8VLYoSCGWmqm8vH4B"
              },
              {
                "name": "SMTP_USERNAME",
                "namespace": "aws:elasticbeanstalk:application:environment",
                "resource": "",
                "value": "AKIAICCUMVMSAMY6DI6A"
              },
              {
                "name": "SSHSourceRestriction",
                "namespace": "aws:autoscaling:launchconfiguration",
                "resource": "",
                "value": "tcp,22,22,0.0.0.0/0"
              },
              {
                "name": "SSLCertificateArns",
                "namespace": "aws:elbv2:listener:443",
                "resource": "",
                "value": "arn:aws:acm:ap-southeast-1:324279636507:certificate/e79f18ca-7fa1-40ff-a0c1-262aeb79571f"
              },
              {
                "name": "SSLCertificateArns",
                "namespace": "aws:elbv2:listener:default",
                "resource": "",
                "value": ""
              },
              {
                "name": "SSLPolicy",
                "namespace": "aws:elbv2:listener:443",
                "resource": "",
                "value": "ELBSecurityPolicy-FS-1-2-Res-2019-08"
              },
              {
                "name": "SSLPolicy",
                "namespace": "aws:elbv2:listener:default",
                "resource": "",
                "value": ""
              },
              {
                "name": "SecurityGroups",
                "namespace": "aws:autoscaling:launchconfiguration",
                "resource": "",
                "value": "sg-002ca538120a72513"
              },
              {
                "name": "SecurityGroups",
                "namespace": "aws:elbv2:loadbalancer",
                "resource": "",
                "value": ""
              },
              {
                "name": "ServiceRole",
                "namespace": "aws:elasticbeanstalk:environment",
                "resource": "",
                "value": "aws-elasticbeanstalk-service-role"
              },
              {
                "name": "ServiceRoleForManagedUpdates",
                "namespace": "aws:elasticbeanstalk:managedactions",
                "resource": "",
                "value": "aws-elasticbeanstalk-service-role"
              },
              {
                "name": "SpotFleetOnDemandAboveBasePercentage",
                "namespace": "aws:ec2:instances",
                "resource": "",
                "value": "70"
              },
              {
                "name": "SpotFleetOnDemandBase",
                "namespace": "aws:ec2:instances",
                "resource": "",
                "value": "0"
              },
              {
                "name": "SpotMaxPrice",
                "namespace": "aws:ec2:instances",
                "resource": "",
                "value": ""
              },
              {
                "name": "Statistic",
                "namespace": "aws:autoscaling:trigger",
                "resource": "",
                "value": "Average"
              },
              {
                "name": "StickinessEnabled",
                "namespace": "aws:elasticbeanstalk:environment:process:default",
                "resource": "",
                "value": "false"
              },
              {
                "name": "StickinessLBCookieDuration",
                "namespace": "aws:elasticbeanstalk:environment:process:default",
                "resource": "",
                "value": "86400"
              },
              {
                "name": "StickinessType",
                "namespace": "aws:elasticbeanstalk:environment:process:default",
                "resource": "",
                "value": "lb_cookie"
              },
              {
                "name": "StreamLogs",
                "namespace": "aws:elasticbeanstalk:cloudwatch:logs",
                "resource": "",
                "value": "true"
              },
              {
                "name": "Subnets",
                "namespace": "aws:ec2:vpc",
                "resource": "",
                "value": "subnet-05a73783c6e44430a,subnet-08e72d4cff61634c9,subnet-0a678d53a174d6805"
              },
              {
                "name": "SystemType",
                "namespace": "aws:elasticbeanstalk:healthreporting:system",
                "resource": "",
                "value": "enhanced"
              },
              {
                "name": "Timeout",
                "namespace": "aws:autoscaling:updatepolicy:rollingupdate",
                "resource": "",
                "value": "PT30M"
              },
              {
                "name": "Timeout",
                "namespace": "aws:elasticbeanstalk:command",
                "resource": "",
                "value": "600"
              },
              {
                "name": "UPLOADS_BUCKET",
                "namespace": "aws:elasticbeanstalk:application:environment",
                "resource": "",
                "value": "cdr.somleng.org"
              },
              {
                "name": "UnhealthyThresholdCount",
                "namespace": "aws:elasticbeanstalk:environment:process:default",
                "resource": "",
                "value": "5"
              },
              {
                "name": "Unit",
                "namespace": "aws:autoscaling:trigger",
                "resource": "",
                "value": "Bytes"
              },
              {
                "name": "UpdateLevel",
                "namespace": "aws:elasticbeanstalk:managedactions:platformupdate",
                "resource": "",
                "value": "minor"
              },
              {
                "name": "UpperBreachScaleIncrement",
                "namespace": "aws:autoscaling:trigger",
                "resource": "",
                "value": "1"
              },
              {
                "name": "UpperThreshold",
                "namespace": "aws:autoscaling:trigger",
                "resource": "",
                "value": "6000000"
              },
              {
                "name": "VPCId",
                "namespace": "aws:ec2:vpc",
                "resource": "",
                "value": "vpc-0d36f2f60f3773315"
              },
              {
                "name": "XRayEnabled",
                "namespace": "aws:elasticbeanstalk:xray",
                "resource": "",
                "value": "false"
              }
            ],
            "application": "somleng-twilreapi",
            "arn": "arn:aws:elasticbeanstalk:ap-southeast-1:324279636507:environment/somleng-twilreapi/somleng-twilreapi-webserver",
            "autoscaling_groups": [
              "awseb-e-ssuwz5fxvm-stack-AWSEBAutoScalingGroup-1QT8P12JL1PSI"
            ],
            "cname": "somleng-twilreapi-webserver.zumkmpga6g.ap-southeast-1.elasticbeanstalk.com",
            "cname_prefix": "",
            "description": "",
            "endpoint_url": "awseb-AWSEB-85NJAOTXU9J4-1495638509.ap-southeast-1.elb.amazonaws.com",
            "id": "e-ssuwz5fxvm",
            "instances": [
              "i-09588049c765c1de9"
            ],
            "launch_configurations": [
              "awseb-e-ssuwz5fxvm-stack-AWSEBAutoScalingLaunchConfiguration-AS9U0DUI6CTQ"
            ],
            "load_balancers": [
              "arn:aws:elasticloadbalancing:ap-southeast-1:324279636507:loadbalancer/app/awseb-AWSEB-85NJAOTXU9J4/d44c061363efb955"
            ],
            "name": "somleng-twilreapi-webserver",
            "platform_arn": "arn:aws:elasticbeanstalk:ap-southeast-1::platform/Puma with Ruby 2.6 running on 64bit Amazon Linux/2.11.8",
            "poll_interval": null,
            "queues": [],
            "setting": [
              {
                "name": "AWS_DEFAULT_REGION",
                "namespace": "aws:elasticbeanstalk:application:environment",
                "resource": "",
                "value": "ap-southeast-1"
              },
              {
                "name": "AWS_REGION",
                "namespace": "aws:elasticbeanstalk:application:environment",
                "resource": "",
                "value": "ap-southeast-1"
              },
              {
                "name": "AssociatePublicIpAddress",
                "namespace": "aws:ec2:vpc",
                "resource": "",
                "value": "false"
              },
              {
                "name": "DATABASE_URL",
                "namespace": "aws:elasticbeanstalk:application:environment",
                "resource": "",
                "value": "postgres://somleng:TZiBpkYAgnQghZWcUaUhj7wJxMTxA8uk@somleng-twilreapi.clrslmbm6627.ap-southeast-1.rds.amazonaws.com:5432/somleng_twilreapi"
              },
              {
                "name": "DB_POOL",
                "namespace": "aws:elasticbeanstalk:application:environment",
                "resource": "",
                "value": "32"
              },
              {
                "name": "DEFAULT_QUEUE_URL",
                "namespace": "aws:elasticbeanstalk:application:environment",
                "resource": "",
                "value": "https://sqs.ap-southeast-1.amazonaws.com/324279636507/awseb-e-kpf7j3s4ew-stack-AWSEBWorkerQueue-189RY22SHMRM3"
              },
              {
                "name": "DEFAULT_URL_HOST",
                "namespace": "aws:elasticbeanstalk:application:environment",
                "resource": "",
                "value": "twilreapi.somleng.org"
              },
              {
                "name": "DeleteOnTerminate",
                "namespace": "aws:elasticbeanstalk:cloudwatch:logs",
                "resource": "",
                "value": "false"
              },
              {
                "name": "DeploymentPolicy",
                "namespace": "aws:elasticbeanstalk:command",
                "resource": "",
                "value": "AllAtOnce"
              },
              {
                "name": "ELBScheme",
                "namespace": "aws:ec2:vpc",
                "resource": "",
                "value": "public"
              },
              {
                "name": "ELBSubnets",
                "namespace": "aws:ec2:vpc",
                "resource": "",
                "value": "subnet-08e834c100fe4e24d,subnet-08ff0796bbc564c04,subnet-0f65055afb3d095d0"
              },
              {
                "name": "EnvironmentType",
                "namespace": "aws:elasticbeanstalk:environment",
                "resource": "",
                "value": "LoadBalanced"
              },
              {
                "name": "HealthCheckPath",
                "namespace": "aws:elasticbeanstalk:environment:process:default",
                "resource": "",
                "value": "/health_checks"
              },
              {
                "name": "INTERNAL_API_HTTP_AUTH_PASSWORD",
                "namespace": "aws:elasticbeanstalk:application:environment",
                "resource": "",
                "value": "kjAcAY7VJtd6hyPTwyyAeUpoXnYMXQyx"
              },
              {
                "name": "INTERNAL_API_HTTP_AUTH_USER",
                "namespace": "aws:elasticbeanstalk:application:environment",
                "resource": "",
                "value": "admin"
              },
              {
                "name": "IamInstanceProfile",
                "namespace": "aws:autoscaling:launchconfiguration",
                "resource": "",
                "value": "somleng-twilreapi"
              },
              {
                "name": "InstanceRefreshEnabled",
                "namespace": "aws:elasticbeanstalk:managedactions:platformupdate",
                "resource": "",
                "value": "true"
              },
              {
                "name": "InstanceType",
                "namespace": "aws:autoscaling:launchconfiguration",
                "resource": "",
                "value": "t3.small"
              },
              {
                "name": "ListenerEnabled",
                "namespace": "aws:elbv2:listener:443",
                "resource": "",
                "value": "true"
              },
              {
                "name": "ListenerEnabled",
                "namespace": "aws:elbv2:listener:default",
                "resource": "",
                "value": "true"
              },
              {
                "name": "LoadBalancerType",
                "namespace": "aws:elasticbeanstalk:environment",
                "resource": "",
                "value": "application"
              },
              {
                "name": "ManagedActionsEnabled",
                "namespace": "aws:elasticbeanstalk:managedactions",
                "resource": "",
                "value": "true"
              },
              {
                "name": "MaxSize",
                "namespace": "aws:autoscaling:asg",
                "resource": "",
                "value": "2"
              },
              {
                "name": "MinSize",
                "namespace": "aws:autoscaling:asg",
                "resource": "",
                "value": "1"
              },
              {
                "name": "OUTBOUND_CALL_DRB_URI",
                "namespace": "aws:elasticbeanstalk:application:environment",
                "resource": "",
                "value": "druby://somleng-adhearsion.internal.somleng.org:9050"
              },
              {
                "name": "OUTBOUND_CALL_QUEUE_URL",
                "namespace": "aws:elasticbeanstalk:application:environment",
                "resource": "",
                "value": "https://sqs.ap-southeast-1.amazonaws.com/324279636507/awseb-e-vip3jarwuz-stack-AWSEBWorkerQueue-141ZTM59BQ63S"
              },
              {
                "name": "Port",
                "namespace": "aws:elasticbeanstalk:environment:process:default",
                "resource": "",
                "value": "80"
              },
              {
                "name": "PreferredStartTime",
                "namespace": "aws:elasticbeanstalk:managedactions",
                "resource": "",
                "value": "Sun:19:00"
              },
              {
                "name": "Protocol",
                "namespace": "aws:elasticbeanstalk:environment:process:default",
                "resource": "",
                "value": "HTTP"
              },
              {
                "name": "Protocol",
                "namespace": "aws:elbv2:listener:443",
                "resource": "",
                "value": "HTTPS"
              },
              {
                "name": "RACK_ENV",
                "namespace": "aws:elasticbeanstalk:application:environment",
                "resource": "",
                "value": "production"
              },
              {
                "name": "RAILS_ENV",
                "namespace": "aws:elasticbeanstalk:application:environment",
                "resource": "",
                "value": "production"
              },
              {
                "name": "RAILS_MASTER_KEY",
                "namespace": "aws:elasticbeanstalk:application:environment",
                "resource": "",
                "value": "E4uqk)VPXEEpPEdhVuubqiWds3Hk;rML"
              },
              {
                "name": "RAILS_SKIP_ASSET_COMPILATION",
                "namespace": "aws:elasticbeanstalk:application:environment",
                "resource": "",
                "value": "true"
              },
              {
                "name": "RollingUpdateEnabled",
                "namespace": "aws:autoscaling:updatepolicy:rollingupdate",
                "resource": "",
                "value": "true"
              },
              {
                "name": "RollingUpdateType",
                "namespace": "aws:autoscaling:updatepolicy:rollingupdate",
                "resource": "",
                "value": "Time"
              },
              {
                "name": "SSLCertificateArns",
                "namespace": "aws:elbv2:listener:443",
                "resource": "",
                "value": "arn:aws:acm:ap-southeast-1:324279636507:certificate/e79f18ca-7fa1-40ff-a0c1-262aeb79571f"
              },
              {
                "name": "SSLPolicy",
                "namespace": "aws:elbv2:listener:443",
                "resource": "",
                "value": "ELBSecurityPolicy-FS-1-2-Res-2019-08"
              },
              {
                "name": "SecurityGroups",
                "namespace": "aws:autoscaling:launchconfiguration",
                "resource": "",
                "value": "sg-002ca538120a72513"
              },
              {
                "name": "ServiceRole",
                "namespace": "aws:elasticbeanstalk:environment",
                "resource": "",
                "value": "aws-elasticbeanstalk-service-role"
              },
              {
                "name": "StreamLogs",
                "namespace": "aws:elasticbeanstalk:cloudwatch:logs",
                "resource": "",
                "value": "true"
              },
              {
                "name": "Subnets",
                "namespace": "aws:ec2:vpc",
                "resource": "",
                "value": "subnet-05a73783c6e44430a,subnet-08e72d4cff61634c9,subnet-0a678d53a174d6805"
              },
              {
                "name": "SystemType",
                "namespace": "aws:elasticbeanstalk:healthreporting:system",
                "resource": "",
                "value": "enhanced"
              },
              {
                "name": "UPLOADS_BUCKET",
                "namespace": "aws:elasticbeanstalk:application:environment",
                "resource": "",
                "value": "cdr.somleng.org"
              },
              {
                "name": "UpdateLevel",
                "namespace": "aws:elasticbeanstalk:managedactions:platformupdate",
                "resource": "",
                "value": "minor"
              },
              {
                "name": "VPCId",
                "namespace": "aws:ec2:vpc",
                "resource": "",
                "value": "vpc-0d36f2f60f3773315"
              }
            ],
            "solution_stack_name": "64bit Amazon Linux 2018.03 v2.11.8 running Ruby 2.6 (Puma)",
            "tags": {},
            "template_name": null,
            "tier": "WebServer",
            "triggers": [],
            "version_label": "23b6751db36fca1d7cfb75a8da74c904ff826da2-1585121500.zip",
            "wait_for_ready_timeout": "20m"
          },
          "private": "eyJzY2hlbWFfdmVyc2lvbiI6IjEifQ==",
          "dependencies": [
            "aws_elastic_beanstalk_application.twilreapi",
            "aws_elastic_beanstalk_environment.twilreapi_caller_worker",
            "aws_elastic_beanstalk_environment.twilreapi_worker",
            "aws_iam_instance_profile.eb_service",
            "aws_iam_instance_profile.twilreapi",
            "aws_s3_bucket.cdr",
            "aws_security_group.twilreapi_db",
            "aws_ssm_parameter.twilreapi_db_master_password",
            "aws_ssm_parameter.twilreapi_internal_api_password",
            "aws_ssm_parameter.twilreapi_rails_master_key",
            "module.twilreapi_db.module.db_instance.aws_db_instance.this",
            "module.twilreapi_db.module.db_instance.aws_db_instance.this_mssql",
            "module.vpc.aws_subnet.private",
            "module.vpc.aws_subnet.public",
            "module.vpc.aws_vpc.this"
          ]
        }
      ]
    },
    {
      "mode": "managed",
      "type": "aws_elastic_beanstalk_environment",
      "name": "twilreapi_worker",
      "provider": "provider.aws",
      "instances": [
        {
          "schema_version": 1,
          "attributes": {
            "all_settings": [
              {
                "name": "ACTION_MAILER_DELIVERY_METHOD",
                "namespace": "aws:elasticbeanstalk:application:environment",
                "resource": "",
                "value": "smtp"
              },
              {
                "name": "AWSEBHealthCheck",
                "namespace": "aws:cloudformation:template:parameter",
                "resource": "",
                "value": ""
              },
              {
                "name": "AWSEBWorkerDeadLetterQueueURL",
                "namespace": "aws:cloudformation:template:parameter",
                "resource": "",
                "value": ""
              },
              {
                "name": "AWS_DEFAULT_REGION",
                "namespace": "aws:elasticbeanstalk:application:environment",
                "resource": "",
                "value": "ap-southeast-1"
              },
              {
                "name": "AWS_REGION",
                "namespace": "aws:elasticbeanstalk:application:environment",
                "resource": "",
                "value": "ap-southeast-1"
              },
              {
                "name": "AWS_S3_ACCESS_KEY_ID",
                "namespace": "aws:elasticbeanstalk:application:environment",
                "resource": "",
                "value": "AKIAIJQOV7RSVIPKAEJQ"
              },
              {
                "name": "AWS_S3_SECRET_ACCESS_KEY",
                "namespace": "aws:elasticbeanstalk:application:environment",
                "resource": "",
                "value": "Rn/WT1tGUEoVQt+n9F2O03NCs1oR8dHh6O+5DlUn"
              },
              {
                "name": "AppSource",
                "namespace": "aws:cloudformation:template:parameter",
                "resource": "",
                "value": "http://s3-ap-southeast-1.amazonaws.com/elasticbeanstalk-samples-ap-southeast-1/ruby/puma-sample-20170821.zip"
              },
              {
                "name": "Application Healthcheck URL",
                "namespace": "aws:elasticbeanstalk:application",
                "resource": "",
                "value": ""
              },
              {
                "name": "AssociatePublicIpAddress",
                "namespace": "aws:ec2:vpc",
                "resource": "",
                "value": "false"
              },
              {
                "name": "Automatically Terminate Unhealthy Instances",
                "namespace": "aws:elasticbeanstalk:monitoring",
                "resource": "",
                "value": "true"
              },
              {
                "name": "Availability Zones",
                "namespace": "aws:autoscaling:asg",
                "resource": "",
                "value": "Any"
              },
              {
                "name": "BUNDLE_WITHOUT",
                "namespace": "aws:elasticbeanstalk:application:environment",
                "resource": "",
                "value": "test:development"
              },
              {
                "name": "BatchSize",
                "namespace": "aws:elasticbeanstalk:command",
                "resource": "",
                "value": "100"
              },
              {
                "name": "BatchSizeType",
                "namespace": "aws:elasticbeanstalk:command",
                "resource": "",
                "value": "Percentage"
              },
              {
                "name": "BlockDeviceMappings",
                "namespace": "aws:autoscaling:launchconfiguration",
                "resource": "",
                "value": ""
              },
              {
                "name": "BreachDuration",
                "namespace": "aws:autoscaling:trigger",
                "resource": "",
                "value": "5"
              },
              {
                "name": "ConfigDocument",
                "namespace": "aws:elasticbeanstalk:healthreporting:system",
                "resource": "",
                "value": "{\"Version\":1,\"CloudWatchMetrics\":{\"Instance\":{\"CPUIrq\":null,\"LoadAverage5min\":null,\"ApplicationRequests5xx\":null,\"ApplicationRequests4xx\":null,\"CPUUser\":null,\"LoadAverage1min\":null,\"ApplicationLatencyP50\":null,\"CPUIdle\":null,\"InstanceHealth\":null,\"ApplicationLatencyP95\":null,\"ApplicationLatencyP85\":null,\"RootFilesystemUtil\":null,\"ApplicationLatencyP90\":null,\"CPUSystem\":null,\"ApplicationLatencyP75\":null,\"CPUSoftirq\":null,\"ApplicationLatencyP10\":null,\"ApplicationLatencyP99\":null,\"ApplicationRequestsTotal\":null,\"ApplicationLatencyP99.9\":null,\"ApplicationRequests3xx\":null,\"ApplicationRequests2xx\":null,\"CPUIowait\":null,\"CPUNice\":null},\"Environment\":{\"InstancesSevere\":null,\"InstancesDegraded\":null,\"ApplicationRequests5xx\":null,\"ApplicationRequests4xx\":null,\"ApplicationLatencyP50\":null,\"ApplicationLatencyP95\":null,\"ApplicationLatencyP85\":null,\"InstancesUnknown\":null,\"ApplicationLatencyP90\":null,\"InstancesInfo\":null,\"InstancesPending\":null,\"ApplicationLatencyP75\":null,\"ApplicationLatencyP10\":null,\"ApplicationLatencyP99\":null,\"ApplicationRequestsTotal\":null,\"InstancesNoData\":null,\"ApplicationLatencyP99.9\":null,\"ApplicationRequests3xx\":null,\"ApplicationRequests2xx\":null,\"InstancesOk\":null,\"InstancesWarning\":null}}}"
              },
              {
                "name": "ConnectTimeout",
                "namespace": "aws:elasticbeanstalk:sqsd",
                "resource": "",
                "value": "5"
              },
              {
                "name": "Cooldown",
                "namespace": "aws:autoscaling:asg",
                "resource": "",
                "value": "360"
              },
              {
                "name": "Custom Availability Zones",
                "namespace": "aws:autoscaling:asg",
                "resource": "",
                "value": ""
              },
              {
                "name": "DATABASE_URL",
                "namespace": "aws:elasticbeanstalk:application:environment",
                "resource": "",
                "value": "postgres://somleng:TZiBpkYAgnQghZWcUaUhj7wJxMTxA8uk@somleng-twilreapi.clrslmbm6627.ap-southeast-1.rds.amazonaws.com:5432/somleng_twilreapi"
              },
              {
                "name": "DB_POOL",
                "namespace": "aws:elasticbeanstalk:application:environment",
                "resource": "",
                "value": "32"
              },
              {
                "name": "DEFAULT_QUEUE_URL",
                "namespace": "aws:elasticbeanstalk:application:environment",
                "resource": "",
                "value": "`{\"Ref\" : \"AWSEBWorkerQueue\"}`"
              },
              {
                "name": "DEFAULT_URL_HOST",
                "namespace": "aws:elasticbeanstalk:application:environment",
                "resource": "",
                "value": "twilreapi.somleng.org"
              },
              {
                "name": "DefaultSSHPort",
                "namespace": "aws:elasticbeanstalk:control",
                "resource": "",
                "value": "22"
              },
              {
                "name": "DeleteOnTerminate",
                "namespace": "aws:elasticbeanstalk:cloudwatch:logs",
                "resource": "",
                "value": "false"
              },
              {
                "name": "DeleteOnTerminate",
                "namespace": "aws:elasticbeanstalk:cloudwatch:logs:health",
                "resource": "",
                "value": "false"
              },
              {
                "name": "DeploymentPolicy",
                "namespace": "aws:elasticbeanstalk:command",
                "resource": "",
                "value": "AllAtOnce"
              },
              {
                "name": "EC2KeyName",
                "namespace": "aws:autoscaling:launchconfiguration",
                "resource": "",
                "value": ""
              },
              {
                "name": "ELBScheme",
                "namespace": "aws:ec2:vpc",
                "resource": "",
                "value": "public"
              },
              {
                "name": "ELBSubnets",
                "namespace": "aws:ec2:vpc",
                "resource": "",
                "value": "subnet-05a73783c6e44430a,subnet-08e72d4cff61634c9,subnet-0a678d53a174d6805"
              },
              {
                "name": "EnableSpot",
                "namespace": "aws:ec2:instances",
                "resource": "",
                "value": "false"
              },
              {
                "name": "EnvironmentType",
                "namespace": "aws:elasticbeanstalk:environment",
                "resource": "",
                "value": "LoadBalanced"
              },
              {
                "name": "EnvironmentVariables",
                "namespace": "aws:cloudformation:template:parameter",
                "resource": "",
                "value": "SMTP_USERNAME=AKIAICCUMVMSAMY6DI6A,BUNDLE_WITHOUT=test:development,OUTBOUND_CALL_JOB_QUEUE_URL=https://sqs.ap-southeast-1.amazonaws.com/324279636507/awseb-e-vip3jarwuz-stack-AWSEBWorkerQueue-141ZTM59BQ63S,AWS_DEFAULT_REGION=ap-southeast-1,DEFAULT_URL_HOST=twilreapi.somleng.org,OUTBOUND_CALL_QUEUE_URL=https://sqs.ap-southeast-1.amazonaws.com/324279636507/awseb-e-vip3jarwuz-stack-AWSEBWorkerQueue-141ZTM59BQ63S,UPLOADS_BUCKET=cdr.somleng.org,RACK_ENV=production,DATABASE_URL=postgres://somleng:TZiBpkYAgnQghZWcUaUhj7wJxMTxA8uk@somleng-twilreapi.clrslmbm6627.ap-southeast-1.rds.amazonaws.com:5432/somleng_twilreapi,PROCESS_ACTIVE_ELASTIC_JOBS=true,SMTP_PASSWORD=ApYb9OAok/hLIJ/+gx94kz/UC/m8VLYoSCGWmqm8vH4B,AWS_S3_SECRET_ACCESS_KEY=Rn/WT1tGUEoVQt+n9F2O03NCs1oR8dHh6O+5DlUn,DB_POOL=32,OUTBOUND_CALL_DRB_URI=druby://somleng-adhearsion.internal.somleng.org:9050,RAILS_MASTER_KEY=E4uqk)VPXEEpPEdhVuubqiWds3Hk;rML,ACTION_MAILER_DELIVERY_METHOD=smtp,SMTP_AUTHENTICATION_METHOD=plain,RAILS_SKIP_MIGRATIONS=false,AWS_REGION=ap-southeast-1,RAILS_ENV=production,DEFAULT_QUEUE_URL=`{\"Ref\" : \"AWSEBWorkerQueue\"}`,AWS_S3_ACCESS_KEY_ID=AKIAIJQOV7RSVIPKAEJQ,UNUSED_ENV_VAR=,RAILS_SKIP_ASSET_COMPILATION=true,SMTP_ENABLE_STARTTLS_AUTO=true"
              },
              {
                "name": "ErrorVisibilityTimeout",
                "namespace": "aws:elasticbeanstalk:sqsd",
                "resource": "",
                "value": ""
              },
              {
                "name": "EvaluationPeriods",
                "namespace": "aws:autoscaling:trigger",
                "resource": "",
                "value": "1"
              },
              {
                "name": "ExternalExtensionsS3Bucket",
                "namespace": "aws:elasticbeanstalk:environment",
                "resource": "",
                "value": ""
              },
              {
                "name": "ExternalExtensionsS3Key",
                "namespace": "aws:elasticbeanstalk:environment",
                "resource": "",
                "value": ""
              },
              {
                "name": "HealthCheckSuccessThreshold",
                "namespace": "aws:elasticbeanstalk:healthreporting:system",
                "resource": "",
                "value": "Ok"
              },
              {
                "name": "HealthStreamingEnabled",
                "namespace": "aws:elasticbeanstalk:cloudwatch:logs:health",
                "resource": "",
                "value": "false"
              },
              {
                "name": "HooksPkgUrl",
                "namespace": "aws:cloudformation:template:parameter",
                "resource": "",
                "value": "https://s3.dualstack.ap-southeast-1.amazonaws.com/elasticbeanstalk-env-resources-ap-southeast-1/stalks/eb_ruby_puma_4.0.1.204048.0_1593138675/lib/hooks.tar.gz"
              },
              {
                "name": "HttpConnections",
                "namespace": "aws:elasticbeanstalk:sqsd",
                "resource": "",
                "value": "50"
              },
              {
                "name": "HttpPath",
                "namespace": "aws:elasticbeanstalk:sqsd",
                "resource": "",
                "value": "/"
              },
              {
                "name": "IamInstanceProfile",
                "namespace": "aws:autoscaling:launchconfiguration",
                "resource": "",
                "value": "somleng-twilreapi"
              },
              {
                "name": "IgnoreHealthCheck",
                "namespace": "aws:elasticbeanstalk:command",
                "resource": "",
                "value": "false"
              },
              {
                "name": "ImageId",
                "namespace": "aws:autoscaling:launchconfiguration",
                "resource": "",
                "value": "ami-0e9aff3233ffe5cf8"
              },
              {
                "name": "InactivityTimeout",
                "namespace": "aws:elasticbeanstalk:sqsd",
                "resource": "",
                "value": "299"
              },
              {
                "name": "InstancePort",
                "namespace": "aws:cloudformation:template:parameter",
                "resource": "",
                "value": "80"
              },
              {
                "name": "InstanceRefreshEnabled",
                "namespace": "aws:elasticbeanstalk:managedactions:platformupdate",
                "resource": "",
                "value": "true"
              },
              {
                "name": "InstanceType",
                "namespace": "aws:autoscaling:launchconfiguration",
                "resource": "",
                "value": "t3.small"
              },
              {
                "name": "InstanceTypeFamily",
                "namespace": "aws:cloudformation:template:parameter",
                "resource": "",
                "value": "t3"
              },
              {
                "name": "InstanceTypes",
                "namespace": "aws:ec2:instances",
                "resource": "",
                "value": "t3.small"
              },
              {
                "name": "LaunchTimeout",
                "namespace": "aws:elasticbeanstalk:control",
                "resource": "",
                "value": "0"
              },
              {
                "name": "LaunchType",
                "namespace": "aws:elasticbeanstalk:control",
                "resource": "",
                "value": "Migration"
              },
              {
                "name": "LogPublicationControl",
                "namespace": "aws:elasticbeanstalk:hostmanager",
                "resource": "",
                "value": "false"
              },
              {
                "name": "LowerBreachScaleIncrement",
                "namespace": "aws:autoscaling:trigger",
                "resource": "",
                "value": "-1"
              },
              {
                "name": "LowerThreshold",
                "namespace": "aws:autoscaling:trigger",
                "resource": "",
                "value": "2000000"
              },
              {
                "name": "ManagedActionsEnabled",
                "namespace": "aws:elasticbeanstalk:managedactions",
                "resource": "",
                "value": "true"
              },
              {
                "name": "MaxBatchSize",
                "namespace": "aws:autoscaling:updatepolicy:rollingupdate",
                "resource": "",
                "value": "1"
              },
              {
                "name": "MaxRetries",
                "namespace": "aws:elasticbeanstalk:sqsd",
                "resource": "",
                "value": "10"
              },
              {
                "name": "MaxSize",
                "namespace": "aws:autoscaling:asg",
                "resource": "",
                "value": "2"
              },
              {
                "name": "MeasureName",
                "namespace": "aws:autoscaling:trigger",
                "resource": "",
                "value": "NetworkOut"
              },
              {
                "name": "MimeType",
                "namespace": "aws:elasticbeanstalk:sqsd",
                "resource": "",
                "value": "application/json"
              },
              {
                "name": "MinInstancesInService",
                "namespace": "aws:autoscaling:updatepolicy:rollingupdate",
                "resource": "",
                "value": "1"
              },
              {
                "name": "MinSize",
                "namespace": "aws:autoscaling:asg",
                "resource": "",
                "value": "1"
              },
              {
                "name": "MonitoringInterval",
                "namespace": "aws:autoscaling:launchconfiguration",
                "resource": "",
                "value": "5 minute"
              },
              {
                "name": "Notification Endpoint",
                "namespace": "aws:elasticbeanstalk:sns:topics",
                "resource": "",
                "value": ""
              },
              {
                "name": "Notification Protocol",
                "namespace": "aws:elasticbeanstalk:sns:topics",
                "resource": "",
                "value": "email"
              },
              {
                "name": "Notification Topic ARN",
                "namespace": "aws:elasticbeanstalk:sns:topics",
                "resource": "",
                "value": ""
              },
              {
                "name": "Notification Topic Name",
                "namespace": "aws:elasticbeanstalk:sns:topics",
                "resource": "",
                "value": ""
              },
              {
                "name": "OUTBOUND_CALL_DRB_URI",
                "namespace": "aws:elasticbeanstalk:application:environment",
                "resource": "",
                "value": "druby://somleng-adhearsion.internal.somleng.org:9050"
              },
              {
                "name": "OUTBOUND_CALL_JOB_QUEUE_URL",
                "namespace": "aws:elasticbeanstalk:application:environment",
                "resource": "",
                "value": "https://sqs.ap-southeast-1.amazonaws.com/324279636507/awseb-e-vip3jarwuz-stack-AWSEBWorkerQueue-141ZTM59BQ63S"
              },
              {
                "name": "OUTBOUND_CALL_QUEUE_URL",
                "namespace": "aws:elasticbeanstalk:application:environment",
                "resource": "",
                "value": "https://sqs.ap-southeast-1.amazonaws.com/324279636507/awseb-e-vip3jarwuz-stack-AWSEBWorkerQueue-141ZTM59BQ63S"
              },
              {
                "name": "PROCESS_ACTIVE_ELASTIC_JOBS",
                "namespace": "aws:elasticbeanstalk:application:environment",
                "resource": "",
                "value": "true"
              },
              {
                "name": "PauseTime",
                "namespace": "aws:autoscaling:updatepolicy:rollingupdate",
                "resource": "",
                "value": "PT5M30S"
              },
              {
                "name": "Period",
                "namespace": "aws:autoscaling:trigger",
                "resource": "",
                "value": "5"
              },
              {
                "name": "PreferredStartTime",
                "namespace": "aws:elasticbeanstalk:managedactions",
                "resource": "",
                "value": "Sun:19:00"
              },
              {
                "name": "RACK_ENV",
                "namespace": "aws:elasticbeanstalk:application:environment",
                "resource": "",
                "value": "production"
              },
              {
                "name": "RAILS_ENV",
                "namespace": "aws:elasticbeanstalk:application:environment",
                "resource": "",
                "value": "production"
              },
              {
                "name": "RAILS_MASTER_KEY",
                "namespace": "aws:elasticbeanstalk:application:environment",
                "resource": "",
                "value": "E4uqk)VPXEEpPEdhVuubqiWds3Hk;rML"
              },
              {
                "name": "RAILS_SKIP_ASSET_COMPILATION",
                "namespace": "aws:elasticbeanstalk:application:environment",
                "resource": "",
                "value": "true"
              },
              {
                "name": "RAILS_SKIP_MIGRATIONS",
                "namespace": "aws:elasticbeanstalk:application:environment",
                "resource": "",
                "value": "false"
              },
              {
                "name": "RetentionInDays",
                "namespace": "aws:elasticbeanstalk:cloudwatch:logs",
                "resource": "",
                "value": "30"
              },
              {
                "name": "RetentionInDays",
                "namespace": "aws:elasticbeanstalk:cloudwatch:logs:health",
                "resource": "",
                "value": "7"
              },
              {
                "name": "RetentionPeriod",
                "namespace": "aws:elasticbeanstalk:sqsd",
                "resource": "",
                "value": "345600"
              },
              {
                "name": "RollbackLaunchOnFailure",
                "namespace": "aws:elasticbeanstalk:control",
                "resource": "",
                "value": "false"
              },
              {
                "name": "RollingUpdateEnabled",
                "namespace": "aws:autoscaling:updatepolicy:rollingupdate",
                "resource": "",
                "value": "true"
              },
              {
                "name": "RollingUpdateType",
                "namespace": "aws:autoscaling:updatepolicy:rollingupdate",
                "resource": "",
                "value": "Time"
              },
              {
                "name": "RootVolumeIOPS",
                "namespace": "aws:autoscaling:launchconfiguration",
                "resource": "",
                "value": ""
              },
              {
                "name": "RootVolumeSize",
                "namespace": "aws:autoscaling:launchconfiguration",
                "resource": "",
                "value": ""
              },
              {
                "name": "RootVolumeType",
                "namespace": "aws:autoscaling:launchconfiguration",
                "resource": "",
                "value": ""
              },
              {
                "name": "RubyVersion",
                "namespace": "aws:cloudformation:template:parameter",
                "resource": "",
                "value": "2.6.6"
              },
              {
                "name": "SMTP_AUTHENTICATION_METHOD",
                "namespace": "aws:elasticbeanstalk:application:environment",
                "resource": "",
                "value": "plain"
              },
              {
                "name": "SMTP_ENABLE_STARTTLS_AUTO",
                "namespace": "aws:elasticbeanstalk:application:environment",
                "resource": "",
                "value": "true"
              },
              {
                "name": "SMTP_PASSWORD",
                "namespace": "aws:elasticbeanstalk:application:environment",
                "resource": "",
                "value": "ApYb9OAok/hLIJ/+gx94kz/UC/m8VLYoSCGWmqm8vH4B"
              },
              {
                "name": "SMTP_USERNAME",
                "namespace": "aws:elasticbeanstalk:application:environment",
                "resource": "",
                "value": "AKIAICCUMVMSAMY6DI6A"
              },
              {
                "name": "SSHSourceRestriction",
                "namespace": "aws:autoscaling:launchconfiguration",
                "resource": "",
                "value": "tcp,22,22,0.0.0.0/0"
              },
              {
                "name": "SecurityGroups",
                "namespace": "aws:autoscaling:launchconfiguration",
                "resource": "",
                "value": "sg-002ca538120a72513"
              },
              {
                "name": "ServiceRole",
                "namespace": "aws:elasticbeanstalk:environment",
                "resource": "",
                "value": "aws-elasticbeanstalk-service-role"
              },
              {
                "name": "ServiceRoleForManagedUpdates",
                "namespace": "aws:elasticbeanstalk:managedactions",
                "resource": "",
                "value": "aws-elasticbeanstalk-service-role"
              },
              {
                "name": "SpotFleetOnDemandAboveBasePercentage",
                "namespace": "aws:ec2:instances",
                "resource": "",
                "value": "70"
              },
              {
                "name": "SpotFleetOnDemandBase",
                "namespace": "aws:ec2:instances",
                "resource": "",
                "value": "0"
              },
              {
                "name": "SpotMaxPrice",
                "namespace": "aws:ec2:instances",
                "resource": "",
                "value": ""
              },
              {
                "name": "Statistic",
                "namespace": "aws:autoscaling:trigger",
                "resource": "",
                "value": "Average"
              },
              {
                "name": "StreamLogs",
                "namespace": "aws:elasticbeanstalk:cloudwatch:logs",
                "resource": "",
                "value": "true"
              },
              {
                "name": "Subnets",
                "namespace": "aws:ec2:vpc",
                "resource": "",
                "value": "subnet-05a73783c6e44430a,subnet-08e72d4cff61634c9,subnet-0a678d53a174d6805"
              },
              {
                "name": "SystemType",
                "namespace": "aws:elasticbeanstalk:healthreporting:system",
                "resource": "",
                "value": "enhanced"
              },
              {
                "name": "Timeout",
                "namespace": "aws:autoscaling:updatepolicy:rollingupdate",
                "resource": "",
                "value": "PT30M"
              },
              {
                "name": "Timeout",
                "namespace": "aws:elasticbeanstalk:command",
                "resource": "",
                "value": "600"
              },
              {
                "name": "UNUSED_ENV_VAR",
                "namespace": "aws:elasticbeanstalk:application:environment",
                "resource": "",
                "value": ""
              },
              {
                "name": "UPLOADS_BUCKET",
                "namespace": "aws:elasticbeanstalk:application:environment",
                "resource": "",
                "value": "cdr.somleng.org"
              },
              {
                "name": "Unit",
                "namespace": "aws:autoscaling:trigger",
                "resource": "",
                "value": "Bytes"
              },
              {
                "name": "UpdateLevel",
                "namespace": "aws:elasticbeanstalk:managedactions:platformupdate",
                "resource": "",
                "value": "minor"
              },
              {
                "name": "UpperBreachScaleIncrement",
                "namespace": "aws:autoscaling:trigger",
                "resource": "",
                "value": "1"
              },
              {
                "name": "UpperThreshold",
                "namespace": "aws:autoscaling:trigger",
                "resource": "",
                "value": "6000000"
              },
              {
                "name": "VPCId",
                "namespace": "aws:ec2:vpc",
                "resource": "",
                "value": "vpc-0d36f2f60f3773315"
              },
              {
                "name": "VisibilityTimeout",
                "namespace": "aws:elasticbeanstalk:sqsd",
                "resource": "",
                "value": "300"
              },
              {
                "name": "WorkerQueueURL",
                "namespace": "aws:elasticbeanstalk:sqsd",
                "resource": "",
                "value": ""
              },
              {
                "name": "XRayEnabled",
                "namespace": "aws:elasticbeanstalk:xray",
                "resource": "",
                "value": "false"
              }
            ],
            "application": "somleng-twilreapi",
            "arn": "arn:aws:elasticbeanstalk:ap-southeast-1:324279636507:environment/somleng-twilreapi/somleng-twilreapi-worker",
            "autoscaling_groups": [
              "awseb-e-kpf7j3s4ew-stack-AWSEBAutoScalingGroup-61COKAZUWBQQ"
            ],
            "cname": "",
            "cname_prefix": "",
            "description": "",
            "endpoint_url": "",
            "id": "e-kpf7j3s4ew",
            "instances": [
              "i-0f8bbd18af233116c"
            ],
            "launch_configurations": [
              "awseb-e-kpf7j3s4ew-stack-AWSEBAutoScalingLaunchConfiguration-7GKHW68IMYWC"
            ],
            "load_balancers": [],
            "name": "somleng-twilreapi-worker",
            "platform_arn": "arn:aws:elasticbeanstalk:ap-southeast-1::platform/Puma with Ruby 2.6 running on 64bit Amazon Linux/2.11.8",
            "poll_interval": null,
            "queues": [
              "https://sqs.ap-southeast-1.amazonaws.com/324279636507/awseb-e-kpf7j3s4ew-stack-AWSEBWorkerQueue-189RY22SHMRM3",
              "https://sqs.ap-southeast-1.amazonaws.com/324279636507/awseb-e-kpf7j3s4ew-stack-AWSEBWorkerDeadLetterQueue-1KYV3HRXX7VJR"
            ],
            "setting": [
              {
                "name": "AWS_DEFAULT_REGION",
                "namespace": "aws:elasticbeanstalk:application:environment",
                "resource": null,
                "value": "ap-southeast-1"
              },
              {
                "name": "AWS_REGION",
                "namespace": "aws:elasticbeanstalk:application:environment",
                "resource": null,
                "value": "ap-southeast-1"
              },
              {
                "name": "AssociatePublicIpAddress",
                "namespace": "aws:ec2:vpc",
                "resource": null,
                "value": "false"
              },
              {
                "name": "DATABASE_URL",
                "namespace": "aws:elasticbeanstalk:application:environment",
                "resource": null,
                "value": "postgres://somleng:TZiBpkYAgnQghZWcUaUhj7wJxMTxA8uk@somleng-twilreapi.clrslmbm6627.ap-southeast-1.rds.amazonaws.com:5432/somleng_twilreapi"
              },
              {
                "name": "DB_POOL",
                "namespace": "aws:elasticbeanstalk:application:environment",
                "resource": null,
                "value": "32"
              },
              {
                "name": "DEFAULT_QUEUE_URL",
                "namespace": "aws:elasticbeanstalk:application:environment",
                "resource": null,
                "value": "`{\"Ref\" : \"AWSEBWorkerQueue\"}`"
              },
              {
                "name": "DEFAULT_URL_HOST",
                "namespace": "aws:elasticbeanstalk:application:environment",
                "resource": null,
                "value": "twilreapi.somleng.org"
              },
              {
                "name": "DeleteOnTerminate",
                "namespace": "aws:elasticbeanstalk:cloudwatch:logs",
                "resource": null,
                "value": "false"
              },
              {
                "name": "DeploymentPolicy",
                "namespace": "aws:elasticbeanstalk:command",
                "resource": null,
                "value": "AllAtOnce"
              },
              {
                "name": "ELBScheme",
                "namespace": "aws:ec2:vpc",
                "resource": null,
                "value": "public"
              },
              {
                "name": "EnvironmentType",
                "namespace": "aws:elasticbeanstalk:environment",
                "resource": null,
                "value": "LoadBalanced"
              },
              {
                "name": "IamInstanceProfile",
                "namespace": "aws:autoscaling:launchconfiguration",
                "resource": null,
                "value": "somleng-twilreapi"
              },
              {
                "name": "InstanceRefreshEnabled",
                "namespace": "aws:elasticbeanstalk:managedactions:platformupdate",
                "resource": null,
                "value": "true"
              },
              {
                "name": "InstanceType",
                "namespace": "aws:autoscaling:launchconfiguration",
                "resource": null,
                "value": "t3.small"
              },
              {
                "name": "ManagedActionsEnabled",
                "namespace": "aws:elasticbeanstalk:managedactions",
                "resource": null,
                "value": "true"
              },
              {
                "name": "MaxSize",
                "namespace": "aws:autoscaling:asg",
                "resource": null,
                "value": "2"
              },
              {
                "name": "MinSize",
                "namespace": "aws:autoscaling:asg",
                "resource": null,
                "value": "1"
              },
              {
                "name": "OUTBOUND_CALL_DRB_URI",
                "namespace": "aws:elasticbeanstalk:application:environment",
                "resource": null,
                "value": "druby://somleng-adhearsion.internal.somleng.org:9050"
              },
              {
                "name": "OUTBOUND_CALL_QUEUE_URL",
                "namespace": "aws:elasticbeanstalk:application:environment",
                "resource": null,
                "value": "https://sqs.ap-southeast-1.amazonaws.com/324279636507/awseb-e-vip3jarwuz-stack-AWSEBWorkerQueue-141ZTM59BQ63S"
              },
              {
                "name": "PROCESS_ACTIVE_ELASTIC_JOBS",
                "namespace": "aws:elasticbeanstalk:application:environment",
                "resource": null,
                "value": "true"
              },
              {
                "name": "Port",
                "namespace": "aws:elasticbeanstalk:environment:process:default",
                "resource": "",
                "value": "80"
              },
              {
                "name": "PreferredStartTime",
                "namespace": "aws:elasticbeanstalk:managedactions",
                "resource": null,
                "value": "Sun:19:00"
              },
              {
                "name": "Protocol",
                "namespace": "aws:elasticbeanstalk:environment:process:default",
                "resource": "",
                "value": "HTTP"
              },
              {
                "name": "RACK_ENV",
                "namespace": "aws:elasticbeanstalk:application:environment",
                "resource": null,
                "value": "production"
              },
              {
                "name": "RAILS_ENV",
                "namespace": "aws:elasticbeanstalk:application:environment",
                "resource": null,
                "value": "production"
              },
              {
                "name": "RAILS_MASTER_KEY",
                "namespace": "aws:elasticbeanstalk:application:environment",
                "resource": null,
                "value": "E4uqk)VPXEEpPEdhVuubqiWds3Hk;rML"
              },
              {
                "name": "RAILS_SKIP_ASSET_COMPILATION",
                "namespace": "aws:elasticbeanstalk:application:environment",
                "resource": null,
                "value": "true"
              },
              {
                "name": "RollingUpdateEnabled",
                "namespace": "aws:autoscaling:updatepolicy:rollingupdate",
                "resource": null,
                "value": "true"
              },
              {
                "name": "RollingUpdateType",
                "namespace": "aws:autoscaling:updatepolicy:rollingupdate",
                "resource": null,
                "value": "Time"
              },
              {
                "name": "SecurityGroups",
                "namespace": "aws:autoscaling:launchconfiguration",
                "resource": null,
                "value": "sg-002ca538120a72513"
              },
              {
                "name": "ServiceRole",
                "namespace": "aws:elasticbeanstalk:environment",
                "resource": null,
                "value": "aws-elasticbeanstalk-service-role"
              },
              {
                "name": "StreamLogs",
                "namespace": "aws:elasticbeanstalk:cloudwatch:logs",
                "resource": null,
                "value": "true"
              },
              {
                "name": "Subnets",
                "namespace": "aws:ec2:vpc",
                "resource": null,
                "value": "subnet-08e72d4cff61634c9,subnet-0a678d53a174d6805,subnet-05a73783c6e44430a"
              },
              {
                "name": "SystemType",
                "namespace": "aws:elasticbeanstalk:healthreporting:system",
                "resource": null,
                "value": "enhanced"
              },
              {
                "name": "UPLOADS_BUCKET",
                "namespace": "aws:elasticbeanstalk:application:environment",
                "resource": null,
                "value": "cdr.somleng.org"
              },
              {
                "name": "UpdateLevel",
                "namespace": "aws:elasticbeanstalk:managedactions:platformupdate",
                "resource": null,
                "value": "minor"
              },
              {
                "name": "VPCId",
                "namespace": "aws:ec2:vpc",
                "resource": null,
                "value": "vpc-0d36f2f60f3773315"
              }
            ],
            "solution_stack_name": "64bit Amazon Linux 2018.03 v2.11.8 running Ruby 2.6 (Puma)",
            "tags": {},
            "template_name": null,
            "tier": "Worker",
            "triggers": [],
            "version_label": "23b6751db36fca1d7cfb75a8da74c904ff826da2-1585121500.zip",
            "wait_for_ready_timeout": "20m"
          },
          "private": "eyJzY2hlbWFfdmVyc2lvbiI6IjEifQ==",
          "dependencies": [
            "aws_elastic_beanstalk_application.twilreapi",
            "aws_elastic_beanstalk_environment.twilreapi_caller_worker",
            "aws_iam_instance_profile.eb_service",
            "aws_iam_instance_profile.twilreapi",
            "aws_s3_bucket.cdr",
            "aws_security_group.twilreapi_db",
            "aws_ssm_parameter.twilreapi_db_master_password",
            "aws_ssm_parameter.twilreapi_rails_master_key",
            "module.twilreapi_db.module.db_instance.aws_db_instance.this",
            "module.twilreapi_db.module.db_instance.aws_db_instance.this_mssql",
            "module.vpc.aws_subnet.private",
            "module.vpc.aws_vpc.this"
          ]
        }
      ]
    },
    {
      "module": "module.vpc",
      "mode": "managed",
      "type": "aws_elasticache_subnet_group",
      "name": "elasticache",
      "each": "list",
      "provider": "provider.aws",
      "instances": []
    },
    {
      "mode": "managed",
      "type": "aws_iam_instance_profile",
      "name": "eb_service",
      "provider": "provider.aws",
      "instances": [
        {
          "schema_version": 0,
          "attributes": {
            "arn": "arn:aws:iam::324279636507:instance-profile/aws-elasticbeanstalk-service-role",
            "create_date": "2018-11-03T05:52:24Z",
            "id": "aws-elasticbeanstalk-service-role",
            "name": "aws-elasticbeanstalk-service-role",
            "name_prefix": null,
            "path": "/",
            "role": "aws-elasticbeanstalk-service-role",
            "roles": [
              "aws-elasticbeanstalk-service-role"
            ],
            "unique_id": "AIPAJYROHGFWT3CUVBR22"
          },
          "private": "eyJzY2hlbWFfdmVyc2lvbiI6IjAifQ==",
          "dependencies": [
            "aws_iam_role.eb_service_role"
          ]
        }
      ]
    },
    {
      "mode": "managed",
      "type": "aws_iam_instance_profile",
      "name": "freeswitch",
      "provider": "provider.aws",
      "instances": [
        {
          "schema_version": 0,
          "attributes": {
            "arn": "arn:aws:iam::324279636507:instance-profile/somleng-freeswitch",
            "create_date": "2020-03-09T09:58:57Z",
            "id": "somleng-freeswitch",
            "name": "somleng-freeswitch",
            "name_prefix": null,
            "path": "/",
            "role": "somleng-freeswitch",
            "roles": [
              "somleng-freeswitch"
            ],
            "unique_id": "AIPAUXAESSIN463ZTB3S4"
          },
          "private": "bnVsbA==",
          "dependencies": [
            "aws_iam_role.freeswitch"
          ]
        }
      ]
    },
    {
      "mode": "managed",
      "type": "aws_iam_instance_profile",
      "name": "somleng_adhearsion",
      "provider": "provider.aws",
      "instances": [
        {
          "schema_version": 0,
          "attributes": {
            "arn": "arn:aws:iam::324279636507:instance-profile/somleng-adhearsion",
            "create_date": "2020-03-09T09:22:37Z",
            "id": "somleng-adhearsion",
            "name": "somleng-adhearsion",
            "name_prefix": null,
            "path": "/",
            "role": "somleng-adhearsion",
            "roles": [
              "somleng-adhearsion"
            ],
            "unique_id": "AIPAUXAESSIN2IWHEGAMS"
          },
          "private": "bnVsbA==",
          "dependencies": [
            "aws_iam_role.somleng_adhearsion"
          ]
        }
      ]
    },
    {
      "mode": "managed",
      "type": "aws_iam_instance_profile",
      "name": "twilreapi",
      "provider": "provider.aws",
      "instances": [
        {
          "schema_version": 0,
          "attributes": {
            "arn": "arn:aws:iam::324279636507:instance-profile/somleng-twilreapi",
            "create_date": "2020-03-08T06:22:19Z",
            "id": "somleng-twilreapi",
            "name": "somleng-twilreapi",
            "name_prefix": null,
            "path": "/",
            "role": "somleng-twilreapi",
            "roles": [
              "somleng-twilreapi"
            ],
            "unique_id": "AIPAUXAESSINV3JHHDF55"
          },
          "private": "bnVsbA==",
          "dependencies": [
            "aws_iam_role.twilreapi"
          ]
        }
      ]
    },
    {
      "mode": "managed",
      "type": "aws_iam_policy",
      "name": "twilreapi",
      "provider": "provider.aws",
      "instances": [
        {
          "schema_version": 0,
          "attributes": {
            "arn": "arn:aws:iam::324279636507:policy/somleng-twilreapi",
            "description": "",
            "id": "arn:aws:iam::324279636507:policy/somleng-twilreapi",
            "name": "somleng-twilreapi",
            "name_prefix": null,
            "path": "/",
            "policy": "{\n  \"Version\": \"2012-10-17\",\n  \"Statement\": [\n    {\n      \"Effect\": \"Allow\",\n      \"Action\": [\n        \"s3:ListBucket\"\n      ],\n      \"Resource\": [\n        \"arn:aws:s3:::cdr.somleng.org\"\n      ]\n    },\n    {\n      \"Effect\": \"Allow\",\n      \"Action\": [\n        \"s3:PutObject\",\n        \"s3:DeleteObject\",\n        \"s3:GetObject\"\n      ],\n      \"Resource\": [\n        \"arn:aws:s3:::cdr.somleng.org/*\"\n      ]\n    }\n  ]\n}\n"
          },
          "private": "bnVsbA==",
          "dependencies": [
            "aws_s3_bucket.cdr"
          ]
        }
      ]
    },
    {
      "mode": "managed",
      "type": "aws_iam_role",
      "name": "eb_service_role",
      "provider": "provider.aws",
      "instances": [
        {
          "schema_version": 0,
          "attributes": {
            "arn": "arn:aws:iam::324279636507:role/aws-elasticbeanstalk-service-role",
            "assume_role_policy": "{\"Version\":\"2012-10-17\",\"Statement\":[{\"Sid\":\"\",\"Effect\":\"Allow\",\"Principal\":{\"Service\":\"elasticbeanstalk.amazonaws.com\"},\"Action\":\"sts:AssumeRole\",\"Condition\":{\"StringEquals\":{\"sts:ExternalId\":\"elasticbeanstalk\"}}}]}",
            "create_date": "2018-11-03T03:55:56Z",
            "description": "",
            "force_detach_policies": false,
            "id": "aws-elasticbeanstalk-service-role",
            "max_session_duration": 3600,
            "name": "aws-elasticbeanstalk-service-role",
            "name_prefix": null,
            "path": "/",
            "permissions_boundary": null,
            "tags": {},
            "unique_id": "AROAIRURJMJRYFMSSM5SW"
          },
          "private": "eyJzY2hlbWFfdmVyc2lvbiI6IjAifQ=="
        }
      ]
    },
    {
      "module": "module.twilreapi_db.module.db_instance",
      "mode": "managed",
      "type": "aws_iam_role",
      "name": "enhanced_monitoring",
      "each": "list",
      "provider": "provider.aws",
      "instances": []
    },
    {
      "mode": "managed",
      "type": "aws_iam_role",
      "name": "freeswitch",
      "provider": "provider.aws",
      "instances": [
        {
          "schema_version": 0,
          "attributes": {
            "arn": "arn:aws:iam::324279636507:role/somleng-freeswitch",
            "assume_role_policy": "{\"Version\":\"2008-10-17\",\"Statement\":[{\"Effect\":\"Allow\",\"Principal\":{\"Service\":\"ec2.amazonaws.com\"},\"Action\":\"sts:AssumeRole\"}]}",
            "create_date": "2020-03-09T09:58:54Z",
            "description": "",
            "force_detach_policies": false,
            "id": "somleng-freeswitch",
            "max_session_duration": 3600,
            "name": "somleng-freeswitch",
            "name_prefix": null,
            "path": "/",
            "permissions_boundary": null,
            "tags": {},
            "unique_id": "AROAUXAESSINUB56XSZ75"
          },
          "private": "bnVsbA=="
        }
      ]
    },
    {
      "mode": "managed",
      "type": "aws_iam_role",
      "name": "lambda_associate_eip",
      "provider": "provider.aws",
      "instances": [
        {
          "schema_version": 0,
          "attributes": {
            "arn": "arn:aws:iam::324279636507:role/lambda-associate-eip",
            "assume_role_policy": "{\"Version\":\"2012-10-17\",\"Statement\":[{\"Sid\":\"\",\"Effect\":\"Allow\",\"Principal\":{\"Service\":\"lambda.amazonaws.com\"},\"Action\":\"sts:AssumeRole\"}]}",
            "create_date": "2018-11-03T04:26:14Z",
            "description": "",
            "force_detach_policies": false,
            "id": "lambda-associate-eip",
            "max_session_duration": 3600,
            "name": "lambda-associate-eip",
            "name_prefix": null,
            "path": "/",
            "permissions_boundary": null,
            "tags": {},
            "unique_id": "AROAIBXHH2CHARRDOZ5N2"
          },
          "private": "eyJzY2hlbWFfdmVyc2lvbiI6IjAifQ=="
        }
      ]
    },
    {
      "mode": "managed",
      "type": "aws_iam_role",
      "name": "somleng_adhearsion",
      "provider": "provider.aws",
      "instances": [
        {
          "schema_version": 0,
          "attributes": {
            "arn": "arn:aws:iam::324279636507:role/somleng-adhearsion",
            "assume_role_policy": "{\"Version\":\"2008-10-17\",\"Statement\":[{\"Effect\":\"Allow\",\"Principal\":{\"Service\":\"ec2.amazonaws.com\"},\"Action\":\"sts:AssumeRole\"}]}",
            "create_date": "2020-03-09T09:22:35Z",
            "description": "",
            "force_detach_policies": false,
            "id": "somleng-adhearsion",
            "max_session_duration": 3600,
            "name": "somleng-adhearsion",
            "name_prefix": null,
            "path": "/",
            "permissions_boundary": null,
            "tags": {},
            "unique_id": "AROAUXAESSINUX2BMSXMF"
          },
          "private": "bnVsbA=="
        }
      ]
    },
    {
      "mode": "managed",
      "type": "aws_iam_role",
      "name": "twilreapi",
      "provider": "provider.aws",
      "instances": [
        {
          "schema_version": 0,
          "attributes": {
            "arn": "arn:aws:iam::324279636507:role/somleng-twilreapi",
            "assume_role_policy": "{\"Version\":\"2008-10-17\",\"Statement\":[{\"Effect\":\"Allow\",\"Principal\":{\"Service\":\"ec2.amazonaws.com\"},\"Action\":\"sts:AssumeRole\"}]}",
            "create_date": "2020-03-08T06:22:16Z",
            "description": "",
            "force_detach_policies": false,
            "id": "somleng-twilreapi",
            "max_session_duration": 3600,
            "name": "somleng-twilreapi",
            "name_prefix": null,
            "path": "/",
            "permissions_boundary": null,
            "tags": {},
            "unique_id": "AROAUXAESSINYEYA62JEE"
          },
          "private": "bnVsbA=="
        }
      ]
    },
    {
      "mode": "managed",
      "type": "aws_iam_role_policy",
      "name": "lambda_associate_eip",
      "provider": "provider.aws",
      "instances": [
        {
          "schema_version": 0,
          "attributes": {
            "id": "lambda-associate-eip:lambda-associate-eip-policy",
            "name": "lambda-associate-eip-policy",
            "name_prefix": null,
            "policy": "{\n  \"Version\": \"2012-10-17\",\n  \"Statement\": [\n    {\n      \"Action\": [\n        \"logs:CreateLogGroup\",\n        \"logs:CreateLogStream\",\n        \"logs:PutLogEvents\"\n      ],\n      \"Effect\": \"Allow\",\n      \"Resource\": \"arn:aws:logs:*:*:*\"\n    },\n    {\n      \"Action\": [\n        \"ec2:AssociateAddress\",\n        \"ec2:DescribeAddresses\",\n        \"ec2:DescribeInstances\",\n        \"autoscaling:DescribeAutoScalingGroups\",\n        \"autoscaling:CompleteLifecycleAction\"\n      ],\n      \"Effect\": \"Allow\",\n      \"Resource\": \"*\"\n    }\n  ]\n}\n",
            "role": "lambda-associate-eip"
          },
          "private": "bnVsbA==",
          "dependencies": [
            "aws_iam_role.lambda_associate_eip"
          ]
        }
      ]
    },
    {
      "mode": "managed",
      "type": "aws_iam_role_policy_attachment",
      "name": "eb_enhanced_health",
      "provider": "provider.aws",
      "instances": [
        {
          "schema_version": 0,
          "attributes": {
            "id": "aws-elasticbeanstalk-service-role-20200308060544286400000002",
            "policy_arn": "arn:aws:iam::aws:policy/service-role/AWSElasticBeanstalkEnhancedHealth",
            "role": "aws-elasticbeanstalk-service-role"
          },
          "private": "bnVsbA==",
          "dependencies": [
            "aws_iam_role.eb_service_role"
          ]
        }
      ]
    },
    {
      "mode": "managed",
      "type": "aws_iam_role_policy_attachment",
      "name": "eb_service",
      "provider": "provider.aws",
      "instances": [
        {
          "schema_version": 0,
          "attributes": {
            "id": "aws-elasticbeanstalk-service-role-20200308060544286300000001",
            "policy_arn": "arn:aws:iam::aws:policy/service-role/AWSElasticBeanstalkService",
            "role": "aws-elasticbeanstalk-service-role"
          },
          "private": "bnVsbA==",
          "dependencies": [
            "aws_iam_role.eb_service_role"
          ]
        }
      ]
    },
    {
      "module": "module.twilreapi_db.module.db_instance",
      "mode": "managed",
      "type": "aws_iam_role_policy_attachment",
      "name": "enhanced_monitoring",
      "each": "list",
      "provider": "provider.aws",
      "instances": []
    },
    {
      "mode": "managed",
      "type": "aws_iam_role_policy_attachment",
      "name": "freeswitch_multicontainer_docker",
      "provider": "provider.aws",
      "instances": [
        {
          "schema_version": 0,
          "attributes": {
            "id": "somleng-freeswitch-20200309095857175400000003",
            "policy_arn": "arn:aws:iam::aws:policy/AWSElasticBeanstalkMulticontainerDocker",
            "role": "somleng-freeswitch"
          },
          "private": "bnVsbA==",
          "dependencies": [
            "aws_iam_role.freeswitch"
          ]
        }
      ]
    },
    {
      "mode": "managed",
      "type": "aws_iam_role_policy_attachment",
      "name": "freeswitch_polly",
      "provider": "provider.aws",
      "instances": [
        {
          "schema_version": 0,
          "attributes": {
            "id": "somleng-freeswitch-20200309095857222800000004",
            "policy_arn": "arn:aws:iam::aws:policy/AmazonPollyFullAccess",
            "role": "somleng-freeswitch"
          },
          "private": "bnVsbA==",
          "dependencies": [
            "aws_iam_role.freeswitch"
          ]
        }
      ]
    },
    {
      "mode": "managed",
      "type": "aws_iam_role_policy_attachment",
      "name": "freeswitch_ssm",
      "provider": "provider.aws",
      "instances": [
        {
          "schema_version": 0,
          "attributes": {
            "id": "somleng-freeswitch-20200309095857169800000002",
            "policy_arn": "arn:aws:iam::aws:policy/service-role/AmazonEC2RoleforSSM",
            "role": "somleng-freeswitch"
          },
          "private": "bnVsbA==",
          "dependencies": [
            "aws_iam_role.freeswitch"
          ]
        }
      ]
    },
    {
      "mode": "managed",
      "type": "aws_iam_role_policy_attachment",
      "name": "freeswitch_web_tier",
      "provider": "provider.aws",
      "instances": [
        {
          "schema_version": 0,
          "attributes": {
            "id": "somleng-freeswitch-20200309095857161400000001",
            "policy_arn": "arn:aws:iam::aws:policy/AWSElasticBeanstalkWebTier",
            "role": "somleng-freeswitch"
          },
          "private": "bnVsbA==",
          "dependencies": [
            "aws_iam_role.freeswitch"
          ]
        }
      ]
    },
    {
      "mode": "managed",
      "type": "aws_iam_role_policy_attachment",
      "name": "somleng_adhearsion_ssm",
      "provider": "provider.aws",
      "instances": [
        {
          "schema_version": 0,
          "attributes": {
            "id": "somleng-adhearsion-20200309092237999000000002",
            "policy_arn": "arn:aws:iam::aws:policy/service-role/AmazonEC2RoleforSSM",
            "role": "somleng-adhearsion"
          },
          "private": "bnVsbA==",
          "dependencies": [
            "aws_iam_role.somleng_adhearsion"
          ]
        }
      ]
    },
    {
      "mode": "managed",
      "type": "aws_iam_role_policy_attachment",
      "name": "somleng_adhearsion_ssm_multicontainer_docker",
      "provider": "provider.aws",
      "instances": [
        {
          "schema_version": 0,
          "attributes": {
            "id": "somleng-adhearsion-20200309092238003500000003",
            "policy_arn": "arn:aws:iam::aws:policy/AWSElasticBeanstalkMulticontainerDocker",
            "role": "somleng-adhearsion"
          },
          "private": "bnVsbA==",
          "dependencies": [
            "aws_iam_role.somleng_adhearsion"
          ]
        }
      ]
    },
    {
      "mode": "managed",
      "type": "aws_iam_role_policy_attachment",
      "name": "somleng_adhearsion_web_tier",
      "provider": "provider.aws",
      "instances": [
        {
          "schema_version": 0,
          "attributes": {
            "id": "somleng-adhearsion-20200309092237956200000001",
            "policy_arn": "arn:aws:iam::aws:policy/AWSElasticBeanstalkWebTier",
            "role": "somleng-adhearsion"
          },
          "private": "bnVsbA==",
          "dependencies": [
            "aws_iam_role.somleng_adhearsion"
          ]
        }
      ]
    },
    {
      "mode": "managed",
      "type": "aws_iam_role_policy_attachment",
      "name": "twilreapi",
      "provider": "provider.aws",
      "instances": [
        {
          "schema_version": 0,
          "attributes": {
            "id": "somleng-twilreapi-20200308062221671500000005",
            "policy_arn": "arn:aws:iam::324279636507:policy/somleng-twilreapi",
            "role": "somleng-twilreapi"
          },
          "private": "bnVsbA==",
          "dependencies": [
            "aws_iam_policy.twilreapi",
            "aws_iam_role.twilreapi",
            "aws_s3_bucket.cdr"
          ]
        }
      ]
    },
    {
      "mode": "managed",
      "type": "aws_iam_role_policy_attachment",
      "name": "twilreapi_sqs",
      "provider": "provider.aws",
      "instances": [
        {
          "schema_version": 0,
          "attributes": {
            "id": "somleng-twilreapi-20200308062213218500000004",
            "policy_arn": "arn:aws:iam::aws:policy/AmazonSQSFullAccess",
            "role": "somleng-twilreapi"
          },
          "private": "bnVsbA==",
          "dependencies": [
            "aws_iam_role.twilreapi"
          ]
        }
      ]
    },
    {
      "mode": "managed",
      "type": "aws_iam_role_policy_attachment",
      "name": "twilreapi_ssm",
      "provider": "provider.aws",
      "instances": [
        {
          "schema_version": 0,
          "attributes": {
            "id": "somleng-twilreapi-20200308062213218400000003",
            "policy_arn": "arn:aws:iam::aws:policy/service-role/AmazonEC2RoleforSSM",
            "role": "somleng-twilreapi"
          },
          "private": "bnVsbA==",
          "dependencies": [
            "aws_iam_role.twilreapi"
          ]
        }
      ]
    },
    {
      "mode": "managed",
      "type": "aws_iam_role_policy_attachment",
      "name": "twilreapi_web_tier",
      "provider": "provider.aws",
      "instances": [
        {
          "schema_version": 0,
          "attributes": {
            "id": "somleng-twilreapi-20200308062213215900000002",
            "policy_arn": "arn:aws:iam::aws:policy/AWSElasticBeanstalkWebTier",
            "role": "somleng-twilreapi"
          },
          "private": "bnVsbA==",
          "dependencies": [
            "aws_iam_role.twilreapi"
          ]
        }
      ]
    },
    {
      "mode": "managed",
      "type": "aws_iam_role_policy_attachment",
      "name": "twilreapi_worker_tier",
      "provider": "provider.aws",
      "instances": [
        {
          "schema_version": 0,
          "attributes": {
            "id": "somleng-twilreapi-20200308062213215800000001",
            "policy_arn": "arn:aws:iam::aws:policy/AWSElasticBeanstalkWorkerTier",
            "role": "somleng-twilreapi"
          },
          "private": "bnVsbA==",
          "dependencies": [
            "aws_iam_role.twilreapi"
          ]
        }
      ]
    },
    {
      "module": "module.vpc",
      "mode": "managed",
      "type": "aws_internet_gateway",
      "name": "this",
      "each": "list",
      "provider": "provider.aws",
      "instances": [
        {
          "index_key": 0,
          "schema_version": 0,
          "attributes": {
            "id": "igw-025480cc74288f044",
            "owner_id": "324279636507",
            "tags": {
              "Name": "somleng"
            },
            "vpc_id": "vpc-0d36f2f60f3773315"
          },
          "dependencies": [
            "module.vpc.aws_vpc.this",
            "module.vpc.aws_vpc_ipv4_cidr_block_association.this"
          ]
        }
      ]
    },
    {
      "mode": "managed",
      "type": "aws_lambda_function",
      "name": "associate_eip",
      "provider": "provider.aws",
      "instances": [
        {
          "schema_version": 0,
          "attributes": {
            "arn": "arn:aws:lambda:ap-southeast-1:324279636507:function:associate_eip",
            "dead_letter_config": [],
            "description": "",
            "environment": [
              {
                "variables": {
                  "EIP_ALLOCATION_ID_TAG_KEY": "eip_allocation_id",
                  "EVENT_DETAIL_TYPE": "EC2 Instance-terminate Lifecycle Action"
                }
              }
            ],
            "filename": null,
            "function_name": "associate_eip",
            "handler": "associate_eip.lambda_handler",
            "id": "associate_eip",
            "invoke_arn": "arn:aws:apigateway:ap-southeast-1:lambda:path/2015-03-31/functions/arn:aws:lambda:ap-southeast-1:324279636507:function:associate_eip/invocations",
            "kms_key_arn": "",
            "last_modified": "2020-03-09T11:34:23.803+0000",
            "layers": [],
            "memory_size": 128,
            "publish": false,
            "qualified_arn": "arn:aws:lambda:ap-southeast-1:324279636507:function:associate_eip:$LATEST",
            "reserved_concurrent_executions": -1,
            "role": "arn:aws:iam::324279636507:role/lambda-associate-eip",
            "runtime": "python2.7",
            "s3_bucket": null,
            "s3_key": null,
            "s3_object_version": null,
            "source_code_hash": "PMtzrM/CHzzQpSdR1jr14HtOO4fAy8stt9DT97TtrBc=",
            "source_code_size": 1184,
            "tags": {},
            "timeout": 3,
            "timeouts": {
              "create": null
            },
            "tracing_config": [
              {
                "mode": "PassThrough"
              }
            ],
            "version": "$LATEST",
            "vpc_config": []
          },
          "private": "eyJlMmJmYjczMC1lY2FhLTExZTYtOGY4OC0zNDM2M2JjN2M0YzAiOnsiY3JlYXRlIjo2MDAwMDAwMDAwMDB9fQ==",
          "dependencies": [
            "aws_iam_role.lambda_associate_eip"
          ]
        }
      ]
    },
    {
      "mode": "managed",
      "type": "aws_lambda_permission",
      "name": "cloudwatch_events",
      "provider": "provider.aws",
      "instances": [
        {
          "schema_version": 0,
          "attributes": {
            "action": "lambda:InvokeFunction",
            "event_source_token": null,
            "function_name": "associate_eip",
            "id": "terraform-20200309095859610300000005",
            "principal": "events.amazonaws.com",
            "qualifier": "",
            "source_account": null,
            "source_arn": null,
            "statement_id": "terraform-20200309095859610300000005",
            "statement_id_prefix": null
          },
          "private": "bnVsbA==",
          "dependencies": [
            "aws_iam_role.lambda_associate_eip",
            "aws_lambda_function.associate_eip"
          ]
        }
      ]
    },
    {
      "module": "module.vpc",
      "mode": "managed",
      "type": "aws_nat_gateway",
      "name": "this",
      "each": "list",
      "provider": "provider.aws",
      "instances": [
        {
          "index_key": 0,
          "schema_version": 0,
          "attributes": {
            "allocation_id": "eipalloc-0fea5c013d8d38651",
            "id": "nat-0abe9c416e6c4bd39",
            "network_interface_id": "eni-0a4b6846b6a808f87",
            "private_ip": "10.0.0.222",
            "public_ip": "13.251.53.19",
            "subnet_id": "subnet-08e834c100fe4e24d",
            "tags": {
              "Name": "somleng-ap-southeast-1a"
            }
          },
          "dependencies": [
            "module.vpc.aws_eip.nat",
            "module.vpc.aws_internet_gateway.this",
            "module.vpc.aws_subnet.public",
            "module.vpc.aws_vpc.this",
            "module.vpc.aws_vpc_ipv4_cidr_block_association.this"
          ]
        }
      ]
    },
    {
      "module": "module.vpc",
      "mode": "managed",
      "type": "aws_network_acl",
      "name": "database",
      "each": "list",
      "provider": "provider.aws",
      "instances": []
    },
    {
      "module": "module.vpc",
      "mode": "managed",
      "type": "aws_network_acl",
      "name": "elasticache",
      "each": "list",
      "provider": "provider.aws",
      "instances": []
    },
    {
      "module": "module.vpc",
      "mode": "managed",
      "type": "aws_network_acl",
      "name": "intra",
      "each": "list",
      "provider": "provider.aws",
      "instances": []
    },
    {
      "module": "module.vpc",
      "mode": "managed",
      "type": "aws_network_acl",
      "name": "private",
      "each": "list",
      "provider": "provider.aws",
      "instances": []
    },
    {
      "module": "module.vpc",
      "mode": "managed",
      "type": "aws_network_acl",
      "name": "public",
      "each": "list",
      "provider": "provider.aws",
      "instances": []
    },
    {
      "module": "module.vpc",
      "mode": "managed",
      "type": "aws_network_acl",
      "name": "redshift",
      "each": "list",
      "provider": "provider.aws",
      "instances": []
    },
    {
      "module": "module.vpc",
      "mode": "managed",
      "type": "aws_network_acl_rule",
      "name": "database_inbound",
      "each": "list",
      "provider": "provider.aws",
      "instances": []
    },
    {
      "module": "module.vpc",
      "mode": "managed",
      "type": "aws_network_acl_rule",
      "name": "database_outbound",
      "each": "list",
      "provider": "provider.aws",
      "instances": []
    },
    {
      "module": "module.vpc",
      "mode": "managed",
      "type": "aws_network_acl_rule",
      "name": "elasticache_inbound",
      "each": "list",
      "provider": "provider.aws",
      "instances": []
    },
    {
      "module": "module.vpc",
      "mode": "managed",
      "type": "aws_network_acl_rule",
      "name": "elasticache_outbound",
      "each": "list",
      "provider": "provider.aws",
      "instances": []
    },
    {
      "module": "module.vpc",
      "mode": "managed",
      "type": "aws_network_acl_rule",
      "name": "intra_inbound",
      "each": "list",
      "provider": "provider.aws",
      "instances": []
    },
    {
      "module": "module.vpc",
      "mode": "managed",
      "type": "aws_network_acl_rule",
      "name": "intra_outbound",
      "each": "list",
      "provider": "provider.aws",
      "instances": []
    },
    {
      "module": "module.vpc",
      "mode": "managed",
      "type": "aws_network_acl_rule",
      "name": "private_inbound",
      "each": "list",
      "provider": "provider.aws",
      "instances": []
    },
    {
      "module": "module.vpc",
      "mode": "managed",
      "type": "aws_network_acl_rule",
      "name": "private_outbound",
      "each": "list",
      "provider": "provider.aws",
      "instances": []
    },
    {
      "module": "module.vpc",
      "mode": "managed",
      "type": "aws_network_acl_rule",
      "name": "public_inbound",
      "each": "list",
      "provider": "provider.aws",
      "instances": []
    },
    {
      "module": "module.vpc",
      "mode": "managed",
      "type": "aws_network_acl_rule",
      "name": "public_outbound",
      "each": "list",
      "provider": "provider.aws",
      "instances": []
    },
    {
      "module": "module.vpc",
      "mode": "managed",
      "type": "aws_network_acl_rule",
      "name": "redshift_inbound",
      "each": "list",
      "provider": "provider.aws",
      "instances": []
    },
    {
      "module": "module.vpc",
      "mode": "managed",
      "type": "aws_network_acl_rule",
      "name": "redshift_outbound",
      "each": "list",
      "provider": "provider.aws",
      "instances": []
    },
    {
      "module": "module.vpc",
      "mode": "managed",
      "type": "aws_redshift_subnet_group",
      "name": "redshift",
      "each": "list",
      "provider": "provider.aws",
      "instances": []
    },
    {
      "module": "module.vpc",
      "mode": "managed",
      "type": "aws_route",
      "name": "database_internet_gateway",
      "each": "list",
      "provider": "provider.aws",
      "instances": []
    },
    {
      "module": "module.vpc",
      "mode": "managed",
      "type": "aws_route",
      "name": "database_ipv6_egress",
      "each": "list",
      "provider": "provider.aws",
      "instances": []
    },
    {
      "module": "module.vpc",
      "mode": "managed",
      "type": "aws_route",
      "name": "database_nat_gateway",
      "each": "list",
      "provider": "provider.aws",
      "instances": []
    },
    {
      "module": "module.vpc",
      "mode": "managed",
      "type": "aws_route",
      "name": "private_ipv6_egress",
      "each": "list",
      "provider": "provider.aws",
      "instances": []
    },
    {
      "module": "module.vpc",
      "mode": "managed",
      "type": "aws_route",
      "name": "private_nat_gateway",
      "each": "list",
      "provider": "provider.aws",
      "instances": [
        {
          "index_key": 0,
          "schema_version": 0,
          "attributes": {
            "destination_cidr_block": "0.0.0.0/0",
            "destination_ipv6_cidr_block": null,
            "destination_prefix_list_id": "",
            "egress_only_gateway_id": "",
            "gateway_id": "",
            "id": "r-rtb-089be9317018136741080289494",
            "instance_id": "",
            "instance_owner_id": "",
            "nat_gateway_id": "nat-0abe9c416e6c4bd39",
            "network_interface_id": "",
            "origin": "CreateRoute",
            "route_table_id": "rtb-089be931701813674",
            "state": "active",
            "timeouts": {
              "create": null,
              "delete": null
            },
            "transit_gateway_id": "",
            "vpc_peering_connection_id": ""
          },
          "private": "eyJlMmJmYjczMC1lY2FhLTExZTYtOGY4OC0zNDM2M2JjN2M0YzAiOnsiY3JlYXRlIjozMDAwMDAwMDAwMDAsImRlbGV0ZSI6MzAwMDAwMDAwMDAwfX0=",
          "dependencies": [
            "module.vpc.aws_eip.nat",
            "module.vpc.aws_internet_gateway.this",
            "module.vpc.aws_nat_gateway.this",
            "module.vpc.aws_route_table.private",
            "module.vpc.aws_subnet.public",
            "module.vpc.aws_vpc.this",
            "module.vpc.aws_vpc_ipv4_cidr_block_association.this"
          ]
        }
      ]
    },
    {
      "module": "module.vpc",
      "mode": "managed",
      "type": "aws_route",
      "name": "public_internet_gateway",
      "each": "list",
      "provider": "provider.aws",
      "instances": [
        {
          "index_key": 0,
          "schema_version": 0,
          "attributes": {
            "destination_cidr_block": "0.0.0.0/0",
            "destination_ipv6_cidr_block": null,
            "destination_prefix_list_id": "",
            "egress_only_gateway_id": "",
            "gateway_id": "igw-025480cc74288f044",
            "id": "r-rtb-011a8ea38d08fbc0b1080289494",
            "instance_id": "",
            "instance_owner_id": "",
            "nat_gateway_id": "",
            "network_interface_id": "",
            "origin": "CreateRoute",
            "route_table_id": "rtb-011a8ea38d08fbc0b",
            "state": "active",
            "timeouts": {
              "create": null,
              "delete": null
            },
            "transit_gateway_id": "",
            "vpc_peering_connection_id": ""
          },
          "private": "eyJlMmJmYjczMC1lY2FhLTExZTYtOGY4OC0zNDM2M2JjN2M0YzAiOnsiY3JlYXRlIjozMDAwMDAwMDAwMDAsImRlbGV0ZSI6MzAwMDAwMDAwMDAwfX0=",
          "dependencies": [
            "module.vpc.aws_internet_gateway.this",
            "module.vpc.aws_route_table.public",
            "module.vpc.aws_vpc.this",
            "module.vpc.aws_vpc_ipv4_cidr_block_association.this"
          ]
        }
      ]
    },
    {
      "module": "module.vpc",
      "mode": "managed",
      "type": "aws_route",
      "name": "public_internet_gateway_ipv6",
      "each": "list",
      "provider": "provider.aws",
      "instances": []
    },
    {
      "mode": "managed",
      "type": "aws_route53_record",
      "name": "somleng_adhearsion",
      "provider": "provider.aws",
      "instances": [
        {
          "schema_version": 2,
          "attributes": {
            "alias": [
              {
                "evaluate_target_health": true,
                "name": "somleng-adhearsion-webserver.hpajmep6tf.ap-southeast-1.elasticbeanstalk.com",
                "zone_id": "Z16FZ9L249IFLT"
              }
            ],
            "allow_overwrite": null,
            "failover_routing_policy": [],
            "fqdn": "somleng-adhearsion.internal.somleng.org",
            "geolocation_routing_policy": [],
            "health_check_id": "",
            "id": "Z1PLRD6QO9XES_somleng-adhearsion_A",
            "latency_routing_policy": [],
            "multivalue_answer_routing_policy": null,
            "name": "somleng-adhearsion",
            "records": [],
            "set_identifier": "",
            "ttl": 0,
            "type": "A",
            "weighted_routing_policy": [],
            "zone_id": "Z1PLRD6QO9XES"
          },
          "private": "eyJzY2hlbWFfdmVyc2lvbiI6IjIifQ==",
          "dependencies": [
            "aws_elastic_beanstalk_application.somleng_adhearsion",
            "aws_elastic_beanstalk_environment.somleng_adhearsion_webserver",
            "aws_iam_instance_profile.eb_service",
            "aws_iam_instance_profile.somleng_adhearsion",
            "aws_ssm_parameter.somleng_freeswitch_mod_rayo_password",
            "aws_ssm_parameter.twilreapi_internal_api_password",
            "module.vpc.aws_subnet.intra",
            "module.vpc.aws_subnet.private",
            "module.vpc.aws_vpc.this"
          ]
        }
      ]
    },
    {
      "mode": "managed",
      "type": "aws_route53_record",
      "name": "somleng_freeswitch",
      "provider": "provider.aws",
      "instances": [
        {
          "schema_version": 2,
          "attributes": {
            "alias": [
              {
                "evaluate_target_health": true,
                "name": "somleng-freeswitch-webserver.uiym7dhhrf.ap-southeast-1.elasticbeanstalk.com",
                "zone_id": "Z16FZ9L249IFLT"
              }
            ],
            "allow_overwrite": null,
            "failover_routing_policy": [],
            "fqdn": "somleng-freeswitch.internal.somleng.org",
            "geolocation_routing_policy": [],
            "health_check_id": "",
            "id": "Z1PLRD6QO9XES_somleng-freeswitch_A",
            "latency_routing_policy": [],
            "multivalue_answer_routing_policy": null,
            "name": "somleng-freeswitch",
            "records": [],
            "set_identifier": "",
            "ttl": 0,
            "type": "A",
            "weighted_routing_policy": [],
            "zone_id": "Z1PLRD6QO9XES"
          },
          "private": "eyJzY2hlbWFfdmVyc2lvbiI6IjIifQ==",
          "dependencies": [
            "aws_elastic_beanstalk_environment.freeswitch_webserver"
          ]
        }
      ]
    },
    {
      "mode": "managed",
      "type": "aws_route53_record",
      "name": "twilreapi",
      "provider": "provider.aws",
      "instances": [
        {
          "schema_version": 2,
          "attributes": {
            "alias": [
              {
                "evaluate_target_health": true,
                "name": "somleng-twilreapi-webserver.zumkmpga6g.ap-southeast-1.elasticbeanstalk.com",
                "zone_id": "Z16FZ9L249IFLT"
              }
            ],
            "allow_overwrite": null,
            "failover_routing_policy": [],
            "fqdn": "twilreapi.somleng.org",
            "geolocation_routing_policy": [],
            "health_check_id": "",
            "id": "Z3N9IAVOBIQ3KL_twilreapi_A",
            "latency_routing_policy": [],
            "multivalue_answer_routing_policy": null,
            "name": "twilreapi",
            "records": [],
            "set_identifier": "",
            "ttl": 0,
            "type": "A",
            "weighted_routing_policy": [],
            "zone_id": "Z3N9IAVOBIQ3KL"
          },
          "private": "eyJzY2hlbWFfdmVyc2lvbiI6IjIifQ==",
          "dependencies": [
            "aws_elastic_beanstalk_environment.twilreapi_webserver"
          ]
        }
      ]
    },
    {
      "module": "module.vpc",
      "mode": "managed",
      "type": "aws_route_table",
      "name": "database",
      "each": "list",
      "provider": "provider.aws",
      "instances": []
    },
    {
      "module": "module.vpc",
      "mode": "managed",
      "type": "aws_route_table",
      "name": "elasticache",
      "each": "list",
      "provider": "provider.aws",
      "instances": []
    },
    {
      "module": "module.vpc",
      "mode": "managed",
      "type": "aws_route_table",
      "name": "intra",
      "each": "list",
      "provider": "provider.aws",
      "instances": [
        {
          "index_key": 0,
          "schema_version": 0,
          "attributes": {
            "id": "rtb-0650e5c507a14d20b",
            "owner_id": "324279636507",
            "propagating_vgws": [],
            "route": [],
            "tags": {
              "Name": "somleng-intra"
            },
            "vpc_id": "vpc-0d36f2f60f3773315"
          },
          "dependencies": [
            "module.vpc.aws_vpc.this",
            "module.vpc.aws_vpc_ipv4_cidr_block_association.this"
          ]
        }
      ]
    },
    {
      "module": "module.vpc",
      "mode": "managed",
      "type": "aws_route_table",
      "name": "private",
      "each": "list",
      "provider": "provider.aws",
      "instances": [
        {
          "index_key": 0,
          "schema_version": 0,
          "attributes": {
            "id": "rtb-089be931701813674",
            "owner_id": "324279636507",
            "propagating_vgws": [],
            "route": [
              {
                "cidr_block": "0.0.0.0/0",
                "egress_only_gateway_id": "",
                "gateway_id": "",
                "instance_id": "",
                "ipv6_cidr_block": "",
                "nat_gateway_id": "nat-0abe9c416e6c4bd39",
                "network_interface_id": "",
                "transit_gateway_id": "",
                "vpc_peering_connection_id": ""
              }
            ],
            "tags": {
              "Name": "somleng-private"
            },
            "vpc_id": "vpc-0d36f2f60f3773315"
          },
          "dependencies": [
            "module.vpc.aws_vpc.this",
            "module.vpc.aws_vpc_ipv4_cidr_block_association.this"
          ]
        }
      ]
    },
    {
      "module": "module.vpc",
      "mode": "managed",
      "type": "aws_route_table",
      "name": "public",
      "each": "list",
      "provider": "provider.aws",
      "instances": [
        {
          "index_key": 0,
          "schema_version": 0,
          "attributes": {
            "id": "rtb-011a8ea38d08fbc0b",
            "owner_id": "324279636507",
            "propagating_vgws": [],
            "route": [
              {
                "cidr_block": "0.0.0.0/0",
                "egress_only_gateway_id": "",
                "gateway_id": "igw-025480cc74288f044",
                "instance_id": "",
                "ipv6_cidr_block": "",
                "nat_gateway_id": "",
                "network_interface_id": "",
                "transit_gateway_id": "",
                "vpc_peering_connection_id": ""
              }
            ],
            "tags": {
              "Name": "somleng-public"
            },
            "vpc_id": "vpc-0d36f2f60f3773315"
          },
          "dependencies": [
            "module.vpc.aws_vpc.this",
            "module.vpc.aws_vpc_ipv4_cidr_block_association.this"
          ]
        }
      ]
    },
    {
      "module": "module.vpc",
      "mode": "managed",
      "type": "aws_route_table",
      "name": "redshift",
      "each": "list",
      "provider": "provider.aws",
      "instances": []
    },
    {
      "module": "module.vpc",
      "mode": "managed",
      "type": "aws_route_table_association",
      "name": "database",
      "each": "list",
      "provider": "provider.aws",
      "instances": [
        {
          "index_key": 0,
          "schema_version": 0,
          "attributes": {
            "gateway_id": null,
            "id": "rtbassoc-0e9f970edcc69aab1",
            "route_table_id": "rtb-089be931701813674",
            "subnet_id": "subnet-0a7bd98004777c021"
          },
          "dependencies": [
            "module.vpc.aws_route_table.database",
            "module.vpc.aws_route_table.private",
            "module.vpc.aws_subnet.database",
            "module.vpc.aws_vpc.this",
            "module.vpc.aws_vpc_ipv4_cidr_block_association.this"
          ]
        },
        {
          "index_key": 1,
          "schema_version": 0,
          "attributes": {
            "gateway_id": null,
            "id": "rtbassoc-09094730f9e7ffa43",
            "route_table_id": "rtb-089be931701813674",
            "subnet_id": "subnet-0822a344de70c7f3f"
          },
          "dependencies": [
            "module.vpc.aws_route_table.database",
            "module.vpc.aws_route_table.private",
            "module.vpc.aws_subnet.database",
            "module.vpc.aws_vpc.this",
            "module.vpc.aws_vpc_ipv4_cidr_block_association.this"
          ]
        },
        {
          "index_key": 2,
          "schema_version": 0,
          "attributes": {
            "gateway_id": null,
            "id": "rtbassoc-0a1190ad5c9458a66",
            "route_table_id": "rtb-089be931701813674",
            "subnet_id": "subnet-0a1992e048261e13f"
          },
          "dependencies": [
            "module.vpc.aws_route_table.database",
            "module.vpc.aws_route_table.private",
            "module.vpc.aws_subnet.database",
            "module.vpc.aws_vpc.this",
            "module.vpc.aws_vpc_ipv4_cidr_block_association.this"
          ]
        }
      ]
    },
    {
      "module": "module.vpc",
      "mode": "managed",
      "type": "aws_route_table_association",
      "name": "elasticache",
      "each": "list",
      "provider": "provider.aws",
      "instances": []
    },
    {
      "module": "module.vpc",
      "mode": "managed",
      "type": "aws_route_table_association",
      "name": "intra",
      "each": "list",
      "provider": "provider.aws",
      "instances": [
        {
          "index_key": 0,
          "schema_version": 0,
          "attributes": {
            "gateway_id": null,
            "id": "rtbassoc-03ffe2484a6a56a5a",
            "route_table_id": "rtb-0650e5c507a14d20b",
            "subnet_id": "subnet-0d6f48318bea1cb76"
          },
          "dependencies": [
            "module.vpc.aws_route_table.intra",
            "module.vpc.aws_subnet.intra",
            "module.vpc.aws_vpc.this",
            "module.vpc.aws_vpc_ipv4_cidr_block_association.this"
          ]
        },
        {
          "index_key": 1,
          "schema_version": 0,
          "attributes": {
            "gateway_id": null,
            "id": "rtbassoc-04304a56dcf0da390",
            "route_table_id": "rtb-0650e5c507a14d20b",
            "subnet_id": "subnet-0d72b10b9a8a68727"
          },
          "dependencies": [
            "module.vpc.aws_route_table.intra",
            "module.vpc.aws_subnet.intra",
            "module.vpc.aws_vpc.this",
            "module.vpc.aws_vpc_ipv4_cidr_block_association.this"
          ]
        },
        {
          "index_key": 2,
          "schema_version": 0,
          "attributes": {
            "gateway_id": null,
            "id": "rtbassoc-073b68439bb934bde",
            "route_table_id": "rtb-0650e5c507a14d20b",
            "subnet_id": "subnet-03b901f8ca1564d80"
          },
          "dependencies": [
            "module.vpc.aws_route_table.intra",
            "module.vpc.aws_subnet.intra",
            "module.vpc.aws_vpc.this",
            "module.vpc.aws_vpc_ipv4_cidr_block_association.this"
          ]
        }
      ]
    },
    {
      "module": "module.vpc",
      "mode": "managed",
      "type": "aws_route_table_association",
      "name": "private",
      "each": "list",
      "provider": "provider.aws",
      "instances": [
        {
          "index_key": 0,
          "schema_version": 0,
          "attributes": {
            "gateway_id": null,
            "id": "rtbassoc-01fc765d1f9e216db",
            "route_table_id": "rtb-089be931701813674",
            "subnet_id": "subnet-08e72d4cff61634c9"
          },
          "dependencies": [
            "module.vpc.aws_route_table.private",
            "module.vpc.aws_subnet.private",
            "module.vpc.aws_vpc.this",
            "module.vpc.aws_vpc_ipv4_cidr_block_association.this"
          ]
        },
        {
          "index_key": 1,
          "schema_version": 0,
          "attributes": {
            "gateway_id": null,
            "id": "rtbassoc-0fb32ba70d0c7e227",
            "route_table_id": "rtb-089be931701813674",
            "subnet_id": "subnet-0a678d53a174d6805"
          },
          "dependencies": [
            "module.vpc.aws_route_table.private",
            "module.vpc.aws_subnet.private",
            "module.vpc.aws_vpc.this",
            "module.vpc.aws_vpc_ipv4_cidr_block_association.this"
          ]
        },
        {
          "index_key": 2,
          "schema_version": 0,
          "attributes": {
            "gateway_id": null,
            "id": "rtbassoc-0c032bcfe26f70f66",
            "route_table_id": "rtb-089be931701813674",
            "subnet_id": "subnet-05a73783c6e44430a"
          },
          "dependencies": [
            "module.vpc.aws_route_table.private",
            "module.vpc.aws_subnet.private",
            "module.vpc.aws_vpc.this",
            "module.vpc.aws_vpc_ipv4_cidr_block_association.this"
          ]
        }
      ]
    },
    {
      "module": "module.vpc",
      "mode": "managed",
      "type": "aws_route_table_association",
      "name": "public",
      "each": "list",
      "provider": "provider.aws",
      "instances": [
        {
          "index_key": 0,
          "schema_version": 0,
          "attributes": {
            "gateway_id": null,
            "id": "rtbassoc-011ba341b69a78403",
            "route_table_id": "rtb-011a8ea38d08fbc0b",
            "subnet_id": "subnet-08e834c100fe4e24d"
          },
          "dependencies": [
            "module.vpc.aws_route_table.public",
            "module.vpc.aws_subnet.public",
            "module.vpc.aws_vpc.this",
            "module.vpc.aws_vpc_ipv4_cidr_block_association.this"
          ]
        },
        {
          "index_key": 1,
          "schema_version": 0,
          "attributes": {
            "gateway_id": null,
            "id": "rtbassoc-01806548ca3f356d3",
            "route_table_id": "rtb-011a8ea38d08fbc0b",
            "subnet_id": "subnet-0f65055afb3d095d0"
          },
          "dependencies": [
            "module.vpc.aws_route_table.public",
            "module.vpc.aws_subnet.public",
            "module.vpc.aws_vpc.this",
            "module.vpc.aws_vpc_ipv4_cidr_block_association.this"
          ]
        },
        {
          "index_key": 2,
          "schema_version": 0,
          "attributes": {
            "gateway_id": null,
            "id": "rtbassoc-07d5fbc5a145c0ab6",
            "route_table_id": "rtb-011a8ea38d08fbc0b",
            "subnet_id": "subnet-08ff0796bbc564c04"
          },
          "dependencies": [
            "module.vpc.aws_route_table.public",
            "module.vpc.aws_subnet.public",
            "module.vpc.aws_vpc.this",
            "module.vpc.aws_vpc_ipv4_cidr_block_association.this"
          ]
        }
      ]
    },
    {
      "module": "module.vpc",
      "mode": "managed",
      "type": "aws_route_table_association",
      "name": "redshift",
      "each": "list",
      "provider": "provider.aws",
      "instances": []
    },
    {
      "module": "module.vpc",
      "mode": "managed",
      "type": "aws_route_table_association",
      "name": "redshift_public",
      "each": "list",
      "provider": "provider.aws",
      "instances": []
    },
    {
      "mode": "managed",
      "type": "aws_s3_bucket",
      "name": "cdr",
      "provider": "provider.aws",
      "instances": [
        {
          "schema_version": 0,
          "attributes": {
            "acceleration_status": "",
            "acl": "private",
            "arn": "arn:aws:s3:::cdr.somleng.org",
            "bucket": "cdr.somleng.org",
            "bucket_domain_name": "cdr.somleng.org.s3.amazonaws.com",
            "bucket_prefix": null,
            "bucket_regional_domain_name": "cdr.somleng.org.s3.ap-southeast-1.amazonaws.com",
            "cors_rule": [],
            "force_destroy": false,
            "grant": [],
            "hosted_zone_id": "Z3O0J2DXBE1FTB",
            "id": "cdr.somleng.org",
            "lifecycle_rule": [],
            "logging": [],
            "object_lock_configuration": [],
            "policy": null,
            "region": "ap-southeast-1",
            "replication_configuration": [],
            "request_payer": "BucketOwner",
            "server_side_encryption_configuration": [],
            "tags": {},
            "versioning": [
              {
                "enabled": false,
                "mfa_delete": false
              }
            ],
            "website": [],
            "website_domain": null,
            "website_endpoint": null
          },
          "private": "bnVsbA=="
        }
      ]
    },
    {
      "mode": "managed",
      "type": "aws_s3_bucket_policy",
      "name": "audio",
      "provider": "provider.aws",
      "instances": [
        {
          "schema_version": 0,
          "attributes": {
            "bucket": "audio.somleng.org",
            "id": "audio.somleng.org",
            "policy": "{\"Version\":\"2012-10-17\",\"Statement\":[{\"Effect\":\"Allow\",\"Principal\":\"*\",\"Action\":\"s3:GetObject\",\"Resource\":\"arn:aws:s3:::audio.somleng.org/*\"}]}"
          },
          "private": "bnVsbA==",
          "dependencies": [
            "aws_s3_bucket.audio"
          ]
        }
      ]
    },
    {
      "mode": "managed",
      "type": "aws_security_group",
      "name": "freeswitch",
      "provider": "provider.aws",
      "instances": [
        {
          "schema_version": 1,
          "attributes": {
            "arn": "arn:aws:ec2:ap-southeast-1:324279636507:security-group/sg-0774b558bce543ecd",
            "description": "Whitelisted voice providers",
            "egress": [],
            "id": "sg-0774b558bce543ecd",
            "ingress": [
              {
                "cidr_blocks": [
                  "103.193.204.26/32"
                ],
                "description": "Cellcard Cambodia",
                "from_port": 5060,
                "ipv6_cidr_blocks": [],
                "prefix_list_ids": [],
                "protocol": "udp",
                "security_groups": [],
                "self": false,
                "to_port": 5060
              },
              {
                "cidr_blocks": [
                  "175.100.93.13/32"
                ],
                "description": "Metfone Cambodia",
                "from_port": 5060,
                "ipv6_cidr_blocks": [],
                "prefix_list_ids": [],
                "protocol": "udp",
                "security_groups": [],
                "self": false,
                "to_port": 5060
              },
              {
                "cidr_blocks": [
                  "197.215.105.30/32"
                ],
                "description": "Orange Sierra Leone",
                "from_port": 5060,
                "ipv6_cidr_blocks": [],
                "prefix_list_ids": [],
                "protocol": "udp",
                "security_groups": [],
                "self": false,
                "to_port": 5060
              },
              {
                "cidr_blocks": [
                  "27.109.112.140/32"
                ],
                "description": "Smart Cambodia",
                "from_port": 5060,
                "ipv6_cidr_blocks": [],
                "prefix_list_ids": [],
                "protocol": "udp",
                "security_groups": [],
                "self": false,
                "to_port": 5060
              },
              {
                "cidr_blocks": [
                  "41.78.73.242/32"
                ],
                "description": "Hormuud Somalia",
                "from_port": 5060,
                "ipv6_cidr_blocks": [],
                "prefix_list_ids": [],
                "protocol": "udp",
                "security_groups": [],
                "self": false,
                "to_port": 5060
              }
            ],
            "name": "somleng-freeswitch",
            "name_prefix": null,
            "owner_id": "324279636507",
            "revoke_rules_on_delete": false,
            "tags": {
              "Name": "FreeSWITCH Security Group for VoIP providers"
            },
            "timeouts": {
              "create": null,
              "delete": null
            },
            "vpc_id": "vpc-0d36f2f60f3773315"
          },
          "private": "eyJlMmJmYjczMC1lY2FhLTExZTYtOGY4OC0zNDM2M2JjN2M0YzAiOnsiY3JlYXRlIjo2MDAwMDAwMDAwMDAsImRlbGV0ZSI6NjAwMDAwMDAwMDAwfSwic2NoZW1hX3ZlcnNpb24iOiIxIn0=",
          "dependencies": [
            "module.vpc.aws_vpc.this"
          ]
        }
      ]
    },
    {
      "mode": "managed",
      "type": "aws_security_group",
      "name": "twilreapi_db",
      "provider": "provider.aws",
      "instances": [
        {
          "schema_version": 1,
          "attributes": {
            "arn": "arn:aws:ec2:ap-southeast-1:324279636507:security-group/sg-002ca538120a72513",
            "description": "Managed by Terraform",
            "egress": [],
            "id": "sg-002ca538120a72513",
            "ingress": [
              {
                "cidr_blocks": [],
                "description": "",
                "from_port": 5432,
                "ipv6_cidr_blocks": [],
                "prefix_list_ids": [],
                "protocol": "tcp",
                "security_groups": [],
                "self": true,
                "to_port": 5432
              }
            ],
            "name": "somleng-twilreapi-rds",
            "name_prefix": null,
            "owner_id": "324279636507",
            "revoke_rules_on_delete": false,
            "tags": {
              "Name": "Twilreapi RDS Security Group"
            },
            "timeouts": {
              "create": null,
              "delete": null
            },
            "vpc_id": "vpc-0d36f2f60f3773315"
          },
          "private": "eyJlMmJmYjczMC1lY2FhLTExZTYtOGY4OC0zNDM2M2JjN2M0YzAiOnsiY3JlYXRlIjo2MDAwMDAwMDAwMDAsImRlbGV0ZSI6NjAwMDAwMDAwMDAwfSwic2NoZW1hX3ZlcnNpb24iOiIxIn0=",
          "dependencies": [
            "module.vpc.aws_vpc.this"
          ]
        }
      ]
    },
    {
      "mode": "managed",
      "type": "aws_security_group_rule",
      "name": "cellcard_cambodia",
      "provider": "provider.aws",
      "instances": [
        {
          "schema_version": 2,
          "attributes": {
            "cidr_blocks": [
              "103.193.204.26/32"
            ],
            "description": "Cellcard Cambodia",
            "from_port": 5060,
            "id": "sgrule-321989955",
            "ipv6_cidr_blocks": [],
            "prefix_list_ids": [],
            "protocol": "udp",
            "security_group_id": "sg-0774b558bce543ecd",
            "self": false,
            "source_security_group_id": null,
            "to_port": 5060,
            "type": "ingress"
          },
          "private": "eyJzY2hlbWFfdmVyc2lvbiI6IjIifQ==",
          "dependencies": [
            "aws_security_group.freeswitch",
            "module.vpc.aws_vpc.this"
          ]
        }
      ]
    },
    {
      "mode": "managed",
      "type": "aws_security_group_rule",
      "name": "hormuud_somalia",
      "provider": "provider.aws",
      "instances": [
        {
          "schema_version": 2,
          "attributes": {
            "cidr_blocks": [
              "41.78.73.242/32"
            ],
            "description": "Hormuud Somalia",
            "from_port": 5060,
            "id": "sgrule-1876233921",
            "ipv6_cidr_blocks": [],
            "prefix_list_ids": [],
            "protocol": "udp",
            "security_group_id": "sg-0774b558bce543ecd",
            "self": false,
            "source_security_group_id": null,
            "to_port": 5060,
            "type": "ingress"
          },
          "private": "eyJzY2hlbWFfdmVyc2lvbiI6IjIifQ==",
          "dependencies": [
            "aws_security_group.freeswitch",
            "module.vpc.aws_vpc.this"
          ]
        }
      ]
    },
    {
      "mode": "managed",
      "type": "aws_security_group_rule",
      "name": "metfone_cambodia",
      "provider": "provider.aws",
      "instances": [
        {
          "schema_version": 2,
          "attributes": {
            "cidr_blocks": [
              "175.100.93.13/32"
            ],
            "description": "Metfone Cambodia",
            "from_port": 5060,
            "id": "sgrule-624797937",
            "ipv6_cidr_blocks": [],
            "prefix_list_ids": [],
            "protocol": "udp",
            "security_group_id": "sg-0774b558bce543ecd",
            "self": false,
            "source_security_group_id": null,
            "to_port": 5060,
            "type": "ingress"
          },
          "private": "eyJzY2hlbWFfdmVyc2lvbiI6IjIifQ==",
          "dependencies": [
            "aws_security_group.freeswitch",
            "module.vpc.aws_vpc.this"
          ]
        }
      ]
    },
    {
      "mode": "managed",
      "type": "aws_security_group_rule",
      "name": "orange_sierra_leone",
      "provider": "provider.aws",
      "instances": [
        {
          "schema_version": 2,
          "attributes": {
            "cidr_blocks": [
              "197.215.105.30/32"
            ],
            "description": "Orange Sierra Leone",
            "from_port": 5060,
            "id": "sgrule-208153559",
            "ipv6_cidr_blocks": [],
            "prefix_list_ids": [],
            "protocol": "udp",
            "security_group_id": "sg-0774b558bce543ecd",
            "self": false,
            "source_security_group_id": null,
            "to_port": 5060,
            "type": "ingress"
          },
          "private": "eyJzY2hlbWFfdmVyc2lvbiI6IjIifQ==",
          "dependencies": [
            "aws_security_group.freeswitch",
            "module.vpc.aws_vpc.this"
          ]
        }
      ]
    },
    {
      "mode": "managed",
      "type": "aws_security_group_rule",
      "name": "smart_cambodia",
      "provider": "provider.aws",
      "instances": [
        {
          "schema_version": 2,
          "attributes": {
            "cidr_blocks": [
              "27.109.112.140/32"
            ],
            "description": "Smart Cambodia",
            "from_port": 5060,
            "id": "sgrule-4095858154",
            "ipv6_cidr_blocks": [],
            "prefix_list_ids": [],
            "protocol": "udp",
            "security_group_id": "sg-0774b558bce543ecd",
            "self": false,
            "source_security_group_id": null,
            "to_port": 5060,
            "type": "ingress"
          },
          "private": "eyJzY2hlbWFfdmVyc2lvbiI6IjIifQ==",
          "dependencies": [
            "aws_security_group.freeswitch",
            "module.vpc.aws_vpc.this"
          ]
        }
      ]
    },
    {
      "mode": "managed",
      "type": "aws_ssm_parameter",
      "name": "freeswitch_mod_rayo_shared_secret",
      "provider": "provider.aws",
      "instances": [
        {
          "schema_version": 0,
          "attributes": {
            "allowed_pattern": "",
            "arn": "arn:aws:ssm:ap-southeast-1:324279636507:parameter/freeswitch.mod_rayo.shared_secret",
            "description": "",
            "id": "freeswitch.mod_rayo.shared_secret",
            "key_id": "alias/master",
            "name": "freeswitch.mod_rayo.shared_secret",
            "overwrite": null,
            "tags": {},
            "tier": "Standard",
            "type": "SecureString",
            "value": "VVcDaAYiakMnZJFXBHaJBVhh2xwHys2x",
            "version": 1
          },
          "private": "eyJzY2hlbWFfdmVyc2lvbiI6IjAifQ=="
        }
      ]
    },
    {
      "mode": "managed",
      "type": "aws_ssm_parameter",
      "name": "scfm_db_master_password",
      "provider": "provider.aws",
      "instances": [
        {
          "schema_version": 0,
          "attributes": {
            "allowed_pattern": "",
            "arn": "arn:aws:ssm:ap-southeast-1:324279636507:parameter/scfm.db.master_password",
            "description": "",
            "id": "scfm.db.master_password",
            "key_id": "alias/master",
            "name": "scfm.db.master_password",
            "overwrite": null,
            "tags": {},
            "tier": "Standard",
            "type": "SecureString",
            "value": "CkdrksBWirs6k3THHUxhTdUuLZogYQRH",
            "version": 1
          },
          "private": "eyJzY2hlbWFfdmVyc2lvbiI6IjAifQ=="
        }
      ]
    },
    {
      "mode": "managed",
      "type": "aws_ssm_parameter",
      "name": "scfm_rails_master_key",
      "provider": "provider.aws",
      "instances": [
        {
          "schema_version": 0,
          "attributes": {
            "allowed_pattern": "",
            "arn": "arn:aws:ssm:ap-southeast-1:324279636507:parameter/scfm.rails.master_key",
            "description": "",
            "id": "scfm.rails.master_key",
            "key_id": "alias/master",
            "name": "scfm.rails.master_key",
            "overwrite": null,
            "tags": {},
            "tier": "Standard",
            "type": "SecureString",
            "value": "LkHELA3moeeoKvHDo4Zy\u0026jimcoHu@eCz",
            "version": 1
          },
          "private": "eyJzY2hlbWFfdmVyc2lvbiI6IjAifQ=="
        }
      ]
    },
    {
      "mode": "managed",
      "type": "aws_ssm_parameter",
      "name": "somleng_freeswitch_mod_rayo_password",
      "provider": "provider.aws",
      "instances": [
        {
          "schema_version": 0,
          "attributes": {
            "allowed_pattern": "",
            "arn": "arn:aws:ssm:ap-southeast-1:324279636507:parameter/freeswitch.mod_rayo.password",
            "description": "",
            "id": "freeswitch.mod_rayo.password",
            "key_id": "alias/master",
            "name": "freeswitch.mod_rayo.password",
            "overwrite": null,
            "tags": {},
            "tier": "Standard",
            "type": "SecureString",
            "value": "HyfDsC7fpDYH9inPdoWXGACjsxZijKki",
            "version": 1
          },
          "private": "eyJzY2hlbWFfdmVyc2lvbiI6IjAifQ=="
        }
      ]
    },
    {
      "mode": "managed",
      "type": "aws_ssm_parameter",
      "name": "twilreapi_db_master_password",
      "provider": "provider.aws",
      "instances": [
        {
          "schema_version": 0,
          "attributes": {
            "allowed_pattern": "",
            "arn": "arn:aws:ssm:ap-southeast-1:324279636507:parameter/twilreapi.db.master_password",
            "description": "",
            "id": "twilreapi.db.master_password",
            "key_id": "alias/master",
            "name": "twilreapi.db.master_password",
            "overwrite": null,
            "tags": {},
            "tier": "Standard",
            "type": "SecureString",
            "value": "TZiBpkYAgnQghZWcUaUhj7wJxMTxA8uk",
            "version": 1
          },
          "private": "eyJzY2hlbWFfdmVyc2lvbiI6IjAifQ=="
        }
      ]
    },
    {
      "mode": "managed",
      "type": "aws_ssm_parameter",
      "name": "twilreapi_internal_api_password",
      "provider": "provider.aws",
      "instances": [
        {
          "schema_version": 0,
          "attributes": {
            "allowed_pattern": "",
            "arn": "arn:aws:ssm:ap-southeast-1:324279636507:parameter/twilreapi.rails.internal_api_http_auth_password",
            "description": "",
            "id": "twilreapi.rails.internal_api_http_auth_password",
            "key_id": "alias/master",
            "name": "twilreapi.rails.internal_api_http_auth_password",
            "overwrite": null,
            "tags": {},
            "tier": "Standard",
            "type": "SecureString",
            "value": "kjAcAY7VJtd6hyPTwyyAeUpoXnYMXQyx",
            "version": 2
          },
          "private": "eyJzY2hlbWFfdmVyc2lvbiI6IjAifQ=="
        }
      ]
    },
    {
      "mode": "managed",
      "type": "aws_ssm_parameter",
      "name": "twilreapi_rails_master_key",
      "provider": "provider.aws",
      "instances": [
        {
          "schema_version": 0,
          "attributes": {
            "allowed_pattern": "",
            "arn": "arn:aws:ssm:ap-southeast-1:324279636507:parameter/twilreapi.rails.master_key",
            "description": "",
            "id": "twilreapi.rails.master_key",
            "key_id": "alias/master",
            "name": "twilreapi.rails.master_key",
            "overwrite": null,
            "tags": {},
            "tier": "Standard",
            "type": "SecureString",
            "value": "E4uqk)VPXEEpPEdhVuubqiWds3Hk;rML",
            "version": 1
          },
          "private": "eyJzY2hlbWFfdmVyc2lvbiI6IjAifQ=="
        }
      ]
    },
    {
      "module": "module.vpc",
      "mode": "managed",
      "type": "aws_subnet",
      "name": "database",
      "each": "list",
      "provider": "provider.aws",
      "instances": [
        {
          "index_key": 0,
          "schema_version": 1,
          "attributes": {
            "arn": "arn:aws:ec2:ap-southeast-1:324279636507:subnet/subnet-0a7bd98004777c021",
            "assign_ipv6_address_on_creation": false,
            "availability_zone": "ap-southeast-1a",
            "availability_zone_id": "apse1-az1",
            "cidr_block": "10.0.0.160/28",
            "id": "subnet-0a7bd98004777c021",
            "ipv6_cidr_block": "",
            "ipv6_cidr_block_association_id": "",
            "map_public_ip_on_launch": false,
            "owner_id": "324279636507",
            "tags": {
              "Name": "somleng-db-ap-southeast-1a"
            },
            "timeouts": {
              "create": null,
              "delete": null
            },
            "vpc_id": "vpc-0d36f2f60f3773315"
          },
          "private": "eyJlMmJmYjczMC1lY2FhLTExZTYtOGY4OC0zNDM2M2JjN2M0YzAiOnsiY3JlYXRlIjo2MDAwMDAwMDAwMDAsImRlbGV0ZSI6NjAwMDAwMDAwMDAwfX0=",
          "dependencies": [
            "module.vpc.aws_vpc.this",
            "module.vpc.aws_vpc_ipv4_cidr_block_association.this"
          ]
        },
        {
          "index_key": 1,
          "schema_version": 1,
          "attributes": {
            "arn": "arn:aws:ec2:ap-southeast-1:324279636507:subnet/subnet-0822a344de70c7f3f",
            "assign_ipv6_address_on_creation": false,
            "availability_zone": "ap-southeast-1b",
            "availability_zone_id": "apse1-az2",
            "cidr_block": "10.0.0.176/28",
            "id": "subnet-0822a344de70c7f3f",
            "ipv6_cidr_block": "",
            "ipv6_cidr_block_association_id": "",
            "map_public_ip_on_launch": false,
            "owner_id": "324279636507",
            "tags": {
              "Name": "somleng-db-ap-southeast-1b"
            },
            "timeouts": {
              "create": null,
              "delete": null
            },
            "vpc_id": "vpc-0d36f2f60f3773315"
          },
          "private": "eyJlMmJmYjczMC1lY2FhLTExZTYtOGY4OC0zNDM2M2JjN2M0YzAiOnsiY3JlYXRlIjo2MDAwMDAwMDAwMDAsImRlbGV0ZSI6NjAwMDAwMDAwMDAwfX0=",
          "dependencies": [
            "module.vpc.aws_vpc.this",
            "module.vpc.aws_vpc_ipv4_cidr_block_association.this"
          ]
        },
        {
          "index_key": 2,
          "schema_version": 1,
          "attributes": {
            "arn": "arn:aws:ec2:ap-southeast-1:324279636507:subnet/subnet-0a1992e048261e13f",
            "assign_ipv6_address_on_creation": false,
            "availability_zone": "ap-southeast-1c",
            "availability_zone_id": "apse1-az3",
            "cidr_block": "10.0.0.192/28",
            "id": "subnet-0a1992e048261e13f",
            "ipv6_cidr_block": "",
            "ipv6_cidr_block_association_id": "",
            "map_public_ip_on_launch": false,
            "owner_id": "324279636507",
            "tags": {
              "Name": "somleng-db-ap-southeast-1c"
            },
            "timeouts": {
              "create": null,
              "delete": null
            },
            "vpc_id": "vpc-0d36f2f60f3773315"
          },
          "private": "eyJlMmJmYjczMC1lY2FhLTExZTYtOGY4OC0zNDM2M2JjN2M0YzAiOnsiY3JlYXRlIjo2MDAwMDAwMDAwMDAsImRlbGV0ZSI6NjAwMDAwMDAwMDAwfX0=",
          "dependencies": [
            "module.vpc.aws_vpc.this",
            "module.vpc.aws_vpc_ipv4_cidr_block_association.this"
          ]
        }
      ]
    },
    {
      "module": "module.vpc",
      "mode": "managed",
      "type": "aws_subnet",
      "name": "elasticache",
      "each": "list",
      "provider": "provider.aws",
      "instances": []
    },
    {
      "module": "module.vpc",
      "mode": "managed",
      "type": "aws_subnet",
      "name": "intra",
      "each": "list",
      "provider": "provider.aws",
      "instances": [
        {
          "index_key": 0,
          "schema_version": 1,
          "attributes": {
            "arn": "arn:aws:ec2:ap-southeast-1:324279636507:subnet/subnet-0d6f48318bea1cb76",
            "assign_ipv6_address_on_creation": false,
            "availability_zone": "ap-southeast-1a",
            "availability_zone_id": "apse1-az1",
            "cidr_block": "10.0.0.112/28",
            "id": "subnet-0d6f48318bea1cb76",
            "ipv6_cidr_block": "",
            "ipv6_cidr_block_association_id": "",
            "map_public_ip_on_launch": false,
            "owner_id": "324279636507",
            "tags": {
              "Name": "somleng-intra-ap-southeast-1a"
            },
            "timeouts": {
              "create": null,
              "delete": null
            },
            "vpc_id": "vpc-0d36f2f60f3773315"
          },
          "private": "eyJlMmJmYjczMC1lY2FhLTExZTYtOGY4OC0zNDM2M2JjN2M0YzAiOnsiY3JlYXRlIjo2MDAwMDAwMDAwMDAsImRlbGV0ZSI6NjAwMDAwMDAwMDAwfX0=",
          "dependencies": [
            "module.vpc.aws_vpc.this",
            "module.vpc.aws_vpc_ipv4_cidr_block_association.this"
          ]
        },
        {
          "index_key": 1,
          "schema_version": 1,
          "attributes": {
            "arn": "arn:aws:ec2:ap-southeast-1:324279636507:subnet/subnet-0d72b10b9a8a68727",
            "assign_ipv6_address_on_creation": false,
            "availability_zone": "ap-southeast-1b",
            "availability_zone_id": "apse1-az2",
            "cidr_block": "10.0.0.128/28",
            "id": "subnet-0d72b10b9a8a68727",
            "ipv6_cidr_block": "",
            "ipv6_cidr_block_association_id": "",
            "map_public_ip_on_launch": false,
            "owner_id": "324279636507",
            "tags": {
              "Name": "somleng-intra-ap-southeast-1b"
            },
            "timeouts": {
              "create": null,
              "delete": null
            },
            "vpc_id": "vpc-0d36f2f60f3773315"
          },
          "private": "eyJlMmJmYjczMC1lY2FhLTExZTYtOGY4OC0zNDM2M2JjN2M0YzAiOnsiY3JlYXRlIjo2MDAwMDAwMDAwMDAsImRlbGV0ZSI6NjAwMDAwMDAwMDAwfX0=",
          "dependencies": [
            "module.vpc.aws_vpc.this",
            "module.vpc.aws_vpc_ipv4_cidr_block_association.this"
          ]
        },
        {
          "index_key": 2,
          "schema_version": 1,
          "attributes": {
            "arn": "arn:aws:ec2:ap-southeast-1:324279636507:subnet/subnet-03b901f8ca1564d80",
            "assign_ipv6_address_on_creation": false,
            "availability_zone": "ap-southeast-1c",
            "availability_zone_id": "apse1-az3",
            "cidr_block": "10.0.0.144/28",
            "id": "subnet-03b901f8ca1564d80",
            "ipv6_cidr_block": "",
            "ipv6_cidr_block_association_id": "",
            "map_public_ip_on_launch": false,
            "owner_id": "324279636507",
            "tags": {
              "Name": "somleng-intra-ap-southeast-1c"
            },
            "timeouts": {
              "create": null,
              "delete": null
            },
            "vpc_id": "vpc-0d36f2f60f3773315"
          },
          "private": "eyJlMmJmYjczMC1lY2FhLTExZTYtOGY4OC0zNDM2M2JjN2M0YzAiOnsiY3JlYXRlIjo2MDAwMDAwMDAwMDAsImRlbGV0ZSI6NjAwMDAwMDAwMDAwfX0=",
          "dependencies": [
            "module.vpc.aws_vpc.this",
            "module.vpc.aws_vpc_ipv4_cidr_block_association.this"
          ]
        }
      ]
    },
    {
      "module": "module.vpc",
      "mode": "managed",
      "type": "aws_subnet",
      "name": "private",
      "each": "list",
      "provider": "provider.aws",
      "instances": [
        {
          "index_key": 0,
          "schema_version": 1,
          "attributes": {
            "arn": "arn:aws:ec2:ap-southeast-1:324279636507:subnet/subnet-08e72d4cff61634c9",
            "assign_ipv6_address_on_creation": false,
            "availability_zone": "ap-southeast-1a",
            "availability_zone_id": "apse1-az1",
            "cidr_block": "10.0.0.0/28",
            "id": "subnet-08e72d4cff61634c9",
            "ipv6_cidr_block": "",
            "ipv6_cidr_block_association_id": "",
            "map_public_ip_on_launch": false,
            "owner_id": "324279636507",
            "tags": {
              "Name": "somleng-private-ap-southeast-1a"
            },
            "timeouts": {
              "create": null,
              "delete": null
            },
            "vpc_id": "vpc-0d36f2f60f3773315"
          },
          "private": "eyJlMmJmYjczMC1lY2FhLTExZTYtOGY4OC0zNDM2M2JjN2M0YzAiOnsiY3JlYXRlIjo2MDAwMDAwMDAwMDAsImRlbGV0ZSI6NjAwMDAwMDAwMDAwfX0=",
          "dependencies": [
            "module.vpc.aws_vpc.this",
            "module.vpc.aws_vpc_ipv4_cidr_block_association.this"
          ]
        },
        {
          "index_key": 1,
          "schema_version": 1,
          "attributes": {
            "arn": "arn:aws:ec2:ap-southeast-1:324279636507:subnet/subnet-0a678d53a174d6805",
            "assign_ipv6_address_on_creation": false,
            "availability_zone": "ap-southeast-1b",
            "availability_zone_id": "apse1-az2",
            "cidr_block": "10.0.0.16/28",
            "id": "subnet-0a678d53a174d6805",
            "ipv6_cidr_block": "",
            "ipv6_cidr_block_association_id": "",
            "map_public_ip_on_launch": false,
            "owner_id": "324279636507",
            "tags": {
              "Name": "somleng-private-ap-southeast-1b"
            },
            "timeouts": {
              "create": null,
              "delete": null
            },
            "vpc_id": "vpc-0d36f2f60f3773315"
          },
          "private": "eyJlMmJmYjczMC1lY2FhLTExZTYtOGY4OC0zNDM2M2JjN2M0YzAiOnsiY3JlYXRlIjo2MDAwMDAwMDAwMDAsImRlbGV0ZSI6NjAwMDAwMDAwMDAwfX0=",
          "dependencies": [
            "module.vpc.aws_vpc.this",
            "module.vpc.aws_vpc_ipv4_cidr_block_association.this"
          ]
        },
        {
          "index_key": 2,
          "schema_version": 1,
          "attributes": {
            "arn": "arn:aws:ec2:ap-southeast-1:324279636507:subnet/subnet-05a73783c6e44430a",
            "assign_ipv6_address_on_creation": false,
            "availability_zone": "ap-southeast-1c",
            "availability_zone_id": "apse1-az3",
            "cidr_block": "10.0.0.32/28",
            "id": "subnet-05a73783c6e44430a",
            "ipv6_cidr_block": "",
            "ipv6_cidr_block_association_id": "",
            "map_public_ip_on_launch": false,
            "owner_id": "324279636507",
            "tags": {
              "Name": "somleng-private-ap-southeast-1c"
            },
            "timeouts": {
              "create": null,
              "delete": null
            },
            "vpc_id": "vpc-0d36f2f60f3773315"
          },
          "private": "eyJlMmJmYjczMC1lY2FhLTExZTYtOGY4OC0zNDM2M2JjN2M0YzAiOnsiY3JlYXRlIjo2MDAwMDAwMDAwMDAsImRlbGV0ZSI6NjAwMDAwMDAwMDAwfX0=",
          "dependencies": [
            "module.vpc.aws_vpc.this",
            "module.vpc.aws_vpc_ipv4_cidr_block_association.this"
          ]
        }
      ]
    },
    {
      "module": "module.vpc",
      "mode": "managed",
      "type": "aws_subnet",
      "name": "public",
      "each": "list",
      "provider": "provider.aws",
      "instances": [
        {
          "index_key": 0,
          "schema_version": 1,
          "attributes": {
            "arn": "arn:aws:ec2:ap-southeast-1:324279636507:subnet/subnet-08e834c100fe4e24d",
            "assign_ipv6_address_on_creation": false,
            "availability_zone": "ap-southeast-1a",
            "availability_zone_id": "apse1-az1",
            "cidr_block": "10.0.0.208/28",
            "id": "subnet-08e834c100fe4e24d",
            "ipv6_cidr_block": "",
            "ipv6_cidr_block_association_id": "",
            "map_public_ip_on_launch": true,
            "owner_id": "324279636507",
            "tags": {
              "Name": "somleng-public-ap-southeast-1a"
            },
            "timeouts": {
              "create": null,
              "delete": null
            },
            "vpc_id": "vpc-0d36f2f60f3773315"
          },
          "private": "eyJlMmJmYjczMC1lY2FhLTExZTYtOGY4OC0zNDM2M2JjN2M0YzAiOnsiY3JlYXRlIjo2MDAwMDAwMDAwMDAsImRlbGV0ZSI6NjAwMDAwMDAwMDAwfX0=",
          "dependencies": [
            "module.vpc.aws_vpc.this",
            "module.vpc.aws_vpc_ipv4_cidr_block_association.this"
          ]
        },
        {
          "index_key": 1,
          "schema_version": 1,
          "attributes": {
            "arn": "arn:aws:ec2:ap-southeast-1:324279636507:subnet/subnet-0f65055afb3d095d0",
            "assign_ipv6_address_on_creation": false,
            "availability_zone": "ap-southeast-1b",
            "availability_zone_id": "apse1-az2",
            "cidr_block": "10.0.0.224/28",
            "id": "subnet-0f65055afb3d095d0",
            "ipv6_cidr_block": "",
            "ipv6_cidr_block_association_id": "",
            "map_public_ip_on_launch": true,
            "owner_id": "324279636507",
            "tags": {
              "Name": "somleng-public-ap-southeast-1b"
            },
            "timeouts": {
              "create": null,
              "delete": null
            },
            "vpc_id": "vpc-0d36f2f60f3773315"
          },
          "private": "eyJlMmJmYjczMC1lY2FhLTExZTYtOGY4OC0zNDM2M2JjN2M0YzAiOnsiY3JlYXRlIjo2MDAwMDAwMDAwMDAsImRlbGV0ZSI6NjAwMDAwMDAwMDAwfX0=",
          "dependencies": [
            "module.vpc.aws_vpc.this",
            "module.vpc.aws_vpc_ipv4_cidr_block_association.this"
          ]
        },
        {
          "index_key": 2,
          "schema_version": 1,
          "attributes": {
            "arn": "arn:aws:ec2:ap-southeast-1:324279636507:subnet/subnet-08ff0796bbc564c04",
            "assign_ipv6_address_on_creation": false,
            "availability_zone": "ap-southeast-1c",
            "availability_zone_id": "apse1-az3",
            "cidr_block": "10.0.0.240/28",
            "id": "subnet-08ff0796bbc564c04",
            "ipv6_cidr_block": "",
            "ipv6_cidr_block_association_id": "",
            "map_public_ip_on_launch": true,
            "owner_id": "324279636507",
            "tags": {
              "Name": "somleng-public-ap-southeast-1c"
            },
            "timeouts": {
              "create": null,
              "delete": null
            },
            "vpc_id": "vpc-0d36f2f60f3773315"
          },
          "private": "eyJlMmJmYjczMC1lY2FhLTExZTYtOGY4OC0zNDM2M2JjN2M0YzAiOnsiY3JlYXRlIjo2MDAwMDAwMDAwMDAsImRlbGV0ZSI6NjAwMDAwMDAwMDAwfX0=",
          "dependencies": [
            "module.vpc.aws_vpc.this",
            "module.vpc.aws_vpc_ipv4_cidr_block_association.this"
          ]
        }
      ]
    },
    {
      "module": "module.vpc",
      "mode": "managed",
      "type": "aws_subnet",
      "name": "redshift",
      "each": "list",
      "provider": "provider.aws",
      "instances": []
    },
    {
      "module": "module.vpc",
      "mode": "managed",
      "type": "aws_vpc",
      "name": "this",
      "each": "list",
      "provider": "provider.aws",
      "instances": [
        {
          "index_key": 0,
          "schema_version": 1,
          "attributes": {
            "arn": "arn:aws:ec2:ap-southeast-1:324279636507:vpc/vpc-0d36f2f60f3773315",
            "assign_generated_ipv6_cidr_block": false,
            "cidr_block": "10.0.0.0/24",
            "default_network_acl_id": "acl-05f266ae67550cba9",
            "default_route_table_id": "rtb-0fcd7064b2031af8d",
            "default_security_group_id": "sg-0b4217b76c01095a2",
            "dhcp_options_id": "dopt-b55bffd2",
            "enable_classiclink": false,
            "enable_classiclink_dns_support": false,
            "enable_dns_hostnames": true,
            "enable_dns_support": true,
            "id": "vpc-0d36f2f60f3773315",
            "instance_tenancy": "default",
            "ipv6_association_id": "",
            "ipv6_cidr_block": "",
            "main_route_table_id": "rtb-0fcd7064b2031af8d",
            "owner_id": "324279636507",
            "tags": {
              "Name": "somleng"
            }
          }
        }
      ]
    },
    {
      "module": "module.vpc",
      "mode": "managed",
      "type": "aws_vpc_dhcp_options",
      "name": "this",
      "each": "list",
      "provider": "provider.aws",
      "instances": []
    },
    {
      "module": "module.vpc",
      "mode": "managed",
      "type": "aws_vpc_dhcp_options_association",
      "name": "this",
      "each": "list",
      "provider": "provider.aws",
      "instances": []
    },
    {
      "module": "module.vpc",
      "mode": "managed",
      "type": "aws_vpc_endpoint",
      "name": "apigw",
      "each": "list",
      "provider": "provider.aws",
      "instances": []
    },
    {
      "module": "module.vpc",
      "mode": "managed",
      "type": "aws_vpc_endpoint",
      "name": "appmesh_envoy_management",
      "each": "list",
      "provider": "provider.aws",
      "instances": []
    },
    {
      "module": "module.vpc",
      "mode": "managed",
      "type": "aws_vpc_endpoint",
      "name": "appstream",
      "each": "list",
      "provider": "provider.aws",
      "instances": []
    },
    {
      "module": "module.vpc",
      "mode": "managed",
      "type": "aws_vpc_endpoint",
      "name": "athena",
      "each": "list",
      "provider": "provider.aws",
      "instances": []
    },
    {
      "module": "module.vpc",
      "mode": "managed",
      "type": "aws_vpc_endpoint",
      "name": "cloud_directory",
      "each": "list",
      "provider": "provider.aws",
      "instances": []
    },
    {
      "module": "module.vpc",
      "mode": "managed",
      "type": "aws_vpc_endpoint",
      "name": "cloudformation",
      "each": "list",
      "provider": "provider.aws",
      "instances": []
    },
    {
      "module": "module.vpc",
      "mode": "managed",
      "type": "aws_vpc_endpoint",
      "name": "cloudtrail",
      "each": "list",
      "provider": "provider.aws",
      "instances": []
    },
    {
      "module": "module.vpc",
      "mode": "managed",
      "type": "aws_vpc_endpoint",
      "name": "codebuild",
      "each": "list",
      "provider": "provider.aws",
      "instances": []
    },
    {
      "module": "module.vpc",
      "mode": "managed",
      "type": "aws_vpc_endpoint",
      "name": "codecommit",
      "each": "list",
      "provider": "provider.aws",
      "instances": []
    },
    {
      "module": "module.vpc",
      "mode": "managed",
      "type": "aws_vpc_endpoint",
      "name": "codepipeline",
      "each": "list",
      "provider": "provider.aws",
      "instances": []
    },
    {
      "module": "module.vpc",
      "mode": "managed",
      "type": "aws_vpc_endpoint",
      "name": "config",
      "each": "list",
      "provider": "provider.aws",
      "instances": []
    },
    {
      "module": "module.vpc",
      "mode": "managed",
      "type": "aws_vpc_endpoint",
      "name": "dynamodb",
      "each": "list",
      "provider": "provider.aws",
      "instances": []
    },
    {
      "module": "module.vpc",
      "mode": "managed",
      "type": "aws_vpc_endpoint",
      "name": "ec2",
      "each": "list",
      "provider": "provider.aws",
      "instances": []
    },
    {
      "module": "module.vpc",
      "mode": "managed",
      "type": "aws_vpc_endpoint",
      "name": "ec2messages",
      "each": "list",
      "provider": "provider.aws",
      "instances": []
    },
    {
      "module": "module.vpc",
      "mode": "managed",
      "type": "aws_vpc_endpoint",
      "name": "ecr_api",
      "each": "list",
      "provider": "provider.aws",
      "instances": []
    },
    {
      "module": "module.vpc",
      "mode": "managed",
      "type": "aws_vpc_endpoint",
      "name": "ecr_dkr",
      "each": "list",
      "provider": "provider.aws",
      "instances": []
    },
    {
      "module": "module.vpc",
      "mode": "managed",
      "type": "aws_vpc_endpoint",
      "name": "ecs",
      "each": "list",
      "provider": "provider.aws",
      "instances": []
    },
    {
      "module": "module.vpc",
      "mode": "managed",
      "type": "aws_vpc_endpoint",
      "name": "ecs_agent",
      "each": "list",
      "provider": "provider.aws",
      "instances": []
    },
    {
      "module": "module.vpc",
      "mode": "managed",
      "type": "aws_vpc_endpoint",
      "name": "ecs_telemetry",
      "each": "list",
      "provider": "provider.aws",
      "instances": []
    },
    {
      "module": "module.vpc",
      "mode": "managed",
      "type": "aws_vpc_endpoint",
      "name": "efs",
      "each": "list",
      "provider": "provider.aws",
      "instances": []
    },
    {
      "module": "module.vpc",
      "mode": "managed",
      "type": "aws_vpc_endpoint",
      "name": "elasticloadbalancing",
      "each": "list",
      "provider": "provider.aws",
      "instances": []
    },
    {
      "module": "module.vpc",
      "mode": "managed",
      "type": "aws_vpc_endpoint",
      "name": "events",
      "each": "list",
      "provider": "provider.aws",
      "instances": []
    },
    {
      "module": "module.vpc",
      "mode": "managed",
      "type": "aws_vpc_endpoint",
      "name": "git_codecommit",
      "each": "list",
      "provider": "provider.aws",
      "instances": []
    },
    {
      "module": "module.vpc",
      "mode": "managed",
      "type": "aws_vpc_endpoint",
      "name": "glue",
      "each": "list",
      "provider": "provider.aws",
      "instances": []
    },
    {
      "module": "module.vpc",
      "mode": "managed",
      "type": "aws_vpc_endpoint",
      "name": "kinesis_firehose",
      "each": "list",
      "provider": "provider.aws",
      "instances": []
    },
    {
      "module": "module.vpc",
      "mode": "managed",
      "type": "aws_vpc_endpoint",
      "name": "kinesis_streams",
      "each": "list",
      "provider": "provider.aws",
      "instances": []
    },
    {
      "module": "module.vpc",
      "mode": "managed",
      "type": "aws_vpc_endpoint",
      "name": "kms",
      "each": "list",
      "provider": "provider.aws",
      "instances": []
    },
    {
      "module": "module.vpc",
      "mode": "managed",
      "type": "aws_vpc_endpoint",
      "name": "logs",
      "each": "list",
      "provider": "provider.aws",
      "instances": []
    },
    {
      "module": "module.vpc",
      "mode": "managed",
      "type": "aws_vpc_endpoint",
      "name": "monitoring",
      "each": "list",
      "provider": "provider.aws",
      "instances": []
    },
    {
      "module": "module.vpc",
      "mode": "managed",
      "type": "aws_vpc_endpoint",
      "name": "rekognition",
      "each": "list",
      "provider": "provider.aws",
      "instances": []
    },
    {
      "module": "module.vpc",
      "mode": "managed",
      "type": "aws_vpc_endpoint",
      "name": "s3",
      "each": "list",
      "provider": "provider.aws",
      "instances": []
    },
    {
      "module": "module.vpc",
      "mode": "managed",
      "type": "aws_vpc_endpoint",
      "name": "sagemaker_api",
      "each": "list",
      "provider": "provider.aws",
      "instances": []
    },
    {
      "module": "module.vpc",
      "mode": "managed",
      "type": "aws_vpc_endpoint",
      "name": "sagemaker_notebook",
      "each": "list",
      "provider": "provider.aws",
      "instances": []
    },
    {
      "module": "module.vpc",
      "mode": "managed",
      "type": "aws_vpc_endpoint",
      "name": "sagemaker_runtime",
      "each": "list",
      "provider": "provider.aws",
      "instances": []
    },
    {
      "module": "module.vpc",
      "mode": "managed",
      "type": "aws_vpc_endpoint",
      "name": "secretsmanager",
      "each": "list",
      "provider": "provider.aws",
      "instances": []
    },
    {
      "module": "module.vpc",
      "mode": "managed",
      "type": "aws_vpc_endpoint",
      "name": "servicecatalog",
      "each": "list",
      "provider": "provider.aws",
      "instances": []
    },
    {
      "module": "module.vpc",
      "mode": "managed",
      "type": "aws_vpc_endpoint",
      "name": "sns",
      "each": "list",
      "provider": "provider.aws",
      "instances": []
    },
    {
      "module": "module.vpc",
      "mode": "managed",
      "type": "aws_vpc_endpoint",
      "name": "sqs",
      "each": "list",
      "provider": "provider.aws",
      "instances": []
    },
    {
      "module": "module.vpc",
      "mode": "managed",
      "type": "aws_vpc_endpoint",
      "name": "ssm",
      "each": "list",
      "provider": "provider.aws",
      "instances": []
    },
    {
      "module": "module.vpc",
      "mode": "managed",
      "type": "aws_vpc_endpoint",
      "name": "ssmmessages",
      "each": "list",
      "provider": "provider.aws",
      "instances": []
    },
    {
      "module": "module.vpc",
      "mode": "managed",
      "type": "aws_vpc_endpoint",
      "name": "storagegateway",
      "each": "list",
      "provider": "provider.aws",
      "instances": []
    },
    {
      "module": "module.vpc",
      "mode": "managed",
      "type": "aws_vpc_endpoint",
      "name": "sts",
      "each": "list",
      "provider": "provider.aws",
      "instances": []
    },
    {
      "module": "module.vpc",
      "mode": "managed",
      "type": "aws_vpc_endpoint",
      "name": "transfer",
      "each": "list",
      "provider": "provider.aws",
      "instances": []
    },
    {
      "module": "module.vpc",
      "mode": "managed",
      "type": "aws_vpc_endpoint",
      "name": "transferserver",
      "each": "list",
      "provider": "provider.aws",
      "instances": []
    },
    {
      "module": "module.vpc",
      "mode": "managed",
      "type": "aws_vpc_endpoint_route_table_association",
      "name": "intra_dynamodb",
      "each": "list",
      "provider": "provider.aws",
      "instances": []
    },
    {
      "module": "module.vpc",
      "mode": "managed",
      "type": "aws_vpc_endpoint_route_table_association",
      "name": "intra_s3",
      "each": "list",
      "provider": "provider.aws",
      "instances": []
    },
    {
      "module": "module.vpc",
      "mode": "managed",
      "type": "aws_vpc_endpoint_route_table_association",
      "name": "private_dynamodb",
      "each": "list",
      "provider": "provider.aws",
      "instances": []
    },
    {
      "module": "module.vpc",
      "mode": "managed",
      "type": "aws_vpc_endpoint_route_table_association",
      "name": "private_s3",
      "each": "list",
      "provider": "provider.aws",
      "instances": []
    },
    {
      "module": "module.vpc",
      "mode": "managed",
      "type": "aws_vpc_endpoint_route_table_association",
      "name": "public_dynamodb",
      "each": "list",
      "provider": "provider.aws",
      "instances": []
    },
    {
      "module": "module.vpc",
      "mode": "managed",
      "type": "aws_vpc_endpoint_route_table_association",
      "name": "public_s3",
      "each": "list",
      "provider": "provider.aws",
      "instances": []
    },
    {
      "module": "module.vpc",
      "mode": "managed",
      "type": "aws_vpc_ipv4_cidr_block_association",
      "name": "this",
      "each": "list",
      "provider": "provider.aws",
      "instances": []
    },
    {
      "module": "module.vpc",
      "mode": "managed",
      "type": "aws_vpn_gateway",
      "name": "this",
      "each": "list",
      "provider": "provider.aws",
      "instances": []
    },
    {
      "module": "module.vpc",
      "mode": "managed",
      "type": "aws_vpn_gateway_attachment",
      "name": "this",
      "each": "list",
      "provider": "provider.aws",
      "instances": []
    },
    {
      "module": "module.vpc",
      "mode": "managed",
      "type": "aws_vpn_gateway_route_propagation",
      "name": "private",
      "each": "list",
      "provider": "provider.aws",
      "instances": []
    },
    {
      "module": "module.vpc",
      "mode": "managed",
      "type": "aws_vpn_gateway_route_propagation",
      "name": "public",
      "each": "list",
      "provider": "provider.aws",
      "instances": []
    },
    {
      "mode": "managed",
      "type": "null_resource",
      "name": "freeswitch_asg_termination_policy",
      "provider": "provider.null",
      "instances": [
        {
          "schema_version": 0,
          "attributes": {
            "id": "1719008425224061670",
            "triggers": {
              "always_run": "2020-08-03T05:44:05Z"
            }
          },
          "private": "bnVsbA==",
          "dependencies": [
            "aws_elastic_beanstalk_environment.freeswitch_webserver"
          ]
        }
      ]
    },
    {
      "mode": "managed",
      "type": "null_resource",
      "name": "freeswitch_load_balancer_attributes_modifications",
      "provider": "provider.null",
      "instances": [
        {
          "schema_version": 0,
          "attributes": {
            "id": "5245373741796313159",
            "triggers": {
              "lb_arn": "arn:aws:elasticloadbalancing:ap-southeast-1:324279636507:loadbalancer/net/awseb-AWSEB-14GZZW6JCV7OE/fd19ff21896e5f62"
            }
          },
          "dependencies": [
            "aws_elastic_beanstalk_environment.freeswitch_webserver"
          ]
        }
      ]
    },
    {
      "mode": "managed",
      "type": "null_resource",
      "name": "somleng_adhearsion_load_balancer_attributes_modifications",
      "provider": "provider.null",
      "instances": [
        {
          "schema_version": 0,
          "attributes": {
            "id": "6513403737491784079",
            "triggers": {
              "lb_arn": "arn:aws:elasticloadbalancing:ap-southeast-1:324279636507:loadbalancer/net/awseb-AWSEB-V24UJLHT6OQQ/e174de6519bee4b0"
            }
          },
          "dependencies": [
            "aws_elastic_beanstalk_environment.somleng_adhearsion_webserver"
          ]
        }
      ]
    }
  ]
}
