GIT
  remote: https://github.com/somleng/somleng-rtd_client.git
  revision: 99d4f97fe4c87192fcc0f12a292c2ac7a655a262
  specs:
    somleng-rtd_client (0.1.0)
      httparty

GEM
  remote: https://rubygems.org/
  specs:
    activesupport (5.1.4)
      concurrent-ruby (~> 1.0, >= 1.0.2)
      i18n (~> 0.7)
      minitest (~> 5.1)
      tzinfo (~> 1.1)
    concurrent-ruby (1.0.5)
    httparty (0.15.6)
      multi_xml (>= 0.5.2)
    i18n (0.9.0)
      concurrent-ruby (~> 1.0)
    minitest (5.10.3)
    multi_xml (0.6.0)
    thread_safe (0.3.6)
    tzinfo (1.2.4)
      thread_safe (~> 0.1)

PLATFORMS
  ruby

DEPENDENCIES
  activesupport
  somleng-rtd_client!

BUNDLED WITH
   1.16.0.pre.3
